<?xml version="1.0" encoding="utf-8"?>
<Project ToolsVersion="4.0" xmlns="http://schemas.microsoft.com/developer/msbuild/2003">
  <ItemGroup>
    <ClInclude Include="resource.h" />
    <ClInclude Include="library.h">
      <Filter>Header Files</Filter>
    </ClInclude>
    <ClInclude Include="librarydocument.h">
      <Filter>Header Files</Filter>
    </ClInclude>
    <ClInclude Include="libraryview.h">
      <Filter>Header Files</Filter>
    </ClInclude>
    <ClInclude Include="librarytemplate.h">
      <Filter>Header Files</Filter>
    </ClInclude>
    <ClInclude Include="librarydoctemplate.h">
      <Filter>Header Files</Filter>
    </ClInclude>
  </ItemGroup>
  <ItemGroup>
    <Filter Include="Source Files">
      <UniqueIdentifier>{6a485cee-50ba-4f3c-afa0-ec0d10cf577f}</UniqueIdentifier>
    </Filter>
    <Filter Include="Header Files">
      <UniqueIdentifier>{7d0a1362-e3b7-4371-b3b9-f6a228b07e0d}</UniqueIdentifier>
    </Filter>
    <Filter Include="Resource Files">
      <UniqueIdentifier>{be1686c8-77d1-4978-94b8-30834fffecda}</UniqueIdentifier>
    </Filter>
  </ItemGroup>
  <ItemGroup>
    <ResourceCompile Include="liblibrary.rc">
      <Filter>Resource Files</Filter>
    </ResourceCompile>
  </ItemGroup>
  <ItemGroup>
    <ClCompile Include="library.cpp">
      <Filter>Source Files</Filter>
    </ClCompile>
    <ClCompile Include="librarydocument.cpp">
      <Filter>Source Files</Filter>
    </ClCompile>
    <ClCompile Include="libraryview.cpp">
      <Filter>Source Files</Filter>
    </ClCompile>
    <ClCompile Include="librarytemplate.cpp">
      <Filter>Source Files</Filter>
    </ClCompile>
    <ClCompile Include="librarydoctemplate.cpp">
      <Filter>Source Files</Filter>
    </ClCompile>
  </ItemGroup>
</Project>