// !$*UTF8*$!
{
	archiveVersion = 1;
	classes = {
	};
	objectVersion = 46;
	objects = {

/* Begin PBXBuildFile section */
		E3D1392D1D0C43C900A5A0F7 /* database_odbc.cpp in Sources */ = {isa = PBXBuildFile; fileRef = E3D1392B1D0C43C900A5A0F7 /* database_odbc.cpp */; };
		E3D1392E1D0C43C900A5A0F7 /* database_odbc.h in Headers */ = {isa = PBXBuildFile; fileRef = E3D1392C1D0C43C900A5A0F7 /* database_odbc.h */; };
		E3D139311D0C445700A5A0F7 /* iODBC.framework in Frameworks */ = {isa = PBXBuildFile; fileRef = E3D1392F1D0C445700A5A0F7 /* iODBC.framework */; };
		E3D139321D0C445700A5A0F7 /* iODBCinst.framework in Frameworks */ = {isa = PBXBuildFile; fileRef = E3D139301D0C445700A5A0F7 /* iODBCinst.framework */; };
/* End PBXBuildFile section */

/* Begin PBXFileReference section */
		E3D1391D1D0C42FF00A5A0F7 /* liblibodbc.dylib */ = {isa = PBXFileReference; explicitFileType = "compiled.mach-o.dylib"; includeInIndex = 0; path = liblibodbc.dylib; sourceTree = BUILT_PRODUCTS_DIR; };
		E3D1392B1D0C43C900A5A0F7 /* database_odbc.cpp */ = {isa = PBXFileReference; fileEncoding = 4; lastKnownFileType = sourcecode.cpp.cpp; path = database_odbc.cpp; sourceTree = "<group>"; };
		E3D1392C1D0C43C900A5A0F7 /* database_odbc.h */ = {isa = PBXFileReference; fileEncoding = 4; lastKnownFileType = sourcecode.c.h; path = database_odbc.h; sourceTree = "<group>"; };
		E3D1392F1D0C445700A5A0F7 /* iODBC.framework */ = {isa = PBXFileReference; lastKnownFileType = wrapper.framework; name = iODBC.framework; path = ../../../../../Library/Frameworks/iODBC.framework; sourceTree = "<group>"; };
		E3D139301D0C445700A5A0F7 /* iODBCinst.framework */ = {isa = PBXFileReference; lastKnownFileType = wrapper.framework; name = iODBCinst.framework; path = ../../../../../Library/Frameworks/iODBCinst.framework; sourceTree = "<group>"; };
/* End PBXFileReference section */

/* Begin PBXFrameworksBuildPhase section */
		E3D1391A1D0C42FF00A5A0F7 /* Frameworks */ = {
			isa = PBXFrameworksBuildPhase;
			buildActionMask = 2147483647;
			files = (
				E3D139311D0C445700A5A0F7 /* iODBC.framework in Frameworks */,
				E3D139321D0C445700A5A0F7 /* iODBCinst.framework in Frameworks */,
			);
			runOnlyForDeploymentPostprocessing = 0;
		};
/* End PBXFrameworksBuildPhase section */

/* Begin PBXGroup section */
		E3D139141D0C42FF00A5A0F7 = {
			isa = PBXGroup;
			children = (
				E3D1392F1D0C445700A5A0F7 /* iODBC.framework */,
				E3D139301D0C445700A5A0F7 /* iODBCinst.framework */,
				E3D1392A1D0C430D00A5A0F7 /* libodbc */,
				E3D1391E1D0C42FF00A5A0F7 /* Products */,
			);
			sourceTree = "<group>";
		};
		E3D1391E1D0C42FF00A5A0F7 /* Products */ = {
			isa = PBXGroup;
			children = (
				E3D1391D1D0C42FF00A5A0F7 /* liblibodbc.dylib */,
			);
			name = Products;
			sourceTree = "<group>";
		};
		E3D1392A1D0C430D00A5A0F7 /* libodbc */ = {
			isa = PBXGroup;
			children = (
				E3D1392B1D0C43C900A5A0F7 /* database_odbc.cpp */,
				E3D1392C1D0C43C900A5A0F7 /* database_odbc.h */,
			);
			name = libodbc;
			sourceTree = "<group>";
		};
/* End PBXGroup section */

/* Begin PBXHeadersBuildPhase section */
		E3D1391B1D0C42FF00A5A0F7 /* Headers */ = {
			isa = PBXHeadersBuildPhase;
			buildActionMask = 2147483647;
			files = (
				E3D1392E1D0C43C900A5A0F7 /* database_odbc.h in Headers */,
			);
			runOnlyForDeploymentPostprocessing = 0;
		};
/* End PBXHeadersBuildPhase section */

/* Begin PBXNativeTarget section */
		E3D1391C1D0C42FF00A5A0F7 /* libodbc */ = {
			isa = PBXNativeTarget;
			buildConfigurationList = E3D139211D0C42FF00A5A0F7 /* Build configuration list for PBXNativeTarget "libodbc" */;
			buildPhases = (
				E3D139191D0C42FF00A5A0F7 /* Sources */,
				E3D1391A1D0C42FF00A5A0F7 /* Frameworks */,
				E3D1391B1D0C42FF00A5A0F7 /* Headers */,
			);
			buildRules = (
			);
			dependencies = (
			);
			name = libodbc;
			productName = libodbc;
			productReference = E3D1391D1D0C42FF00A5A0F7 /* liblibodbc.dylib */;
			productType = "com.apple.product-type.library.dynamic";
		};
/* End PBXNativeTarget section */

/* Begin PBXProject section */
		E3D139151D0C42FF00A5A0F7 /* Project object */ = {
			isa = PBXProject;
			attributes = {
				LastUpgradeCheck = 0510;
				ORGANIZATIONNAME = "Igor Korot";
			};
			buildConfigurationList = E3D139181D0C42FF00A5A0F7 /* Build configuration list for PBXProject "libodbc" */;
			compatibilityVersion = "Xcode 3.2";
			developmentRegion = English;
			hasScannedForEncodings = 0;
			knownRegions = (
				en,
			);
			mainGroup = E3D139141D0C42FF00A5A0F7;
			productRefGroup = E3D1391E1D0C42FF00A5A0F7 /* Products */;
			projectDirPath = "";
			projectRoot = "";
			targets = (
				E3D1391C1D0C42FF00A5A0F7 /* libodbc */,
			);
		};
/* End PBXProject section */

/* Begin PBXSourcesBuildPhase section */
		E3D139191D0C42FF00A5A0F7 /* Sources */ = {
			isa = PBXSourcesBuildPhase;
			buildActionMask = 2147483647;
			files = (
				E3D1392D1D0C43C900A5A0F7 /* database_odbc.cpp in Sources */,
			);
			runOnlyForDeploymentPostprocessing = 0;
		};
/* End PBXSourcesBuildPhase section */

/* Begin XCBuildConfiguration section */
		E3D1391F1D0C42FF00A5A0F7 /* Debug */ = {
			isa = XCBuildConfiguration;
			buildSettings = {
				ALWAYS_SEARCH_USER_PATHS = NO;
				CLANG_CXX_LANGUAGE_STANDARD = "gnu++0x";
				CLANG_CXX_LIBRARY = "libc++";
				CLANG_ENABLE_MODULES = YES;
				CLANG_ENABLE_OBJC_ARC = YES;
				CLANG_WARN_BOOL_CONVERSION = YES;
				CLANG_WARN_CONSTANT_CONVERSION = YES;
				CLANG_WARN_DIRECT_OBJC_ISA_USAGE = YES_ERROR;
				CLANG_WARN_EMPTY_BODY = YES;
				CLANG_WARN_ENUM_CONVERSION = YES;
				CLANG_WARN_INT_CONVERSION = YES;
				CLANG_WARN_OBJC_ROOT_CLASS = YES_ERROR;
				CLANG_WARN__DUPLICATE_METHOD_MATCH = YES;
				COPY_PHASE_STRIP = NO;
				GCC_C_LANGUAGE_STANDARD = gnu99;
				GCC_DYNAMIC_NO_PIC = NO;
				GCC_ENABLE_OBJC_EXCEPTIONS = YES;
				GCC_OPTIMIZATION_LEVEL = 0;
				GCC_PREPROCESSOR_DEFINITIONS = (
					"DEBUG=1",
					"$(inherited)",
				);
				GCC_SYMBOLS_PRIVATE_EXTERN = NO;
				GCC_WARN_64_TO_32_BIT_CONVERSION = YES;
				GCC_WARN_ABOUT_RETURN_TYPE = YES_ERROR;
				GCC_WARN_UNDECLARED_SELECTOR = YES;
				GCC_WARN_UNINITIALIZED_AUTOS = YES_AGGRESSIVE;
				GCC_WARN_UNUSED_FUNCTION = YES;
				GCC_WARN_UNUSED_VARIABLE = YES;
				MACOSX_DEPLOYMENT_TARGET = 10.8;
				ONLY_ACTIVE_ARCH = YES;
				SDKROOT = macosx;
			};
			name = Debug;
		};
		E3D139201D0C42FF00A5A0F7 /* Release */ = {
			isa = XCBuildConfiguration;
			buildSettings = {
				ALWAYS_SEARCH_USER_PATHS = NO;
				CLANG_CXX_LANGUAGE_STANDARD = "gnu++0x";
				CLANG_CXX_LIBRARY = "libc++";
				CLANG_ENABLE_MODULES = YES;
				CLANG_ENABLE_OBJC_ARC = YES;
				CLANG_WARN_BOOL_CONVERSION = YES;
				CLANG_WARN_CONSTANT_CONVERSION = YES;
				CLANG_WARN_DIRECT_OBJC_ISA_USAGE = YES_ERROR;
				CLANG_WARN_EMPTY_BODY = YES;
				CLANG_WARN_ENUM_CONVERSION = YES;
				CLANG_WARN_INT_CONVERSION = YES;
				CLANG_WARN_OBJC_ROOT_CLASS = YES_ERROR;
				CLANG_WARN__DUPLICATE_METHOD_MATCH = YES;
				COPY_PHASE_STRIP = YES;
				DEBUG_INFORMATION_FORMAT = "dwarf-with-dsym";
				ENABLE_NS_ASSERTIONS = NO;
				GCC_C_LANGUAGE_STANDARD = gnu99;
				GCC_ENABLE_OBJC_EXCEPTIONS = YES;
				GCC_WARN_64_TO_32_BIT_CONVERSION = YES;
				GCC_WARN_ABOUT_RETURN_TYPE = YES_ERROR;
				GCC_WARN_UNDECLARED_SELECTOR = YES;
				GCC_WARN_UNINITIALIZED_AUTOS = YES_AGGRESSIVE;
				GCC_WARN_UNUSED_FUNCTION = YES;
				GCC_WARN_UNUSED_VARIABLE = YES;
				MACOSX_DEPLOYMENT_TARGET = 10.8;
				SDKROOT = macosx;
			};
			name = Release;
		};
		E3D139221D0C42FF00A5A0F7 /* Debug */ = {
			isa = XCBuildConfiguration;
			buildSettings = {
				CLANG_CXX_LANGUAGE_STANDARD = "c++0x";
				EXECUTABLE_PREFIX = lib;
				FRAMEWORK_SEARCH_PATHS = (
					"$(inherited)",
					"$(LOCAL_LIBRARY_DIR)/Frameworks",
				);
				GCC_PREPROCESSOR_DEFINITIONS = (
					"DEBUG=1",
					"$(inherited)",
					_IODBCUNIX_FRAMEWORK,
					UNICODE,
				);
				HEADER_SEARCH_PATHS = (
					"$(inherited)",
					/Applications/Xcode.app/Contents/Developer/Toolchains/XcodeDefault.xctoolchain/usr/include,
					../dbinterface,
				);
				PRODUCT_NAME = "$(TARGET_NAME)";
			};
			name = Debug;
		};
		E3D139231D0C42FF00A5A0F7 /* Release */ = {
			isa = XCBuildConfiguration;
			buildSettings = {
				CLANG_CXX_LANGUAGE_STANDARD = "c++0x";
				EXECUTABLE_PREFIX = lib;
				FRAMEWORK_SEARCH_PATHS = (
					"$(inherited)",
					"$(LOCAL_LIBRARY_DIR)/Frameworks",
				);
				GCC_SYMBOLS_PRIVATE_EXTERN = YES;
				PRODUCT_NAME = "$(TARGET_NAME)";
			};
			name = Release;
		};
/* End XCBuildConfiguration section */

/* Begin XCConfigurationList section */
		E3D139181D0C42FF00A5A0F7 /* Build configuration list for PBXProject "libodbc" */ = {
			isa = XCConfigurationList;
			buildConfigurations = (
				E3D1391F1D0C42FF00A5A0F7 /* Debug */,
				E3D139201D0C42FF00A5A0F7 /* Release */,
			);
			defaultConfigurationIsVisible = 0;
			defaultConfigurationName = Release;
		};
		E3D139211D0C42FF00A5A0F7 /* Build configuration list for PBXNativeTarget "libodbc" */ = {
			isa = XCConfigurationList;
			buildConfigurations = (
				E3D139221D0C42FF00A5A0F7 /* Debug */,
				E3D139231D0C42FF00A5A0F7 /* Release */,
			);
			defaultConfigurationIsVisible = 0;
			defaultConfigurationName = Release;
		};
/* End XCConfigurationList section */
	};
	rootObject = E3D139151D0C42FF00A5A0F7 /* Project object */;
}
