<?xml version="1.0" encoding="utf-8"?>
<Project ToolsVersion="4.0" xmlns="http://schemas.microsoft.com/developer/msbuild/2003">
  <ItemGroup>
    <Filter Include="Header Files">
      <UniqueIdentifier>{53369ccf-3a47-4a3f-adc3-7cb86566380c}</UniqueIdentifier>
    </Filter>
    <Filter Include="Source Files">
      <UniqueIdentifier>{b9c58bc9-e080-4627-8f10-e238ac0a42f3}</UniqueIdentifier>
    </Filter>
  </ItemGroup>
  <ItemGroup>
    <ClInclude Include="tableeditdocument.h">
      <Filter>Header Files</Filter>
    </ClInclude>
    <ClInclude Include="tableeditview.h">
      <Filter>Header Files</Filter>
    </ClInclude>
    <ClInclude Include="dataeditdoctemplate.h">
      <Filter>Header Files</Filter>
    </ClInclude>
    <ClInclude Include="imagecellrenderer.h">
      <Filter>Header Files</Filter>
    </ClInclude>
    <ClInclude Include="tableeditcanvas.h">
      <Filter>Header Files</Filter>
    </ClInclude>
    <ClInclude Include="resource.h" />
    <ClInclude Include="tableattributes.h">
      <Filter>Header Files</Filter>
    </ClInclude>
  </ItemGroup>
  <ItemGroup>
    <ClCompile Include="dataedit.cpp">
      <Filter>Source Files</Filter>
    </ClCompile>
    <ClCompile Include="tableeditdocument.cpp">
      <Filter>Source Files</Filter>
    </ClCompile>
    <ClCompile Include="tableeditview.cpp">
      <Filter>Source Files</Filter>
    </ClCompile>
    <ClCompile Include="dataeditdoctemplate.cpp">
      <Filter>Source Files</Filter>
    </ClCompile>
    <ClCompile Include="imagecellrenderer.cpp">
      <Filter>Source Files</Filter>
    </ClCompile>
    <ClCompile Include="tableattributes.cpp">
      <Filter>Source Files</Filter>
    </ClCompile>
  </ItemGroup>
  <ItemGroup>
    <ResourceCompile Include="tabledataedit.rc" />
    <ResourceCompile Include="libtaledataedit.rc" />
  </ItemGroup>
  <ItemGroup>
    <Image Include="bitmap1.bmp" />
  </ItemGroup>
</Project>