<?xml version="1.0" encoding="utf-8"?>
<Project ToolsVersion="4.0" xmlns="http://schemas.microsoft.com/developer/msbuild/2003">
  <ItemGroup>
    <Filter Include="Source Files">
      <UniqueIdentifier>{4FC737F1-C7A5-4376-A066-2A32D752A2FF}</UniqueIdentifier>
      <Extensions>cpp;c;cc;cxx;def;odl;idl;hpj;bat;asm;asmx</Extensions>
    </Filter>
    <Filter Include="Header Files">
      <UniqueIdentifier>{596a52e3-f23d-4a2b-a0c9-981888d0868a}</UniqueIdentifier>
    </Filter>
  </ItemGroup>
  <ItemGroup>
    <ClInclude Include="constraint.h">
      <Filter>Header Files</Filter>
    </ClInclude>
    <ClInclude Include="ErdForeignKey.h">
      <Filter>Header Files</Filter>
    </ClInclude>
    <ClInclude Include="IDbType.h">
      <Filter>Header Files</Filter>
    </ClInclude>
    <ClInclude Include="NArrow.h">
      <Filter>Header Files</Filter>
    </ClInclude>
    <ClInclude Include="table.h">
      <Filter>Header Files</Filter>
    </ClInclude>
    <ClInclude Include="OneArrow.h">
      <Filter>Header Files</Filter>
    </ClInclude>
    <ClInclude Include="column.h">
      <Filter>Header Files</Filter>
    </ClInclude>
    <ClInclude Include="IDbAdapter.h">
      <Filter>Header Files</Filter>
    </ClInclude>
    <ClInclude Include="databasecanvas.h">
      <Filter>Header Files</Filter>
    </ClInclude>
    <ClInclude Include="databasedoc.h">
      <Filter>Header Files</Filter>
    </ClInclude>
    <ClInclude Include="databaseview.h">
      <Filter>Header Files</Filter>
    </ClInclude>
    <ClInclude Include="GUIDatabaseTable.h">
      <Filter>Header Files</Filter>
    </ClInclude>
    <ClInclude Include="MyErdTable.h">
      <Filter>Header Files</Filter>
    </ClInclude>
    <ClInclude Include="ErdLineShape.h">
      <Filter>Header Files</Filter>
    </ClInclude>
    <ClInclude Include="GridTableShape.h">
      <Filter>Header Files</Filter>
    </ClInclude>
    <ClInclude Include="FieldShape.h">
      <Filter>Header Files</Filter>
    </ClInclude>
    <ClInclude Include="databasetemplate.h">
      <Filter>Header Files</Filter>
    </ClInclude>
    <ClInclude Include="constraintsign.h">
      <Filter>Header Files</Filter>
    </ClInclude>
    <ClInclude Include="HeaderGrid.h">
      <Filter>Header Files</Filter>
    </ClInclude>
    <ClInclude Include="commenttableshape.h">
      <Filter>Header Files</Filter>
    </ClInclude>
    <ClInclude Include="commentfieldshape.h">
      <Filter>Header Files</Filter>
    </ClInclude>
  </ItemGroup>
  <ItemGroup>
    <ClCompile Include="constraint.cpp">
      <Filter>Source Files</Filter>
    </ClCompile>
    <ClCompile Include="ErdForeignKey.cpp">
      <Filter>Source Files</Filter>
    </ClCompile>
    <ClCompile Include="NArrow.cpp">
      <Filter>Source Files</Filter>
    </ClCompile>
    <ClCompile Include="table.cpp">
      <Filter>Source Files</Filter>
    </ClCompile>
    <ClCompile Include="OneArrow.cpp">
      <Filter>Source Files</Filter>
    </ClCompile>
    <ClCompile Include="column.cpp">
      <Filter>Source Files</Filter>
    </ClCompile>
    <ClCompile Include="databasecanvas.cpp">
      <Filter>Source Files</Filter>
    </ClCompile>
    <ClCompile Include="databasedoc.cpp">
      <Filter>Source Files</Filter>
    </ClCompile>
    <ClCompile Include="databaseview.cpp">
      <Filter>Source Files</Filter>
    </ClCompile>
    <ClCompile Include="dbview.cpp">
      <Filter>Source Files</Filter>
    </ClCompile>
    <ClCompile Include="GUIDatabaseTable.cpp">
      <Filter>Source Files</Filter>
    </ClCompile>
    <ClCompile Include="MyErdTable.cpp">
      <Filter>Source Files</Filter>
    </ClCompile>
    <ClCompile Include="ErdLineShape.cpp">
      <Filter>Source Files</Filter>
    </ClCompile>
    <ClCompile Include="FieldShape.cpp">
      <Filter>Source Files</Filter>
    </ClCompile>
    <ClCompile Include="GridTableShape.cpp">
      <Filter>Source Files</Filter>
    </ClCompile>
    <ClCompile Include="HeaderGrid.cpp">
      <Filter>Source Files</Filter>
    </ClCompile>
    <ClCompile Include="databasetemplate.cpp">
      <Filter>Source Files</Filter>
    </ClCompile>
    <ClCompile Include="constraintsign.cpp">
      <Filter>Source Files</Filter>
    </ClCompile>
    <ClCompile Include="commentfieldshape.cpp">
      <Filter>Source Files</Filter>
    </ClCompile>
    <ClCompile Include="commenttableshape.cpp">
      <Filter>Source Files</Filter>
    </ClCompile>
  </ItemGroup>
</Project>