// !$*UTF8*$!
{
	archiveVersion = 1;
	classes = {
	};
	objectVersion = 46;
	objects = {

/* Begin PBXBuildFile section */
		E305643B2217CB4C00F5576C /* fieldgeneral.cpp in Sources */ = {isa = PBXBuildFile; fileRef = E30564372217CB4B00F5576C /* fieldgeneral.cpp */; };
		E305643C2217CB4C00F5576C /* fieldheader.h in Headers */ = {isa = PBXBuildFile; fileRef = E30564382217CB4C00F5576C /* fieldheader.h */; };
		E305643D2217CB4C00F5576C /* fieldgeneral.h in Headers */ = {isa = PBXBuildFile; fileRef = E30564392217CB4C00F5576C /* fieldgeneral.h */; };
		E305643E2217CB4C00F5576C /* fieldheader.cpp in Sources */ = {isa = PBXBuildFile; fileRef = E305643A2217CB4C00F5576C /* fieldheader.cpp */; };
		E30564402217CB5F00F5576C /* propertypagebase.h in Headers */ = {isa = PBXBuildFile; fileRef = E305643F2217CB5F00F5576C /* propertypagebase.h */; };
		E322AACB2B386DA600ECD88D /* liblibhelpers.a in Frameworks */ = {isa = PBXBuildFile; fileRef = E322AACA2B386DA600ECD88D /* liblibhelpers.a */; };
		E32A502C22A3A71500A57BD1 /* designlabelgeneral.cpp in Sources */ = {isa = PBXBuildFile; fileRef = E32A502A22A3A71500A57BD1 /* designlabelgeneral.cpp */; };
		E32A502D22A3A71500A57BD1 /* designlabelgeneral.h in Headers */ = {isa = PBXBuildFile; fileRef = E32A502B22A3A71500A57BD1 /* designlabelgeneral.h */; };
		E33E6F7C1EAD3067003A0B92 /* syntaxproppage.cpp in Sources */ = {isa = PBXBuildFile; fileRef = E33E6F781EAD3067003A0B92 /* syntaxproppage.cpp */; };
		E33E6F7D1EAD3067003A0B92 /* syntaxproppage.h in Headers */ = {isa = PBXBuildFile; fileRef = E33E6F791EAD3067003A0B92 /* syntaxproppage.h */; };
		E33E6F7E1EAD3067003A0B92 /* wherehavingpage.cpp in Sources */ = {isa = PBXBuildFile; fileRef = E33E6F7A1EAD3067003A0B92 /* wherehavingpage.cpp */; };
		E33E6F7F1EAD3067003A0B92 /* wherehavingpage.h in Headers */ = {isa = PBXBuildFile; fileRef = E33E6F7B1EAD3067003A0B92 /* wherehavingpage.h */; };
		E3607DD623C4427300267C14 /* sortgroupbypage.cpp in Sources */ = {isa = PBXBuildFile; fileRef = E3607DD423C4427300267C14 /* sortgroupbypage.cpp */; };
		E3607DD723C4427300267C14 /* sortgroupbypage.h in Headers */ = {isa = PBXBuildFile; fileRef = E3607DD523C4427300267C14 /* sortgroupbypage.h */; };
		E39501D01DF3C2300046E51B /* tablegeneral.cpp in Sources */ = {isa = PBXBuildFile; fileRef = E39501CE1DF3C2300046E51B /* tablegeneral.cpp */; };
		E39501D11DF3C2300046E51B /* tablegeneral.h in Headers */ = {isa = PBXBuildFile; fileRef = E39501CF1DF3C2300046E51B /* tablegeneral.h */; };
		E3AC9DD81E176AB80083DD62 /* fontpropertypage.h in Headers */ = {isa = PBXBuildFile; fileRef = E3AC9DD61E176AB80083DD62 /* fontpropertypage.h */; };
		E3AC9DDB1E176C640083DD62 /* fontpropertypagebase.cpp in Sources */ = {isa = PBXBuildFile; fileRef = E3AC9DD91E176C640083DD62 /* fontpropertypagebase.cpp */; };
		E3AC9DDC1E176C640083DD62 /* fontpropertypagebase.h in Headers */ = {isa = PBXBuildFile; fileRef = E3AC9DDA1E176C640083DD62 /* fontpropertypagebase.h */; };
		E3B8E3C924F2DD6900346516 /* tableprimarykey.cpp in Sources */ = {isa = PBXBuildFile; fileRef = E3B8E3C724F2DD6900346516 /* tableprimarykey.cpp */; };
		E3B8E3CA24F2DD6900346516 /* tableprimarykey.h in Headers */ = {isa = PBXBuildFile; fileRef = E3B8E3C824F2DD6900346516 /* tableprimarykey.h */; };
		E3B8E3CD24F2DE6400346516 /* liblibfieldswindow.dylib in Frameworks */ = {isa = PBXBuildFile; fileRef = E3B8E3CC24F2DE6400346516 /* liblibfieldswindow.dylib */; };
		E3B8E3D02513AF9600346516 /* designgeneral.h in Headers */ = {isa = PBXBuildFile; fileRef = E3B8E3CE2513AF9500346516 /* designgeneral.h */; };
		E3B8E3D12513AF9600346516 /* designgeneral.cpp in Sources */ = {isa = PBXBuildFile; fileRef = E3B8E3CF2513AF9500346516 /* designgeneral.cpp */; };
		E3B8E3DB2518E69000346516 /* printspec.cpp in Sources */ = {isa = PBXBuildFile; fileRef = E3B8E3D92518E69000346516 /* printspec.cpp */; };
		E3B8E3DC2518E69000346516 /* printspec.h in Headers */ = {isa = PBXBuildFile; fileRef = E3B8E3DA2518E69000346516 /* printspec.h */; };
		E3B92D6D24CA0DF60035428C /* bandgeneral.cpp in Sources */ = {isa = PBXBuildFile; fileRef = E3B92D6B24CA0DF50035428C /* bandgeneral.cpp */; };
		E3B92D6E24CA0DF60035428C /* bandgeneral.h in Headers */ = {isa = PBXBuildFile; fileRef = E3B92D6C24CA0DF60035428C /* bandgeneral.h */; };
		E3B92D7124CDC6DC0035428C /* pointerproperty.cpp in Sources */ = {isa = PBXBuildFile; fileRef = E3B92D6F24CDC6DB0035428C /* pointerproperty.cpp */; };
		E3B92D7224CDC6DC0035428C /* pointerproperty.h in Headers */ = {isa = PBXBuildFile; fileRef = E3B92D7024CDC6DC0035428C /* pointerproperty.h */; };
		E3B92D8B24E1AB860035428C /* fontpropertypage.cpp in Sources */ = {isa = PBXBuildFile; fileRef = E3B92D8A24E1AB860035428C /* fontpropertypage.cpp */; };
/* End PBXBuildFile section */

/* Begin PBXFileReference section */
		E30564372217CB4B00F5576C /* fieldgeneral.cpp */ = {isa = PBXFileReference; fileEncoding = 4; lastKnownFileType = sourcecode.cpp.cpp; path = fieldgeneral.cpp; sourceTree = "<group>"; };
		E30564382217CB4C00F5576C /* fieldheader.h */ = {isa = PBXFileReference; fileEncoding = 4; lastKnownFileType = sourcecode.c.h; path = fieldheader.h; sourceTree = "<group>"; };
		E30564392217CB4C00F5576C /* fieldgeneral.h */ = {isa = PBXFileReference; fileEncoding = 4; lastKnownFileType = sourcecode.c.h; path = fieldgeneral.h; sourceTree = "<group>"; };
		E305643A2217CB4C00F5576C /* fieldheader.cpp */ = {isa = PBXFileReference; fileEncoding = 4; lastKnownFileType = sourcecode.cpp.cpp; path = fieldheader.cpp; sourceTree = "<group>"; };
		E305643F2217CB5F00F5576C /* propertypagebase.h */ = {isa = PBXFileReference; fileEncoding = 4; lastKnownFileType = sourcecode.c.h; path = propertypagebase.h; sourceTree = "<group>"; };
		E322AACA2B386DA600ECD88D /* liblibhelpers.a */ = {isa = PBXFileReference; explicitFileType = archive.ar; path = liblibhelpers.a; sourceTree = BUILT_PRODUCTS_DIR; };
		E32A502A22A3A71500A57BD1 /* designlabelgeneral.cpp */ = {isa = PBXFileReference; fileEncoding = 4; lastKnownFileType = sourcecode.cpp.cpp; path = designlabelgeneral.cpp; sourceTree = "<group>"; };
		E32A502B22A3A71500A57BD1 /* designlabelgeneral.h */ = {isa = PBXFileReference; fileEncoding = 4; lastKnownFileType = sourcecode.c.h; path = designlabelgeneral.h; sourceTree = "<group>"; };
		E33E6F781EAD3067003A0B92 /* syntaxproppage.cpp */ = {isa = PBXFileReference; fileEncoding = 4; lastKnownFileType = sourcecode.cpp.cpp; path = syntaxproppage.cpp; sourceTree = "<group>"; };
		E33E6F791EAD3067003A0B92 /* syntaxproppage.h */ = {isa = PBXFileReference; fileEncoding = 4; lastKnownFileType = sourcecode.c.h; path = syntaxproppage.h; sourceTree = "<group>"; };
		E33E6F7A1EAD3067003A0B92 /* wherehavingpage.cpp */ = {isa = PBXFileReference; fileEncoding = 4; lastKnownFileType = sourcecode.cpp.cpp; path = wherehavingpage.cpp; sourceTree = "<group>"; };
		E33E6F7B1EAD3067003A0B92 /* wherehavingpage.h */ = {isa = PBXFileReference; fileEncoding = 4; lastKnownFileType = sourcecode.c.h; path = wherehavingpage.h; sourceTree = "<group>"; };
		E3607DD423C4427300267C14 /* sortgroupbypage.cpp */ = {isa = PBXFileReference; fileEncoding = 4; lastKnownFileType = sourcecode.cpp.cpp; path = sortgroupbypage.cpp; sourceTree = "<group>"; };
		E3607DD523C4427300267C14 /* sortgroupbypage.h */ = {isa = PBXFileReference; fileEncoding = 4; lastKnownFileType = sourcecode.c.h; path = sortgroupbypage.h; sourceTree = "<group>"; };
		E39501B81DF3B99C0046E51B /* liblibpropertypages.dylib */ = {isa = PBXFileReference; explicitFileType = "compiled.mach-o.dylib"; includeInIndex = 0; path = liblibpropertypages.dylib; sourceTree = BUILT_PRODUCTS_DIR; };
		E39501CE1DF3C2300046E51B /* tablegeneral.cpp */ = {isa = PBXFileReference; fileEncoding = 4; lastKnownFileType = sourcecode.cpp.cpp; path = tablegeneral.cpp; sourceTree = "<group>"; };
		E39501CF1DF3C2300046E51B /* tablegeneral.h */ = {isa = PBXFileReference; fileEncoding = 4; lastKnownFileType = sourcecode.c.h; path = tablegeneral.h; sourceTree = "<group>"; };
		E3AC9DD61E176AB80083DD62 /* fontpropertypage.h */ = {isa = PBXFileReference; fileEncoding = 4; lastKnownFileType = sourcecode.c.h; name = fontpropertypage.h; path = cocoa/fontpropertypage.h; sourceTree = "<group>"; };
		E3AC9DD91E176C640083DD62 /* fontpropertypagebase.cpp */ = {isa = PBXFileReference; fileEncoding = 4; lastKnownFileType = sourcecode.cpp.cpp; path = fontpropertypagebase.cpp; sourceTree = "<group>"; };
		E3AC9DDA1E176C640083DD62 /* fontpropertypagebase.h */ = {isa = PBXFileReference; fileEncoding = 4; lastKnownFileType = sourcecode.c.h; path = fontpropertypagebase.h; sourceTree = "<group>"; };
		E3B8E3C724F2DD6900346516 /* tableprimarykey.cpp */ = {isa = PBXFileReference; fileEncoding = 4; lastKnownFileType = sourcecode.cpp.cpp; path = tableprimarykey.cpp; sourceTree = "<group>"; };
		E3B8E3C824F2DD6900346516 /* tableprimarykey.h */ = {isa = PBXFileReference; fileEncoding = 4; lastKnownFileType = sourcecode.c.h; path = tableprimarykey.h; sourceTree = "<group>"; };
		E3B8E3CC24F2DE6400346516 /* liblibfieldswindow.dylib */ = {isa = PBXFileReference; explicitFileType = "compiled.mach-o.dylib"; path = liblibfieldswindow.dylib; sourceTree = BUILT_PRODUCTS_DIR; };
		E3B8E3CE2513AF9500346516 /* designgeneral.h */ = {isa = PBXFileReference; fileEncoding = 4; lastKnownFileType = sourcecode.c.h; path = designgeneral.h; sourceTree = "<group>"; };
		E3B8E3CF2513AF9500346516 /* designgeneral.cpp */ = {isa = PBXFileReference; fileEncoding = 4; lastKnownFileType = sourcecode.cpp.cpp; path = designgeneral.cpp; sourceTree = "<group>"; };
		E3B8E3D92518E69000346516 /* printspec.cpp */ = {isa = PBXFileReference; fileEncoding = 4; lastKnownFileType = sourcecode.cpp.cpp; path = printspec.cpp; sourceTree = "<group>"; };
		E3B8E3DA2518E69000346516 /* printspec.h */ = {isa = PBXFileReference; fileEncoding = 4; lastKnownFileType = sourcecode.c.h; path = printspec.h; sourceTree = "<group>"; };
		E3B92D6B24CA0DF50035428C /* bandgeneral.cpp */ = {isa = PBXFileReference; fileEncoding = 4; lastKnownFileType = sourcecode.cpp.cpp; path = bandgeneral.cpp; sourceTree = "<group>"; };
		E3B92D6C24CA0DF60035428C /* bandgeneral.h */ = {isa = PBXFileReference; fileEncoding = 4; lastKnownFileType = sourcecode.c.h; path = bandgeneral.h; sourceTree = "<group>"; };
		E3B92D6F24CDC6DB0035428C /* pointerproperty.cpp */ = {isa = PBXFileReference; fileEncoding = 4; lastKnownFileType = sourcecode.cpp.cpp; path = pointerproperty.cpp; sourceTree = "<group>"; };
		E3B92D7024CDC6DC0035428C /* pointerproperty.h */ = {isa = PBXFileReference; fileEncoding = 4; lastKnownFileType = sourcecode.c.h; path = pointerproperty.h; sourceTree = "<group>"; };
		E3B92D8A24E1AB860035428C /* fontpropertypage.cpp */ = {isa = PBXFileReference; fileEncoding = 4; lastKnownFileType = sourcecode.cpp.cpp; name = fontpropertypage.cpp; path = cocoa/fontpropertypage.cpp; sourceTree = "<group>"; };
/* End PBXFileReference section */

/* Begin PBXFrameworksBuildPhase section */
		E39501B51DF3B99C0046E51B /* Frameworks */ = {
			isa = PBXFrameworksBuildPhase;
			buildActionMask = 2147483647;
			files = (
				E322AACB2B386DA600ECD88D /* liblibhelpers.a in Frameworks */,
				E3B8E3CD24F2DE6400346516 /* liblibfieldswindow.dylib in Frameworks */,
			);
			runOnlyForDeploymentPostprocessing = 0;
		};
/* End PBXFrameworksBuildPhase section */

/* Begin PBXGroup section */
		E39501AF1DF3B99C0046E51B = {
			isa = PBXGroup;
			children = (
				E39501CD1DF3BA080046E51B /* libpropertypages */,
				E39501B91DF3B99C0046E51B /* Products */,
				E3B8E3CB24F2DE6400346516 /* Frameworks */,
			);
			sourceTree = "<group>";
		};
		E39501B91DF3B99C0046E51B /* Products */ = {
			isa = PBXGroup;
			children = (
				E39501B81DF3B99C0046E51B /* liblibpropertypages.dylib */,
			);
			name = Products;
			sourceTree = "<group>";
		};
		E39501CD1DF3BA080046E51B /* libpropertypages */ = {
			isa = PBXGroup;
			children = (
				E3B8E3D92518E69000346516 /* printspec.cpp */,
				E3B8E3DA2518E69000346516 /* printspec.h */,
				E3B8E3CF2513AF9500346516 /* designgeneral.cpp */,
				E3B8E3CE2513AF9500346516 /* designgeneral.h */,
				E3B8E3C724F2DD6900346516 /* tableprimarykey.cpp */,
				E3B8E3C824F2DD6900346516 /* tableprimarykey.h */,
				E3B92D8A24E1AB860035428C /* fontpropertypage.cpp */,
				E3B92D6F24CDC6DB0035428C /* pointerproperty.cpp */,
				E3B92D7024CDC6DC0035428C /* pointerproperty.h */,
				E3B92D6B24CA0DF50035428C /* bandgeneral.cpp */,
				E3B92D6C24CA0DF60035428C /* bandgeneral.h */,
				E3607DD423C4427300267C14 /* sortgroupbypage.cpp */,
				E3607DD523C4427300267C14 /* sortgroupbypage.h */,
				E32A502A22A3A71500A57BD1 /* designlabelgeneral.cpp */,
				E32A502B22A3A71500A57BD1 /* designlabelgeneral.h */,
				E305643F2217CB5F00F5576C /* propertypagebase.h */,
				E30564372217CB4B00F5576C /* fieldgeneral.cpp */,
				E30564392217CB4C00F5576C /* fieldgeneral.h */,
				E305643A2217CB4C00F5576C /* fieldheader.cpp */,
				E30564382217CB4C00F5576C /* fieldheader.h */,
				E33E6F781EAD3067003A0B92 /* syntaxproppage.cpp */,
				E33E6F791EAD3067003A0B92 /* syntaxproppage.h */,
				E33E6F7A1EAD3067003A0B92 /* wherehavingpage.cpp */,
				E33E6F7B1EAD3067003A0B92 /* wherehavingpage.h */,
				E3AC9DD91E176C640083DD62 /* fontpropertypagebase.cpp */,
				E3AC9DDA1E176C640083DD62 /* fontpropertypagebase.h */,
				E3AC9DD61E176AB80083DD62 /* fontpropertypage.h */,
				E39501CE1DF3C2300046E51B /* tablegeneral.cpp */,
				E39501CF1DF3C2300046E51B /* tablegeneral.h */,
			);
			name = libpropertypages;
			sourceTree = "<group>";
		};
		E3B8E3CB24F2DE6400346516 /* Frameworks */ = {
			isa = PBXGroup;
			children = (
				E322AACA2B386DA600ECD88D /* liblibhelpers.a */,
				E3B8E3CC24F2DE6400346516 /* liblibfieldswindow.dylib */,
			);
			name = Frameworks;
			sourceTree = "<group>";
		};
/* End PBXGroup section */

/* Begin PBXHeadersBuildPhase section */
		E39501B61DF3B99C0046E51B /* Headers */ = {
			isa = PBXHeadersBuildPhase;
			buildActionMask = 2147483647;
			files = (
				E3B92D6E24CA0DF60035428C /* bandgeneral.h in Headers */,
				E3607DD723C4427300267C14 /* sortgroupbypage.h in Headers */,
				E33E6F7F1EAD3067003A0B92 /* wherehavingpage.h in Headers */,
				E39501D11DF3C2300046E51B /* tablegeneral.h in Headers */,
				E305643D2217CB4C00F5576C /* fieldgeneral.h in Headers */,
				E32A502D22A3A71500A57BD1 /* designlabelgeneral.h in Headers */,
				E3AC9DD81E176AB80083DD62 /* fontpropertypage.h in Headers */,
				E3AC9DDC1E176C640083DD62 /* fontpropertypagebase.h in Headers */,
				E30564402217CB5F00F5576C /* propertypagebase.h in Headers */,
				E3B8E3D02513AF9600346516 /* designgeneral.h in Headers */,
				E3B92D7224CDC6DC0035428C /* pointerproperty.h in Headers */,
				E305643C2217CB4C00F5576C /* fieldheader.h in Headers */,
				E3B8E3CA24F2DD6900346516 /* tableprimarykey.h in Headers */,
				E3B8E3DC2518E69000346516 /* printspec.h in Headers */,
				E33E6F7D1EAD3067003A0B92 /* syntaxproppage.h in Headers */,
			);
			runOnlyForDeploymentPostprocessing = 0;
		};
/* End PBXHeadersBuildPhase section */

/* Begin PBXNativeTarget section */
		E39501B71DF3B99C0046E51B /* libpropertypages */ = {
			isa = PBXNativeTarget;
			buildConfigurationList = E39501BC1DF3B99C0046E51B /* Build configuration list for PBXNativeTarget "libpropertypages" */;
			buildPhases = (
				E39501B41DF3B99C0046E51B /* Sources */,
				E39501B51DF3B99C0046E51B /* Frameworks */,
				E39501B61DF3B99C0046E51B /* Headers */,
			);
			buildRules = (
			);
			dependencies = (
			);
			name = libpropertypages;
			productName = libpropertypages;
			productReference = E39501B81DF3B99C0046E51B /* liblibpropertypages.dylib */;
			productType = "com.apple.product-type.library.dynamic";
		};
/* End PBXNativeTarget section */

/* Begin PBXProject section */
		E39501B01DF3B99C0046E51B /* Project object */ = {
			isa = PBXProject;
			attributes = {
				LastUpgradeCheck = 0510;
				ORGANIZATIONNAME = "Igor Korot";
			};
			buildConfigurationList = E39501B31DF3B99C0046E51B /* Build configuration list for PBXProject "libpropertypages" */;
			compatibilityVersion = "Xcode 3.2";
			developmentRegion = English;
			hasScannedForEncodings = 0;
			knownRegions = (
				en,
			);
			mainGroup = E39501AF1DF3B99C0046E51B;
			productRefGroup = E39501B91DF3B99C0046E51B /* Products */;
			projectDirPath = "";
			projectRoot = "";
			targets = (
				E39501B71DF3B99C0046E51B /* libpropertypages */,
			);
		};
/* End PBXProject section */

/* Begin PBXSourcesBuildPhase section */
		E39501B41DF3B99C0046E51B /* Sources */ = {
			isa = PBXSourcesBuildPhase;
			buildActionMask = 2147483647;
			files = (
				E305643E2217CB4C00F5576C /* fieldheader.cpp in Sources */,
				E3B8E3C924F2DD6900346516 /* tableprimarykey.cpp in Sources */,
				E33E6F7C1EAD3067003A0B92 /* syntaxproppage.cpp in Sources */,
				E3AC9DDB1E176C640083DD62 /* fontpropertypagebase.cpp in Sources */,
				E33E6F7E1EAD3067003A0B92 /* wherehavingpage.cpp in Sources */,
				E305643B2217CB4C00F5576C /* fieldgeneral.cpp in Sources */,
				E3B8E3DB2518E69000346516 /* printspec.cpp in Sources */,
				E3607DD623C4427300267C14 /* sortgroupbypage.cpp in Sources */,
				E3B92D6D24CA0DF60035428C /* bandgeneral.cpp in Sources */,
				E39501D01DF3C2300046E51B /* tablegeneral.cpp in Sources */,
				E3B92D8B24E1AB860035428C /* fontpropertypage.cpp in Sources */,
				E3B8E3D12513AF9600346516 /* designgeneral.cpp in Sources */,
				E32A502C22A3A71500A57BD1 /* designlabelgeneral.cpp in Sources */,
				E3B92D7124CDC6DC0035428C /* pointerproperty.cpp in Sources */,
			);
			runOnlyForDeploymentPostprocessing = 0;
		};
/* End PBXSourcesBuildPhase section */

/* Begin XCBuildConfiguration section */
		E39501BA1DF3B99C0046E51B /* Debug */ = {
			isa = XCBuildConfiguration;
			buildSettings = {
				ALWAYS_SEARCH_USER_PATHS = NO;
				CLANG_CXX_LANGUAGE_STANDARD = "gnu++0x";
				CLANG_CXX_LIBRARY = "libc++";
				CLANG_ENABLE_MODULES = YES;
				CLANG_ENABLE_OBJC_ARC = YES;
				CLANG_WARN_BOOL_CONVERSION = YES;
				CLANG_WARN_CONSTANT_CONVERSION = YES;
				CLANG_WARN_DIRECT_OBJC_ISA_USAGE = YES_ERROR;
				CLANG_WARN_EMPTY_BODY = YES;
				CLANG_WARN_ENUM_CONVERSION = YES;
				CLANG_WARN_INT_CONVERSION = YES;
				CLANG_WARN_OBJC_ROOT_CLASS = YES_ERROR;
				CLANG_WARN__DUPLICATE_METHOD_MATCH = YES;
				COPY_PHASE_STRIP = NO;
				GCC_C_LANGUAGE_STANDARD = gnu99;
				GCC_DYNAMIC_NO_PIC = NO;
				GCC_ENABLE_OBJC_EXCEPTIONS = YES;
				GCC_OPTIMIZATION_LEVEL = 0;
				GCC_PREPROCESSOR_DEFINITIONS = (
					"DEBUG=1",
					"$(inherited)",
				);
				GCC_SYMBOLS_PRIVATE_EXTERN = NO;
				GCC_WARN_64_TO_32_BIT_CONVERSION = YES;
				GCC_WARN_ABOUT_RETURN_TYPE = YES_ERROR;
				GCC_WARN_UNDECLARED_SELECTOR = YES;
				GCC_WARN_UNINITIALIZED_AUTOS = YES_AGGRESSIVE;
				GCC_WARN_UNUSED_FUNCTION = YES;
				GCC_WARN_UNUSED_VARIABLE = YES;
				MACOSX_DEPLOYMENT_TARGET = 10.8;
				ONLY_ACTIVE_ARCH = YES;
				SDKROOT = macosx;
			};
			name = Debug;
		};
		E39501BB1DF3B99C0046E51B /* Release */ = {
			isa = XCBuildConfiguration;
			buildSettings = {
				ALWAYS_SEARCH_USER_PATHS = NO;
				CLANG_CXX_LANGUAGE_STANDARD = "gnu++0x";
				CLANG_CXX_LIBRARY = "libc++";
				CLANG_ENABLE_MODULES = YES;
				CLANG_ENABLE_OBJC_ARC = YES;
				CLANG_WARN_BOOL_CONVERSION = YES;
				CLANG_WARN_CONSTANT_CONVERSION = YES;
				CLANG_WARN_DIRECT_OBJC_ISA_USAGE = YES_ERROR;
				CLANG_WARN_EMPTY_BODY = YES;
				CLANG_WARN_ENUM_CONVERSION = YES;
				CLANG_WARN_INT_CONVERSION = YES;
				CLANG_WARN_OBJC_ROOT_CLASS = YES_ERROR;
				CLANG_WARN__DUPLICATE_METHOD_MATCH = YES;
				COPY_PHASE_STRIP = YES;
				DEBUG_INFORMATION_FORMAT = "dwarf-with-dsym";
				ENABLE_NS_ASSERTIONS = NO;
				GCC_C_LANGUAGE_STANDARD = gnu99;
				GCC_ENABLE_OBJC_EXCEPTIONS = YES;
				GCC_WARN_64_TO_32_BIT_CONVERSION = YES;
				GCC_WARN_ABOUT_RETURN_TYPE = YES_ERROR;
				GCC_WARN_UNDECLARED_SELECTOR = YES;
				GCC_WARN_UNINITIALIZED_AUTOS = YES_AGGRESSIVE;
				GCC_WARN_UNUSED_FUNCTION = YES;
				GCC_WARN_UNUSED_VARIABLE = YES;
				MACOSX_DEPLOYMENT_TARGET = 10.8;
				SDKROOT = macosx;
			};
			name = Release;
		};
		E39501BD1DF3B99C0046E51B /* Debug */ = {
			isa = XCBuildConfiguration;
			buildSettings = {
				CLANG_CXX_LANGUAGE_STANDARD = "c++0x";
				CLANG_ENABLE_OBJC_ARC = NO;
				EXECUTABLE_PREFIX = lib;
				GCC_PREPROCESSOR_DEFINITIONS = (
					"DEBUG=1",
					"$(inherited)",
					"_FILE_OFFSET_BITS=64",
					WXUSINGDLL,
					__WXMAC__,
					__WXOSX__,
					__WXOSX_COCOA__,
				);
				HEADER_SEARCH_PATHS = (
					"$(inherited)",
					/Applications/Xcode.app/Contents/Developer/Toolchains/XcodeDefault.xctoolchain/usr/include,
					"/Users/igorkorot/wxWidgets/buildC11/lib/wx/include/osx_cocoa-unicode-3.2",
					/Users/igorkorot/wxWidgets/include,
					../dbinterface,
					../libshapeframework,
					../libfieldswindow,
					../libhelpers,
				);
				"HEADER_SEARCH_PATHS[arch=*]" = (
					"$(inherited)",
					/Applications/Xcode.app/Contents/Developer/Toolchains/XcodeDefault.xctoolchain/usr/include,
					"/Users/igorkorot/wxWidgets/buildC11/lib/wx/include/osx_cocoa-unicode-3.2",
					/Users/igorkorot/wxWidgets/include,
					../dbinterface,
				);
				OTHER_LDFLAGS = (
					"-L/Users/igorkorot/wxWidgets/buildC11/lib",
					"-framework",
					IOKit,
					"-framework",
					Carbon,
					"-framework",
					Cocoa,
					"-framework",
					AudioToolbox,
					"-framework",
					System,
					"-framework",
					OpenGL,
					"-lwx_osx_cocoau_xrc-3.2",
					"-lwx_osx_cocoau_html-3.2",
					"-lwx_osx_cocoau_qa-3.2",
					"-lwx_osx_cocoau_adv-3.2",
					"-lwx_osx_cocoau_core-3.2",
					"-lwx_baseu_xml-3.2",
					"-lwx_baseu_net-3.2",
					"-lwx_baseu-3.2",
				);
				PRODUCT_NAME = "$(TARGET_NAME)";
			};
			name = Debug;
		};
		E39501BE1DF3B99C0046E51B /* Release */ = {
			isa = XCBuildConfiguration;
			buildSettings = {
				CLANG_CXX_LANGUAGE_STANDARD = "c++0x";
				CLANG_ENABLE_OBJC_ARC = NO;
				EXECUTABLE_PREFIX = lib;
				GCC_SYMBOLS_PRIVATE_EXTERN = YES;
				PRODUCT_NAME = "$(TARGET_NAME)";
			};
			name = Release;
		};
/* End XCBuildConfiguration section */

/* Begin XCConfigurationList section */
		E39501B31DF3B99C0046E51B /* Build configuration list for PBXProject "libpropertypages" */ = {
			isa = XCConfigurationList;
			buildConfigurations = (
				E39501BA1DF3B99C0046E51B /* Debug */,
				E39501BB1DF3B99C0046E51B /* Release */,
			);
			defaultConfigurationIsVisible = 0;
			defaultConfigurationName = Release;
		};
		E39501BC1DF3B99C0046E51B /* Build configuration list for PBXNativeTarget "libpropertypages" */ = {
			isa = XCConfigurationList;
			buildConfigurations = (
				E39501BD1DF3B99C0046E51B /* Debug */,
				E39501BE1DF3B99C0046E51B /* Release */,
			);
			defaultConfigurationIsVisible = 0;
			defaultConfigurationName = Release;
		};
/* End XCConfigurationList section */
	};
	rootObject = E39501B01DF3B99C0046E51B /* Project object */;
}
