// !$*UTF8*$!
{
	archiveVersion = 1;
	classes = {
	};
	objectVersion = 46;
	objects = {

/* Begin PBXBuildFile section */
		E3132ECC28654B2A00AD669F /* datasource.cpp in Sources */ = {isa = PBXBuildFile; fileRef = E3132ECA28654B2A00AD669F /* datasource.cpp */; };
		E3132ECD28654B2A00AD669F /* datasource.h in Headers */ = {isa = PBXBuildFile; fileRef = E3132ECB28654B2A00AD669F /* datasource.h */; };
		E3132EDC2879084C00AD669F /* dialogs.h in Headers */ = {isa = PBXBuildFile; fileRef = E3132EDB2879084B00AD669F /* dialogs.h */; };
		E32A5006223469AE00A57BD1 /* bitmappanel.cpp in Sources */ = {isa = PBXBuildFile; fileRef = E32A5002223469AE00A57BD1 /* bitmappanel.cpp */; };
		E32A5007223469AE00A57BD1 /* bitmappanel.h in Headers */ = {isa = PBXBuildFile; fileRef = E32A5003223469AE00A57BD1 /* bitmappanel.h */; };
		E32A5008223469AE00A57BD1 /* newquery.cpp in Sources */ = {isa = PBXBuildFile; fileRef = E32A5004223469AE00A57BD1 /* newquery.cpp */; };
		E32A5009223469AE00A57BD1 /* newquery.h in Headers */ = {isa = PBXBuildFile; fileRef = E32A5005223469AE00A57BD1 /* newquery.h */; };
		E32A5010223F1AE600A57BD1 /* createdatabase.cpp in Sources */ = {isa = PBXBuildFile; fileRef = E32A500A223F1AE600A57BD1 /* createdatabase.cpp */; };
		E32A5011223F1AE600A57BD1 /* createdatabase.h in Headers */ = {isa = PBXBuildFile; fileRef = E32A500B223F1AE600A57BD1 /* createdatabase.h */; };
		E32A5012223F1AE600A57BD1 /* queryoptions.cpp in Sources */ = {isa = PBXBuildFile; fileRef = E32A500C223F1AE600A57BD1 /* queryoptions.cpp */; };
		E32A5013223F1AE600A57BD1 /* queryoptions.h in Headers */ = {isa = PBXBuildFile; fileRef = E32A500D223F1AE600A57BD1 /* queryoptions.h */; };
		E32A5014223F1AE600A57BD1 /* retrievalarguments.cpp in Sources */ = {isa = PBXBuildFile; fileRef = E32A500E223F1AE600A57BD1 /* retrievalarguments.cpp */; };
		E32A5015223F1AE600A57BD1 /* retrievalarguments.h in Headers */ = {isa = PBXBuildFile; fileRef = E32A500F223F1AE600A57BD1 /* retrievalarguments.h */; };
		E32A5018223F243C00A57BD1 /* quickselect.cpp in Sources */ = {isa = PBXBuildFile; fileRef = E32A5016223F243C00A57BD1 /* quickselect.cpp */; };
		E32A5019223F243C00A57BD1 /* quickselect.h in Headers */ = {isa = PBXBuildFile; fileRef = E32A5017223F243C00A57BD1 /* quickselect.h */; };
		E33E6F381E46EE1C003A0B92 /* foreignkey.cpp in Sources */ = {isa = PBXBuildFile; fileRef = E33E6F361E46EE1C003A0B92 /* foreignkey.cpp */; };
		E33E6F391E46EE1C003A0B92 /* foreignkey.h in Headers */ = {isa = PBXBuildFile; fileRef = E33E6F371E46EE1C003A0B92 /* foreignkey.h */; };
		E33E6F841EAD310A003A0B92 /* getobjectname.cpp in Sources */ = {isa = PBXBuildFile; fileRef = E33E6F801EAD310A003A0B92 /* getobjectname.cpp */; };
		E33E6F851EAD310A003A0B92 /* getobjectname.h in Headers */ = {isa = PBXBuildFile; fileRef = E33E6F811EAD310A003A0B92 /* getobjectname.h */; };
		E33E6F861EAD310A003A0B92 /* jointype.cpp in Sources */ = {isa = PBXBuildFile; fileRef = E33E6F821EAD310A003A0B92 /* jointype.cpp */; };
		E33E6F871EAD310A003A0B92 /* jointype.h in Headers */ = {isa = PBXBuildFile; fileRef = E33E6F831EAD310A003A0B92 /* jointype.h */; };
		E3607DCA23A6E19200267C14 /* typecombobox.cpp in Sources */ = {isa = PBXBuildFile; fileRef = E3607DC823A6E19200267C14 /* typecombobox.cpp */; };
		E3607DCB23A6E19200267C14 /* typecombobox.h in Headers */ = {isa = PBXBuildFile; fileRef = E3607DC923A6E19200267C14 /* typecombobox.h */; };
		E3607DCE23C4417E00267C14 /* gotoline.cpp in Sources */ = {isa = PBXBuildFile; fileRef = E3607DCC23C4417E00267C14 /* gotoline.cpp */; };
		E3607DCF23C4417F00267C14 /* gotoline.h in Headers */ = {isa = PBXBuildFile; fileRef = E3607DCD23C4417E00267C14 /* gotoline.h */; };
		E362C40220F475990089E44E /* odbccredentials.cpp in Sources */ = {isa = PBXBuildFile; fileRef = E362C40020F475990089E44E /* odbccredentials.cpp */; };
		E362C40320F475990089E44E /* odbccredentials.h in Headers */ = {isa = PBXBuildFile; fileRef = E362C40120F475990089E44E /* odbccredentials.h */; };
		E36BCFBB25D417470019E587 /* setfilter.cpp in Sources */ = {isa = PBXBuildFile; fileRef = E36BCFB925D417470019E587 /* setfilter.cpp */; };
		E36BCFBC25D417470019E587 /* setfilter.h in Headers */ = {isa = PBXBuildFile; fileRef = E36BCFBA25D417470019E587 /* setfilter.h */; };
		E39501D31DF3C4730046E51B /* liblibpropertypages.dylib in Frameworks */ = {isa = PBXBuildFile; fileRef = E39501D21DF3C4730046E51B /* liblibpropertypages.dylib */; };
		E3B8E3E5252F769600346516 /* attachdb.cpp in Sources */ = {isa = PBXBuildFile; fileRef = E3B8E3E3252F769600346516 /* attachdb.cpp */; };
		E3B8E3E6252F769600346516 /* attachdb.h in Headers */ = {isa = PBXBuildFile; fileRef = E3B8E3E4252F769600346516 /* attachdb.h */; };
		E3B8E3E925487B7800346516 /* detachdb.h in Headers */ = {isa = PBXBuildFile; fileRef = E3B8E3E725487B7800346516 /* detachdb.h */; };
		E3B8E3EA25487B7800346516 /* detachdb.cpp in Sources */ = {isa = PBXBuildFile; fileRef = E3B8E3E825487B7800346516 /* detachdb.cpp */; };
		E3D139511D0D0D7100A5A0F7 /* databasetype.cpp in Sources */ = {isa = PBXBuildFile; fileRef = E3D1394A1D0D0D7100A5A0F7 /* databasetype.cpp */; };
		E3D139521D0D0D7100A5A0F7 /* databasetype.h in Headers */ = {isa = PBXBuildFile; fileRef = E3D1394B1D0D0D7100A5A0F7 /* databasetype.h */; };
		E3D139531D0D0D7100A5A0F7 /* dialogs.cpp in Sources */ = {isa = PBXBuildFile; fileRef = E3D1394C1D0D0D7100A5A0F7 /* dialogs.cpp */; };
		E3D139541D0D0D7100A5A0F7 /* odbcconfigure.cpp in Sources */ = {isa = PBXBuildFile; fileRef = E3D1394D1D0D0D7100A5A0F7 /* odbcconfigure.cpp */; };
		E3D139551D0D0D7100A5A0F7 /* odbcconfigure.h in Headers */ = {isa = PBXBuildFile; fileRef = E3D1394E1D0D0D7100A5A0F7 /* odbcconfigure.h */; };
		E3D139561D0D0D7100A5A0F7 /* selecttables.cpp in Sources */ = {isa = PBXBuildFile; fileRef = E3D1394F1D0D0D7100A5A0F7 /* selecttables.cpp */; };
		E3D139571D0D0D7100A5A0F7 /* selecttables.h in Headers */ = {isa = PBXBuildFile; fileRef = E3D139501D0D0D7100A5A0F7 /* selecttables.h */; };
		E3D1397B1D0D144A00A5A0F7 /* liblibdbloader.dylib in Frameworks */ = {isa = PBXBuildFile; fileRef = E3D1397A1D0D144A00A5A0F7 /* liblibdbloader.dylib */; };
		E3E62CC91EF71830005BBB37 /* addcolumnsdialog.cpp in Sources */ = {isa = PBXBuildFile; fileRef = E3E62CC71EF71830005BBB37 /* addcolumnsdialog.cpp */; };
		E3E62CCA1EF71830005BBB37 /* addcolumnsdialog.h in Headers */ = {isa = PBXBuildFile; fileRef = E3E62CC81EF71830005BBB37 /* addcolumnsdialog.h */; };
		E3E91D3C1DC678C900675CF8 /* createindex.cpp in Sources */ = {isa = PBXBuildFile; fileRef = E3E91D3A1DC678C900675CF8 /* createindex.cpp */; };
		E3E91D3D1DC678C900675CF8 /* createindex.h in Headers */ = {isa = PBXBuildFile; fileRef = E3E91D3B1DC678C900675CF8 /* createindex.h */; };
		E3E91D791DCC333900675CF8 /* liblibfieldswindow.dylib in Frameworks */ = {isa = PBXBuildFile; fileRef = E3E91D781DCC333900675CF8 /* liblibfieldswindow.dylib */; };
		E3E91D881DEE520B00675CF8 /* properties.cpp in Sources */ = {isa = PBXBuildFile; fileRef = E3E91D861DEE520B00675CF8 /* properties.cpp */; };
		E3E91D891DEE520B00675CF8 /* properties.h in Headers */ = {isa = PBXBuildFile; fileRef = E3E91D871DEE520B00675CF8 /* properties.h */; };
/* End PBXBuildFile section */

/* Begin PBXFileReference section */
		E3132ECA28654B2A00AD669F /* datasource.cpp */ = {isa = PBXFileReference; fileEncoding = 4; lastKnownFileType = sourcecode.cpp.cpp; path = datasource.cpp; sourceTree = "<group>"; };
		E3132ECB28654B2A00AD669F /* datasource.h */ = {isa = PBXFileReference; fileEncoding = 4; lastKnownFileType = sourcecode.c.h; path = datasource.h; sourceTree = "<group>"; };
		E3132EDB2879084B00AD669F /* dialogs.h */ = {isa = PBXFileReference; fileEncoding = 4; lastKnownFileType = sourcecode.c.h; path = dialogs.h; sourceTree = "<group>"; };
		E32A5002223469AE00A57BD1 /* bitmappanel.cpp */ = {isa = PBXFileReference; fileEncoding = 4; lastKnownFileType = sourcecode.cpp.cpp; path = bitmappanel.cpp; sourceTree = "<group>"; };
		E32A5003223469AE00A57BD1 /* bitmappanel.h */ = {isa = PBXFileReference; fileEncoding = 4; lastKnownFileType = sourcecode.c.h; path = bitmappanel.h; sourceTree = "<group>"; };
		E32A5004223469AE00A57BD1 /* newquery.cpp */ = {isa = PBXFileReference; fileEncoding = 4; lastKnownFileType = sourcecode.cpp.cpp; path = newquery.cpp; sourceTree = "<group>"; };
		E32A5005223469AE00A57BD1 /* newquery.h */ = {isa = PBXFileReference; fileEncoding = 4; lastKnownFileType = sourcecode.c.h; path = newquery.h; sourceTree = "<group>"; };
		E32A500A223F1AE600A57BD1 /* createdatabase.cpp */ = {isa = PBXFileReference; fileEncoding = 4; lastKnownFileType = sourcecode.cpp.cpp; path = createdatabase.cpp; sourceTree = "<group>"; };
		E32A500B223F1AE600A57BD1 /* createdatabase.h */ = {isa = PBXFileReference; fileEncoding = 4; lastKnownFileType = sourcecode.c.h; path = createdatabase.h; sourceTree = "<group>"; };
		E32A500C223F1AE600A57BD1 /* queryoptions.cpp */ = {isa = PBXFileReference; fileEncoding = 4; lastKnownFileType = sourcecode.cpp.cpp; path = queryoptions.cpp; sourceTree = "<group>"; };
		E32A500D223F1AE600A57BD1 /* queryoptions.h */ = {isa = PBXFileReference; fileEncoding = 4; lastKnownFileType = sourcecode.c.h; path = queryoptions.h; sourceTree = "<group>"; };
		E32A500E223F1AE600A57BD1 /* retrievalarguments.cpp */ = {isa = PBXFileReference; fileEncoding = 4; lastKnownFileType = sourcecode.cpp.cpp; path = retrievalarguments.cpp; sourceTree = "<group>"; };
		E32A500F223F1AE600A57BD1 /* retrievalarguments.h */ = {isa = PBXFileReference; fileEncoding = 4; lastKnownFileType = sourcecode.c.h; path = retrievalarguments.h; sourceTree = "<group>"; };
		E32A5016223F243C00A57BD1 /* quickselect.cpp */ = {isa = PBXFileReference; fileEncoding = 4; lastKnownFileType = sourcecode.cpp.cpp; path = quickselect.cpp; sourceTree = "<group>"; };
		E32A5017223F243C00A57BD1 /* quickselect.h */ = {isa = PBXFileReference; fileEncoding = 4; lastKnownFileType = sourcecode.c.h; path = quickselect.h; sourceTree = "<group>"; };
		E33E6F361E46EE1C003A0B92 /* foreignkey.cpp */ = {isa = PBXFileReference; fileEncoding = 4; lastKnownFileType = sourcecode.cpp.cpp; path = foreignkey.cpp; sourceTree = "<group>"; };
		E33E6F371E46EE1C003A0B92 /* foreignkey.h */ = {isa = PBXFileReference; fileEncoding = 4; lastKnownFileType = sourcecode.c.h; path = foreignkey.h; sourceTree = "<group>"; };
		E33E6F801EAD310A003A0B92 /* getobjectname.cpp */ = {isa = PBXFileReference; fileEncoding = 4; lastKnownFileType = sourcecode.cpp.cpp; path = getobjectname.cpp; sourceTree = "<group>"; };
		E33E6F811EAD310A003A0B92 /* getobjectname.h */ = {isa = PBXFileReference; fileEncoding = 4; lastKnownFileType = sourcecode.c.h; path = getobjectname.h; sourceTree = "<group>"; };
		E33E6F821EAD310A003A0B92 /* jointype.cpp */ = {isa = PBXFileReference; fileEncoding = 4; lastKnownFileType = sourcecode.cpp.cpp; path = jointype.cpp; sourceTree = "<group>"; };
		E33E6F831EAD310A003A0B92 /* jointype.h */ = {isa = PBXFileReference; fileEncoding = 4; lastKnownFileType = sourcecode.c.h; path = jointype.h; sourceTree = "<group>"; };
		E3607DC823A6E19200267C14 /* typecombobox.cpp */ = {isa = PBXFileReference; fileEncoding = 4; lastKnownFileType = sourcecode.cpp.cpp; path = typecombobox.cpp; sourceTree = "<group>"; };
		E3607DC923A6E19200267C14 /* typecombobox.h */ = {isa = PBXFileReference; fileEncoding = 4; lastKnownFileType = sourcecode.c.h; path = typecombobox.h; sourceTree = "<group>"; };
		E3607DCC23C4417E00267C14 /* gotoline.cpp */ = {isa = PBXFileReference; fileEncoding = 4; lastKnownFileType = sourcecode.cpp.cpp; path = gotoline.cpp; sourceTree = "<group>"; };
		E3607DCD23C4417E00267C14 /* gotoline.h */ = {isa = PBXFileReference; fileEncoding = 4; lastKnownFileType = sourcecode.c.h; path = gotoline.h; sourceTree = "<group>"; };
		E362C40020F475990089E44E /* odbccredentials.cpp */ = {isa = PBXFileReference; fileEncoding = 4; lastKnownFileType = sourcecode.cpp.cpp; path = odbccredentials.cpp; sourceTree = "<group>"; };
		E362C40120F475990089E44E /* odbccredentials.h */ = {isa = PBXFileReference; fileEncoding = 4; lastKnownFileType = sourcecode.c.h; path = odbccredentials.h; sourceTree = "<group>"; };
		E36BCFB925D417470019E587 /* setfilter.cpp */ = {isa = PBXFileReference; lastKnownFileType = sourcecode.cpp.cpp; path = setfilter.cpp; sourceTree = "<group>"; };
		E36BCFBA25D417470019E587 /* setfilter.h */ = {isa = PBXFileReference; lastKnownFileType = sourcecode.c.h; path = setfilter.h; sourceTree = "<group>"; };
		E39501D21DF3C4730046E51B /* liblibpropertypages.dylib */ = {isa = PBXFileReference; lastKnownFileType = "compiled.mach-o.dylib"; name = liblibpropertypages.dylib; path = ../libpropertypages/build/Debug/liblibpropertypages.dylib; sourceTree = "<group>"; };
		E3B8E3E3252F769600346516 /* attachdb.cpp */ = {isa = PBXFileReference; lastKnownFileType = sourcecode.cpp.cpp; path = attachdb.cpp; sourceTree = "<group>"; };
		E3B8E3E4252F769600346516 /* attachdb.h */ = {isa = PBXFileReference; lastKnownFileType = sourcecode.c.h; path = attachdb.h; sourceTree = "<group>"; };
		E3B8E3E725487B7800346516 /* detachdb.h */ = {isa = PBXFileReference; fileEncoding = 4; lastKnownFileType = sourcecode.c.h; path = detachdb.h; sourceTree = "<group>"; };
		E3B8E3E825487B7800346516 /* detachdb.cpp */ = {isa = PBXFileReference; fileEncoding = 4; lastKnownFileType = sourcecode.cpp.cpp; path = detachdb.cpp; sourceTree = "<group>"; };
		E3D1393C1D0D0CD100A5A0F7 /* liblibdialogs.dylib */ = {isa = PBXFileReference; explicitFileType = "compiled.mach-o.dylib"; includeInIndex = 0; path = liblibdialogs.dylib; sourceTree = BUILT_PRODUCTS_DIR; };
		E3D1394A1D0D0D7100A5A0F7 /* databasetype.cpp */ = {isa = PBXFileReference; fileEncoding = 4; lastKnownFileType = sourcecode.cpp.cpp; path = databasetype.cpp; sourceTree = "<group>"; };
		E3D1394B1D0D0D7100A5A0F7 /* databasetype.h */ = {isa = PBXFileReference; fileEncoding = 4; lastKnownFileType = sourcecode.c.h; path = databasetype.h; sourceTree = "<group>"; };
		E3D1394C1D0D0D7100A5A0F7 /* dialogs.cpp */ = {isa = PBXFileReference; fileEncoding = 4; lastKnownFileType = sourcecode.cpp.cpp; path = dialogs.cpp; sourceTree = "<group>"; };
		E3D1394D1D0D0D7100A5A0F7 /* odbcconfigure.cpp */ = {isa = PBXFileReference; fileEncoding = 4; lastKnownFileType = sourcecode.cpp.cpp; path = odbcconfigure.cpp; sourceTree = "<group>"; };
		E3D1394E1D0D0D7100A5A0F7 /* odbcconfigure.h */ = {isa = PBXFileReference; fileEncoding = 4; lastKnownFileType = sourcecode.c.h; path = odbcconfigure.h; sourceTree = "<group>"; };
		E3D1394F1D0D0D7100A5A0F7 /* selecttables.cpp */ = {isa = PBXFileReference; fileEncoding = 4; lastKnownFileType = sourcecode.cpp.cpp; path = selecttables.cpp; sourceTree = "<group>"; };
		E3D139501D0D0D7100A5A0F7 /* selecttables.h */ = {isa = PBXFileReference; fileEncoding = 4; lastKnownFileType = sourcecode.c.h; path = selecttables.h; sourceTree = "<group>"; };
		E3D139581D0D100B00A5A0F7 /* liblibodbc.dylib */ = {isa = PBXFileReference; lastKnownFileType = "compiled.mach-o.dylib"; name = liblibodbc.dylib; path = ../Build/Products/Debug/liblibodbc.dylib; sourceTree = "<group>"; };
		E3D139591D0D100B00A5A0F7 /* liblibsqlite.dylib */ = {isa = PBXFileReference; lastKnownFileType = "compiled.mach-o.dylib"; name = liblibsqlite.dylib; path = ../Build/Products/Debug/liblibsqlite.dylib; sourceTree = "<group>"; };
		E3D1397A1D0D144A00A5A0F7 /* liblibdbloader.dylib */ = {isa = PBXFileReference; lastKnownFileType = "compiled.mach-o.dylib"; name = liblibdbloader.dylib; path = ../Build/Products/Debug/liblibdbloader.dylib; sourceTree = "<group>"; };
		E3E62CC71EF71830005BBB37 /* addcolumnsdialog.cpp */ = {isa = PBXFileReference; fileEncoding = 4; lastKnownFileType = sourcecode.cpp.cpp; path = addcolumnsdialog.cpp; sourceTree = "<group>"; };
		E3E62CC81EF71830005BBB37 /* addcolumnsdialog.h */ = {isa = PBXFileReference; fileEncoding = 4; lastKnownFileType = sourcecode.c.h; path = addcolumnsdialog.h; sourceTree = "<group>"; };
		E3E91D3A1DC678C900675CF8 /* createindex.cpp */ = {isa = PBXFileReference; fileEncoding = 4; lastKnownFileType = sourcecode.cpp.cpp; path = createindex.cpp; sourceTree = "<group>"; };
		E3E91D3B1DC678C900675CF8 /* createindex.h */ = {isa = PBXFileReference; fileEncoding = 4; lastKnownFileType = sourcecode.c.h; path = createindex.h; sourceTree = "<group>"; };
		E3E91D781DCC333900675CF8 /* liblibfieldswindow.dylib */ = {isa = PBXFileReference; lastKnownFileType = "compiled.mach-o.dylib"; name = liblibfieldswindow.dylib; path = ../libfieldswindow/build/Debug/liblibfieldswindow.dylib; sourceTree = "<group>"; };
		E3E91D861DEE520B00675CF8 /* properties.cpp */ = {isa = PBXFileReference; fileEncoding = 4; lastKnownFileType = sourcecode.cpp.cpp; path = properties.cpp; sourceTree = "<group>"; };
		E3E91D871DEE520B00675CF8 /* properties.h */ = {isa = PBXFileReference; fileEncoding = 4; lastKnownFileType = sourcecode.c.h; path = properties.h; sourceTree = "<group>"; };
/* End PBXFileReference section */

/* Begin PBXFrameworksBuildPhase section */
		E3D139391D0D0CD100A5A0F7 /* Frameworks */ = {
			isa = PBXFrameworksBuildPhase;
			buildActionMask = 2147483647;
			files = (
				E39501D31DF3C4730046E51B /* liblibpropertypages.dylib in Frameworks */,
				E3E91D791DCC333900675CF8 /* liblibfieldswindow.dylib in Frameworks */,
				E3D1397B1D0D144A00A5A0F7 /* liblibdbloader.dylib in Frameworks */,
			);
			runOnlyForDeploymentPostprocessing = 0;
		};
/* End PBXFrameworksBuildPhase section */

/* Begin PBXGroup section */
		E3D139331D0D0CD100A5A0F7 = {
			isa = PBXGroup;
			children = (
				E39501D21DF3C4730046E51B /* liblibpropertypages.dylib */,
				E3E91D781DCC333900675CF8 /* liblibfieldswindow.dylib */,
				E3D1397A1D0D144A00A5A0F7 /* liblibdbloader.dylib */,
				E3D139581D0D100B00A5A0F7 /* liblibodbc.dylib */,
				E3D139591D0D100B00A5A0F7 /* liblibsqlite.dylib */,
				E3D139491D0D0CDE00A5A0F7 /* libdialogs */,
				E3D1393D1D0D0CD100A5A0F7 /* Products */,
			);
			sourceTree = "<group>";
		};
		E3D1393D1D0D0CD100A5A0F7 /* Products */ = {
			isa = PBXGroup;
			children = (
				E3D1393C1D0D0CD100A5A0F7 /* liblibdialogs.dylib */,
			);
			name = Products;
			sourceTree = "<group>";
		};
		E3D139491D0D0CDE00A5A0F7 /* libdialogs */ = {
			isa = PBXGroup;
			children = (
				E3132EDB2879084B00AD669F /* dialogs.h */,
				E3132ECA28654B2A00AD669F /* datasource.cpp */,
				E3132ECB28654B2A00AD669F /* datasource.h */,
				E3B8E3E825487B7800346516 /* detachdb.cpp */,
				E3B8E3E725487B7800346516 /* detachdb.h */,
				E3607DCC23C4417E00267C14 /* gotoline.cpp */,
				E3607DCD23C4417E00267C14 /* gotoline.h */,
				E3607DC823A6E19200267C14 /* typecombobox.cpp */,
				E3607DC923A6E19200267C14 /* typecombobox.h */,
				E32A5016223F243C00A57BD1 /* quickselect.cpp */,
				E32A5017223F243C00A57BD1 /* quickselect.h */,
				E32A500A223F1AE600A57BD1 /* createdatabase.cpp */,
				E32A500B223F1AE600A57BD1 /* createdatabase.h */,
				E32A500C223F1AE600A57BD1 /* queryoptions.cpp */,
				E32A500D223F1AE600A57BD1 /* queryoptions.h */,
				E32A500E223F1AE600A57BD1 /* retrievalarguments.cpp */,
				E32A500F223F1AE600A57BD1 /* retrievalarguments.h */,
				E32A5002223469AE00A57BD1 /* bitmappanel.cpp */,
				E32A5003223469AE00A57BD1 /* bitmappanel.h */,
				E32A5004223469AE00A57BD1 /* newquery.cpp */,
				E32A5005223469AE00A57BD1 /* newquery.h */,
				E362C40020F475990089E44E /* odbccredentials.cpp */,
				E362C40120F475990089E44E /* odbccredentials.h */,
				E3E62CC71EF71830005BBB37 /* addcolumnsdialog.cpp */,
				E3E62CC81EF71830005BBB37 /* addcolumnsdialog.h */,
				E33E6F801EAD310A003A0B92 /* getobjectname.cpp */,
				E33E6F811EAD310A003A0B92 /* getobjectname.h */,
				E33E6F821EAD310A003A0B92 /* jointype.cpp */,
				E33E6F831EAD310A003A0B92 /* jointype.h */,
				E33E6F361E46EE1C003A0B92 /* foreignkey.cpp */,
				E33E6F371E46EE1C003A0B92 /* foreignkey.h */,
				E3E91D861DEE520B00675CF8 /* properties.cpp */,
				E3E91D871DEE520B00675CF8 /* properties.h */,
				E3E91D3A1DC678C900675CF8 /* createindex.cpp */,
				E3E91D3B1DC678C900675CF8 /* createindex.h */,
				E3D1394A1D0D0D7100A5A0F7 /* databasetype.cpp */,
				E3D1394B1D0D0D7100A5A0F7 /* databasetype.h */,
				E3D1394C1D0D0D7100A5A0F7 /* dialogs.cpp */,
				E3D1394D1D0D0D7100A5A0F7 /* odbcconfigure.cpp */,
				E3D1394E1D0D0D7100A5A0F7 /* odbcconfigure.h */,
				E3D1394F1D0D0D7100A5A0F7 /* selecttables.cpp */,
				E3D139501D0D0D7100A5A0F7 /* selecttables.h */,
				E3B8E3E3252F769600346516 /* attachdb.cpp */,
				E3B8E3E4252F769600346516 /* attachdb.h */,
				E36BCFB925D417470019E587 /* setfilter.cpp */,
				E36BCFBA25D417470019E587 /* setfilter.h */,
			);
			name = libdialogs;
			sourceTree = "<group>";
		};
/* End PBXGroup section */

/* Begin PBXHeadersBuildPhase section */
		E3D1393A1D0D0CD100A5A0F7 /* Headers */ = {
			isa = PBXHeadersBuildPhase;
			buildActionMask = 2147483647;
			files = (
				E32A5019223F243C00A57BD1 /* quickselect.h in Headers */,
				E32A5015223F1AE600A57BD1 /* retrievalarguments.h in Headers */,
				E32A5007223469AE00A57BD1 /* bitmappanel.h in Headers */,
				E3D139521D0D0D7100A5A0F7 /* databasetype.h in Headers */,
				E3E62CCA1EF71830005BBB37 /* addcolumnsdialog.h in Headers */,
				E36BCFBC25D417470019E587 /* setfilter.h in Headers */,
				E3D139571D0D0D7100A5A0F7 /* selecttables.h in Headers */,
				E32A5013223F1AE600A57BD1 /* queryoptions.h in Headers */,
				E3B8E3E925487B7800346516 /* detachdb.h in Headers */,
				E3132ECD28654B2A00AD669F /* datasource.h in Headers */,
				E33E6F871EAD310A003A0B92 /* jointype.h in Headers */,
				E33E6F851EAD310A003A0B92 /* getobjectname.h in Headers */,
				E3D139551D0D0D7100A5A0F7 /* odbcconfigure.h in Headers */,
				E33E6F391E46EE1C003A0B92 /* foreignkey.h in Headers */,
				E32A5011223F1AE600A57BD1 /* createdatabase.h in Headers */,
				E3607DCB23A6E19200267C14 /* typecombobox.h in Headers */,
				E3607DCF23C4417F00267C14 /* gotoline.h in Headers */,
				E3132EDC2879084C00AD669F /* dialogs.h in Headers */,
				E32A5009223469AE00A57BD1 /* newquery.h in Headers */,
				E3E91D3D1DC678C900675CF8 /* createindex.h in Headers */,
				E3E91D891DEE520B00675CF8 /* properties.h in Headers */,
				E362C40320F475990089E44E /* odbccredentials.h in Headers */,
				E3B8E3E6252F769600346516 /* attachdb.h in Headers */,
			);
			runOnlyForDeploymentPostprocessing = 0;
		};
/* End PBXHeadersBuildPhase section */

/* Begin PBXNativeTarget section */
		E3D1393B1D0D0CD100A5A0F7 /* libdialogs */ = {
			isa = PBXNativeTarget;
			buildConfigurationList = E3D139401D0D0CD100A5A0F7 /* Build configuration list for PBXNativeTarget "libdialogs" */;
			buildPhases = (
				E3D139381D0D0CD100A5A0F7 /* Sources */,
				E3D139391D0D0CD100A5A0F7 /* Frameworks */,
				E3D1393A1D0D0CD100A5A0F7 /* Headers */,
			);
			buildRules = (
			);
			dependencies = (
			);
			name = libdialogs;
			productName = libdialogs;
			productReference = E3D1393C1D0D0CD100A5A0F7 /* liblibdialogs.dylib */;
			productType = "com.apple.product-type.library.dynamic";
		};
/* End PBXNativeTarget section */

/* Begin PBXProject section */
		E3D139341D0D0CD100A5A0F7 /* Project object */ = {
			isa = PBXProject;
			attributes = {
				LastUpgradeCheck = 0510;
				ORGANIZATIONNAME = "Igor Korot";
			};
			buildConfigurationList = E3D139371D0D0CD100A5A0F7 /* Build configuration list for PBXProject "libdialogs" */;
			compatibilityVersion = "Xcode 3.2";
			developmentRegion = English;
			hasScannedForEncodings = 0;
			knownRegions = (
				en,
			);
			mainGroup = E3D139331D0D0CD100A5A0F7;
			productRefGroup = E3D1393D1D0D0CD100A5A0F7 /* Products */;
			projectDirPath = "";
			projectRoot = "";
			targets = (
				E3D1393B1D0D0CD100A5A0F7 /* libdialogs */,
			);
		};
/* End PBXProject section */

/* Begin PBXSourcesBuildPhase section */
		E3D139381D0D0CD100A5A0F7 /* Sources */ = {
			isa = PBXSourcesBuildPhase;
			buildActionMask = 2147483647;
			files = (
				E362C40220F475990089E44E /* odbccredentials.cpp in Sources */,
				E32A5006223469AE00A57BD1 /* bitmappanel.cpp in Sources */,
				E32A5010223F1AE600A57BD1 /* createdatabase.cpp in Sources */,
				E3D139561D0D0D7100A5A0F7 /* selecttables.cpp in Sources */,
				E36BCFBB25D417470019E587 /* setfilter.cpp in Sources */,
				E3B8E3E5252F769600346516 /* attachdb.cpp in Sources */,
				E33E6F381E46EE1C003A0B92 /* foreignkey.cpp in Sources */,
				E33E6F841EAD310A003A0B92 /* getobjectname.cpp in Sources */,
				E3132ECC28654B2A00AD669F /* datasource.cpp in Sources */,
				E3E62CC91EF71830005BBB37 /* addcolumnsdialog.cpp in Sources */,
				E3D139541D0D0D7100A5A0F7 /* odbcconfigure.cpp in Sources */,
				E3E91D3C1DC678C900675CF8 /* createindex.cpp in Sources */,
				E3D139511D0D0D7100A5A0F7 /* databasetype.cpp in Sources */,
				E3607DCA23A6E19200267C14 /* typecombobox.cpp in Sources */,
				E3607DCE23C4417E00267C14 /* gotoline.cpp in Sources */,
				E32A5008223469AE00A57BD1 /* newquery.cpp in Sources */,
				E32A5018223F243C00A57BD1 /* quickselect.cpp in Sources */,
				E3B8E3EA25487B7800346516 /* detachdb.cpp in Sources */,
				E32A5014223F1AE600A57BD1 /* retrievalarguments.cpp in Sources */,
				E3E91D881DEE520B00675CF8 /* properties.cpp in Sources */,
				E3D139531D0D0D7100A5A0F7 /* dialogs.cpp in Sources */,
				E32A5012223F1AE600A57BD1 /* queryoptions.cpp in Sources */,
				E33E6F861EAD310A003A0B92 /* jointype.cpp in Sources */,
			);
			runOnlyForDeploymentPostprocessing = 0;
		};
/* End PBXSourcesBuildPhase section */

/* Begin XCBuildConfiguration section */
		E3D1393E1D0D0CD100A5A0F7 /* Debug */ = {
			isa = XCBuildConfiguration;
			buildSettings = {
				ALWAYS_SEARCH_USER_PATHS = NO;
				CLANG_CXX_LANGUAGE_STANDARD = "gnu++0x";
				CLANG_CXX_LIBRARY = "libc++";
				CLANG_ENABLE_MODULES = YES;
				CLANG_ENABLE_OBJC_ARC = YES;
				CLANG_WARN_BOOL_CONVERSION = YES;
				CLANG_WARN_CONSTANT_CONVERSION = YES;
				CLANG_WARN_DIRECT_OBJC_ISA_USAGE = YES_ERROR;
				CLANG_WARN_EMPTY_BODY = YES;
				CLANG_WARN_ENUM_CONVERSION = YES;
				CLANG_WARN_INT_CONVERSION = YES;
				CLANG_WARN_OBJC_ROOT_CLASS = YES_ERROR;
				CLANG_WARN__DUPLICATE_METHOD_MATCH = YES;
				COPY_PHASE_STRIP = NO;
				GCC_C_LANGUAGE_STANDARD = gnu99;
				GCC_DYNAMIC_NO_PIC = NO;
				GCC_ENABLE_OBJC_EXCEPTIONS = YES;
				GCC_OPTIMIZATION_LEVEL = 0;
				GCC_PREPROCESSOR_DEFINITIONS = (
					"DEBUG=1",
					"$(inherited)",
				);
				GCC_SYMBOLS_PRIVATE_EXTERN = NO;
				GCC_WARN_64_TO_32_BIT_CONVERSION = YES;
				GCC_WARN_ABOUT_RETURN_TYPE = YES_ERROR;
				GCC_WARN_UNDECLARED_SELECTOR = YES;
				GCC_WARN_UNINITIALIZED_AUTOS = YES_AGGRESSIVE;
				GCC_WARN_UNUSED_FUNCTION = YES;
				GCC_WARN_UNUSED_VARIABLE = YES;
				MACOSX_DEPLOYMENT_TARGET = 10.8;
				ONLY_ACTIVE_ARCH = YES;
				SDKROOT = macosx;
			};
			name = Debug;
		};
		E3D1393F1D0D0CD100A5A0F7 /* Release */ = {
			isa = XCBuildConfiguration;
			buildSettings = {
				ALWAYS_SEARCH_USER_PATHS = NO;
				CLANG_CXX_LANGUAGE_STANDARD = "gnu++0x";
				CLANG_CXX_LIBRARY = "libc++";
				CLANG_ENABLE_MODULES = YES;
				CLANG_ENABLE_OBJC_ARC = YES;
				CLANG_WARN_BOOL_CONVERSION = YES;
				CLANG_WARN_CONSTANT_CONVERSION = YES;
				CLANG_WARN_DIRECT_OBJC_ISA_USAGE = YES_ERROR;
				CLANG_WARN_EMPTY_BODY = YES;
				CLANG_WARN_ENUM_CONVERSION = YES;
				CLANG_WARN_INT_CONVERSION = YES;
				CLANG_WARN_OBJC_ROOT_CLASS = YES_ERROR;
				CLANG_WARN__DUPLICATE_METHOD_MATCH = YES;
				COPY_PHASE_STRIP = YES;
				DEBUG_INFORMATION_FORMAT = "dwarf-with-dsym";
				ENABLE_NS_ASSERTIONS = NO;
				GCC_C_LANGUAGE_STANDARD = gnu99;
				GCC_ENABLE_OBJC_EXCEPTIONS = YES;
				GCC_WARN_64_TO_32_BIT_CONVERSION = YES;
				GCC_WARN_ABOUT_RETURN_TYPE = YES_ERROR;
				GCC_WARN_UNDECLARED_SELECTOR = YES;
				GCC_WARN_UNINITIALIZED_AUTOS = YES_AGGRESSIVE;
				GCC_WARN_UNUSED_FUNCTION = YES;
				GCC_WARN_UNUSED_VARIABLE = YES;
				MACOSX_DEPLOYMENT_TARGET = 10.8;
				SDKROOT = macosx;
			};
			name = Release;
		};
		E3D139411D0D0CD100A5A0F7 /* Debug */ = {
			isa = XCBuildConfiguration;
			buildSettings = {
				CLANG_CXX_LANGUAGE_STANDARD = "c++0x";
				EXECUTABLE_PREFIX = lib;
				GCC_PREPROCESSOR_DEFINITIONS = (
					"DEBUG=1",
					"$(inherited)",
					"_FILE_OFFSET_BITS=64",
					WXUSINGDLL,
					__WXMAC__,
					__WXOSX__,
					__WXOSX_COCOA__,
				);
				HEADER_SEARCH_PATHS = (
					"$(inherited)",
					/Applications/Xcode.app/Contents/Developer/Toolchains/XcodeDefault.xctoolchain/usr/include,
					"/Users/igorkorot/wxWidgets/buildC11/lib/wx/include/osx_cocoa-unicode-3.2",
					/Users/igorkorot/wxWidgets/include,
					../dbinterface,
					../libfieldswindow,
					../libshapeframework,
					../libpropertypages,
					../libpropertieshandlers,
				);
				"HEADER_SEARCH_PATHS[arch=*]" = (
					"$(inherited)",
					/Applications/Xcode.app/Contents/Developer/Toolchains/XcodeDefault.xctoolchain/usr/include,
					"/Users/igorkorot/wxWidgets/buildC11/lib/wx/include/osx_cocoa-unicode-3.2",
					/Users/igorkorot/wxWidgets/include,
					../dbinterface,
					../libfieldswindow,
					../libshapeframework,
					../libpropertypages,
				);
				LD_DYLIB_INSTALL_NAME = "$(DYLIB_INSTALL_NAME_BASE:standardizepath)/$(EXECUTABLE_PATH)";
				LIBRARY_SEARCH_PATHS = (
					"$(inherited)",
					/Users/igorkorot/dbhandler/dbhandler/Build/Products/Debug,
				);
				OTHER_LDFLAGS = (
					"-L/Users/igorkorot/wxWidgets/buildC11/lib",
					"-framework",
					IOKit,
					"-framework",
					Carbon,
					"-framework",
					Cocoa,
					"-framework",
					AudioToolbox,
					"-framework",
					System,
					"-framework",
					OpenGL,
					"-lwx_baseu-3.2",
					"-lwx_osx_cocoau_core-3.2",
					"-lwx_osx_cocoau_adv-3.2",
				);
				PRODUCT_NAME = "$(TARGET_NAME)";
				SDKROOT = macosx10.8;
			};
			name = Debug;
		};
		E3D139421D0D0CD100A5A0F7 /* Release */ = {
			isa = XCBuildConfiguration;
			buildSettings = {
				CLANG_CXX_LANGUAGE_STANDARD = "c++0x";
				EXECUTABLE_PREFIX = lib;
				LIBRARY_SEARCH_PATHS = (
					"$(inherited)",
					/Users/igorkorot/dbhandler/dbhandler/Build/Products/Debug,
				);
				PRODUCT_NAME = "$(TARGET_NAME)";
				SDKROOT = macosx10.8;
			};
			name = Release;
		};
/* End XCBuildConfiguration section */

/* Begin XCConfigurationList section */
		E3D139371D0D0CD100A5A0F7 /* Build configuration list for PBXProject "libdialogs" */ = {
			isa = XCConfigurationList;
			buildConfigurations = (
				E3D1393E1D0D0CD100A5A0F7 /* Debug */,
				E3D1393F1D0D0CD100A5A0F7 /* Release */,
			);
			defaultConfigurationIsVisible = 0;
			defaultConfigurationName = Release;
		};
		E3D139401D0D0CD100A5A0F7 /* Build configuration list for PBXNativeTarget "libdialogs" */ = {
			isa = XCConfigurationList;
			buildConfigurations = (
				E3D139411D0D0CD100A5A0F7 /* Debug */,
				E3D139421D0D0CD100A5A0F7 /* Release */,
			);
			defaultConfigurationIsVisible = 0;
			defaultConfigurationName = Release;
		};
/* End XCConfigurationList section */
	};
	rootObject = E3D139341D0D0CD100A5A0F7 /* Project object */;
}
