// !$*UTF8*$!
{
	archiveVersion = 1;
	classes = {
	};
	objectVersion = 46;
	objects = {

/* Begin PBXBuildFile section */
		E3ABF2661CFE78B300ED706B /* dbloader.cpp in Sources */ = {isa = PBXBuildFile; fileRef = E3ABF2651CFE78B300ED706B /* dbloader.cpp */; };
		E3ABF2681CFE7CD300ED706B /* iODBC.framework in Frameworks */ = {isa = PBXBuildFile; fileRef = E3ABF2671CFE7CD300ED706B /* iODBC.framework */; };
		E3ABF26A1CFE7F0800ED706B /* libdbinterface.a in Frameworks */ = {isa = PBXBuildFile; fileRef = E3ABF2691CFE7F0800ED706B /* libdbinterface.a */; };
		E3ABF26C1CFE7F1000ED706B /* liblibodbc.dylib in Frameworks */ = {isa = PBXBuildFile; fileRef = E3ABF26B1CFE7F1000ED706B /* liblibodbc.dylib */; };
		E3ABF26E1CFE7F2100ED706B /* liblibsqlite.dylib in Frameworks */ = {isa = PBXBuildFile; fileRef = E3ABF26D1CFE7F2100ED706B /* liblibsqlite.dylib */; };
/* End PBXBuildFile section */

/* Begin PBXFileReference section */
		E3ABF2571CFE783100ED706B /* liblibdbloader.dylib */ = {isa = PBXFileReference; explicitFileType = "compiled.mach-o.dylib"; includeInIndex = 0; path = liblibdbloader.dylib; sourceTree = BUILT_PRODUCTS_DIR; };
		E3ABF2651CFE78B300ED706B /* dbloader.cpp */ = {isa = PBXFileReference; fileEncoding = 4; lastKnownFileType = sourcecode.cpp.cpp; path = dbloader.cpp; sourceTree = "<group>"; };
		E3ABF2671CFE7CD300ED706B /* iODBC.framework */ = {isa = PBXFileReference; lastKnownFileType = wrapper.framework; name = iODBC.framework; path = ../../../../../Library/Frameworks/iODBC.framework; sourceTree = "<group>"; };
		E3ABF2691CFE7F0800ED706B /* libdbinterface.a */ = {isa = PBXFileReference; lastKnownFileType = archive.ar; name = libdbinterface.a; path = ../Build/Products/Debug/libdbinterface.a; sourceTree = "<group>"; };
		E3ABF26B1CFE7F1000ED706B /* liblibodbc.dylib */ = {isa = PBXFileReference; lastKnownFileType = "compiled.mach-o.dylib"; name = liblibodbc.dylib; path = ../Build/Products/Debug/liblibodbc.dylib; sourceTree = "<group>"; };
		E3ABF26D1CFE7F2100ED706B /* liblibsqlite.dylib */ = {isa = PBXFileReference; lastKnownFileType = "compiled.mach-o.dylib"; name = liblibsqlite.dylib; path = ../Build/Products/Debug/liblibsqlite.dylib; sourceTree = "<group>"; };
/* End PBXFileReference section */

/* Begin PBXFrameworksBuildPhase section */
		E3ABF2541CFE783100ED706B /* Frameworks */ = {
			isa = PBXFrameworksBuildPhase;
			buildActionMask = 2147483647;
			files = (
				E3ABF26E1CFE7F2100ED706B /* liblibsqlite.dylib in Frameworks */,
				E3ABF26C1CFE7F1000ED706B /* liblibodbc.dylib in Frameworks */,
				E3ABF26A1CFE7F0800ED706B /* libdbinterface.a in Frameworks */,
				E3ABF2681CFE7CD300ED706B /* iODBC.framework in Frameworks */,
			);
			runOnlyForDeploymentPostprocessing = 0;
		};
/* End PBXFrameworksBuildPhase section */

/* Begin PBXGroup section */
		E3ABF24E1CFE783100ED706B = {
			isa = PBXGroup;
			children = (
				E3ABF26D1CFE7F2100ED706B /* liblibsqlite.dylib */,
				E3ABF26B1CFE7F1000ED706B /* liblibodbc.dylib */,
				E3ABF2691CFE7F0800ED706B /* libdbinterface.a */,
				E3ABF2671CFE7CD300ED706B /* iODBC.framework */,
				E3ABF2641CFE784700ED706B /* libdbloader */,
				E3ABF2581CFE783100ED706B /* Products */,
			);
			sourceTree = "<group>";
		};
		E3ABF2581CFE783100ED706B /* Products */ = {
			isa = PBXGroup;
			children = (
				E3ABF2571CFE783100ED706B /* liblibdbloader.dylib */,
			);
			name = Products;
			sourceTree = "<group>";
		};
		E3ABF2641CFE784700ED706B /* libdbloader */ = {
			isa = PBXGroup;
			children = (
				E3ABF2651CFE78B300ED706B /* dbloader.cpp */,
			);
			name = libdbloader;
			sourceTree = "<group>";
		};
/* End PBXGroup section */

/* Begin PBXHeadersBuildPhase section */
		E3ABF2551CFE783100ED706B /* Headers */ = {
			isa = PBXHeadersBuildPhase;
			buildActionMask = 2147483647;
			files = (
			);
			runOnlyForDeploymentPostprocessing = 0;
		};
/* End PBXHeadersBuildPhase section */

/* Begin PBXNativeTarget section */
		E3ABF2561CFE783100ED706B /* libdbloader */ = {
			isa = PBXNativeTarget;
			buildConfigurationList = E3ABF25B1CFE783100ED706B /* Build configuration list for PBXNativeTarget "libdbloader" */;
			buildPhases = (
				E3ABF2531CFE783100ED706B /* Sources */,
				E3ABF2541CFE783100ED706B /* Frameworks */,
				E3ABF2551CFE783100ED706B /* Headers */,
			);
			buildRules = (
			);
			dependencies = (
			);
			name = libdbloader;
			productName = libdbloader;
			productReference = E3ABF2571CFE783100ED706B /* liblibdbloader.dylib */;
			productType = "com.apple.product-type.library.dynamic";
		};
/* End PBXNativeTarget section */

/* Begin PBXProject section */
		E3ABF24F1CFE783100ED706B /* Project object */ = {
			isa = PBXProject;
			attributes = {
				LastUpgradeCheck = 0510;
				ORGANIZATIONNAME = "Igor Korot";
			};
			buildConfigurationList = E3ABF2521CFE783100ED706B /* Build configuration list for PBXProject "libdbloader" */;
			compatibilityVersion = "Xcode 3.2";
			developmentRegion = English;
			hasScannedForEncodings = 0;
			knownRegions = (
				en,
			);
			mainGroup = E3ABF24E1CFE783100ED706B;
			productRefGroup = E3ABF2581CFE783100ED706B /* Products */;
			projectDirPath = "";
			projectRoot = "";
			targets = (
				E3ABF2561CFE783100ED706B /* libdbloader */,
			);
		};
/* End PBXProject section */

/* Begin PBXSourcesBuildPhase section */
		E3ABF2531CFE783100ED706B /* Sources */ = {
			isa = PBXSourcesBuildPhase;
			buildActionMask = 2147483647;
			files = (
				E3ABF2661CFE78B300ED706B /* dbloader.cpp in Sources */,
			);
			runOnlyForDeploymentPostprocessing = 0;
		};
/* End PBXSourcesBuildPhase section */

/* Begin XCBuildConfiguration section */
		E3ABF2591CFE783100ED706B /* Debug */ = {
			isa = XCBuildConfiguration;
			buildSettings = {
				ALWAYS_SEARCH_USER_PATHS = NO;
				CLANG_CXX_LANGUAGE_STANDARD = "gnu++0x";
				CLANG_CXX_LIBRARY = "libc++";
				CLANG_ENABLE_MODULES = YES;
				CLANG_ENABLE_OBJC_ARC = YES;
				CLANG_WARN_BOOL_CONVERSION = YES;
				CLANG_WARN_CONSTANT_CONVERSION = YES;
				CLANG_WARN_DIRECT_OBJC_ISA_USAGE = YES_ERROR;
				CLANG_WARN_EMPTY_BODY = YES;
				CLANG_WARN_ENUM_CONVERSION = YES;
				CLANG_WARN_INT_CONVERSION = YES;
				CLANG_WARN_OBJC_ROOT_CLASS = YES_ERROR;
				CLANG_WARN__DUPLICATE_METHOD_MATCH = YES;
				COPY_PHASE_STRIP = NO;
				GCC_C_LANGUAGE_STANDARD = gnu99;
				GCC_DYNAMIC_NO_PIC = NO;
				GCC_ENABLE_OBJC_EXCEPTIONS = YES;
				GCC_OPTIMIZATION_LEVEL = 0;
				GCC_PREPROCESSOR_DEFINITIONS = (
					"DEBUG=1",
					"$(inherited)",
				);
				GCC_SYMBOLS_PRIVATE_EXTERN = NO;
				GCC_WARN_64_TO_32_BIT_CONVERSION = YES;
				GCC_WARN_ABOUT_RETURN_TYPE = YES_ERROR;
				GCC_WARN_UNDECLARED_SELECTOR = YES;
				GCC_WARN_UNINITIALIZED_AUTOS = YES_AGGRESSIVE;
				GCC_WARN_UNUSED_FUNCTION = YES;
				GCC_WARN_UNUSED_VARIABLE = YES;
				MACOSX_DEPLOYMENT_TARGET = 10.8;
				ONLY_ACTIVE_ARCH = YES;
				SDKROOT = macosx;
			};
			name = Debug;
		};
		E3ABF25A1CFE783100ED706B /* Release */ = {
			isa = XCBuildConfiguration;
			buildSettings = {
				ALWAYS_SEARCH_USER_PATHS = NO;
				CLANG_CXX_LANGUAGE_STANDARD = "gnu++0x";
				CLANG_CXX_LIBRARY = "libc++";
				CLANG_ENABLE_MODULES = YES;
				CLANG_ENABLE_OBJC_ARC = YES;
				CLANG_WARN_BOOL_CONVERSION = YES;
				CLANG_WARN_CONSTANT_CONVERSION = YES;
				CLANG_WARN_DIRECT_OBJC_ISA_USAGE = YES_ERROR;
				CLANG_WARN_EMPTY_BODY = YES;
				CLANG_WARN_ENUM_CONVERSION = YES;
				CLANG_WARN_INT_CONVERSION = YES;
				CLANG_WARN_OBJC_ROOT_CLASS = YES_ERROR;
				CLANG_WARN__DUPLICATE_METHOD_MATCH = YES;
				COPY_PHASE_STRIP = YES;
				DEBUG_INFORMATION_FORMAT = "dwarf-with-dsym";
				ENABLE_NS_ASSERTIONS = NO;
				GCC_C_LANGUAGE_STANDARD = gnu99;
				GCC_ENABLE_OBJC_EXCEPTIONS = YES;
				GCC_WARN_64_TO_32_BIT_CONVERSION = YES;
				GCC_WARN_ABOUT_RETURN_TYPE = YES_ERROR;
				GCC_WARN_UNDECLARED_SELECTOR = YES;
				GCC_WARN_UNINITIALIZED_AUTOS = YES_AGGRESSIVE;
				GCC_WARN_UNUSED_FUNCTION = YES;
				GCC_WARN_UNUSED_VARIABLE = YES;
				MACOSX_DEPLOYMENT_TARGET = 10.8;
				SDKROOT = macosx;
			};
			name = Release;
		};
		E3ABF25C1CFE783100ED706B /* Debug */ = {
			isa = XCBuildConfiguration;
			buildSettings = {
				EXECUTABLE_PREFIX = lib;
				FRAMEWORK_SEARCH_PATHS = (
					"$(inherited)",
					"$(LOCAL_LIBRARY_DIR)/Frameworks",
				);
				GCC_PREPROCESSOR_DEFINITIONS = (
					"DEBUG=1",
					"$(inherited)",
					"_FILE_OFFSET_BITS=64",
					WXUSINGDLL,
					__WXMAC__,
					__WXOSX__,
					__WXOSX_COCOA__,
					_IODBCUNIX_FRAMEWORK,
				);
				HEADER_SEARCH_PATHS = (
					"$(inherited)",
					/Applications/Xcode.app/Contents/Developer/Toolchains/XcodeDefault.xctoolchain/usr/include,
					"/Users/igorkorot/wxWidgets/buildMac/lib/wx/include/osx_cocoa-unicode-3.1",
					/Users/igorkorot/wxWidgets/include,
					../dbinterface,
					../libsqlite,
					../libodbc,
				);
				LIBRARY_SEARCH_PATHS = (
					"$(inherited)",
					/Users/igorkorot/dbhandler/dbhandler/Build/Products/Debug,
				);
				OTHER_LDFLAGS = (
					"-L/Users/igorkorot/wxWidgets/buildMac/lib",
					"-framework",
					IOKit,
					"-framework",
					Carbon,
					"-framework",
					Cocoa,
					"-framework",
					AudioToolbox,
					"-framework",
					System,
					"-framework",
					OpenGL,
					"-lwx_osx_cocoau_xrc-3.1",
					"-lwx_osx_cocoau_html-3.1",
					"-lwx_osx_cocoau_qa-3.1",
					"-lwx_osx_cocoau_adv-3.1",
					"-lwx_osx_cocoau_core-3.1",
					"-lwx_baseu_xml-3.1",
					"-lwx_baseu_net-3.1",
					"-lwx_baseu-3.1",
				);
				PRODUCT_NAME = "$(TARGET_NAME)";
				SDKROOT = macosx10.8;
			};
			name = Debug;
		};
		E3ABF25D1CFE783100ED706B /* Release */ = {
			isa = XCBuildConfiguration;
			buildSettings = {
				EXECUTABLE_PREFIX = lib;
				FRAMEWORK_SEARCH_PATHS = (
					"$(inherited)",
					"$(LOCAL_LIBRARY_DIR)/Frameworks",
				);
				LIBRARY_SEARCH_PATHS = (
					"$(inherited)",
					/Users/igorkorot/dbhandler/dbhandler/Build/Products/Debug,
				);
				PRODUCT_NAME = "$(TARGET_NAME)";
				SDKROOT = macosx10.8;
			};
			name = Release;
		};
/* End XCBuildConfiguration section */

/* Begin XCConfigurationList section */
		E3ABF2521CFE783100ED706B /* Build configuration list for PBXProject "libdbloader" */ = {
			isa = XCConfigurationList;
			buildConfigurations = (
				E3ABF2591CFE783100ED706B /* Debug */,
				E3ABF25A1CFE783100ED706B /* Release */,
			);
			defaultConfigurationIsVisible = 0;
			defaultConfigurationName = Release;
		};
		E3ABF25B1CFE783100ED706B /* Build configuration list for PBXNativeTarget "libdbloader" */ = {
			isa = XCConfigurationList;
			buildConfigurations = (
				E3ABF25C1CFE783100ED706B /* Debug */,
				E3ABF25D1CFE783100ED706B /* Release */,
			);
			defaultConfigurationIsVisible = 0;
		};
/* End XCConfigurationList section */
	};
	rootObject = E3ABF24F1CFE783100ED706B /* Project object */;
}
