// !$*UTF8*$!
{
	archiveVersion = 1;
	classes = {
	};
	objectVersion = 46;
	objects = {

/* Begin PBXBuildFile section */
		E38709051D431FDA004EF478 /* ArrowBase.cpp in Sources */ = {isa = PBXBuildFile; fileRef = E38708EF1D431FDA004EF478 /* ArrowBase.cpp */; };
		E38709061D431FDA004EF478 /* AutoLayout.cpp in Sources */ = {isa = PBXBuildFile; fileRef = E38708F01D431FDA004EF478 /* AutoLayout.cpp */; };
		E38709071D431FDA004EF478 /* BitmapShape.cpp in Sources */ = {isa = PBXBuildFile; fileRef = E38708F11D431FDA004EF478 /* BitmapShape.cpp */; };
		E38709081D431FDA004EF478 /* BitmapShapeXml.cpp in Sources */ = {isa = PBXBuildFile; fileRef = E38708F21D431FDA004EF478 /* BitmapShapeXml.cpp */; };
		E38709091D431FDA004EF478 /* CanvasHistory.cpp in Sources */ = {isa = PBXBuildFile; fileRef = E38708F31D431FDA004EF478 /* CanvasHistory.cpp */; };
		E387090A1D431FDA004EF478 /* CanvasState.cpp in Sources */ = {isa = PBXBuildFile; fileRef = E38708F41D431FDA004EF478 /* CanvasState.cpp */; };
		E387090B1D431FDA004EF478 /* CircleArrow.cpp in Sources */ = {isa = PBXBuildFile; fileRef = E38708F51D431FDA004EF478 /* CircleArrow.cpp */; };
		E387090C1D431FDA004EF478 /* CircleShape.cpp in Sources */ = {isa = PBXBuildFile; fileRef = E38708F61D431FDA004EF478 /* CircleShape.cpp */; };
		E387090D1D431FDA004EF478 /* CommonFcn.cpp in Sources */ = {isa = PBXBuildFile; fileRef = E38708F71D431FDA004EF478 /* CommonFcn.cpp */; };
		E387090E1D431FDA004EF478 /* ControlShape.cpp in Sources */ = {isa = PBXBuildFile; fileRef = E38708F81D431FDA004EF478 /* ControlShape.cpp */; };
		E387090F1D431FDA004EF478 /* CurveShape.cpp in Sources */ = {isa = PBXBuildFile; fileRef = E38708F91D431FDA004EF478 /* CurveShape.cpp */; };
		E38709101D431FDA004EF478 /* Defs.h in Headers */ = {isa = PBXBuildFile; fileRef = E38708FA1D431FDA004EF478 /* Defs.h */; };
		E38709111D431FDA004EF478 /* DiagramManager.cpp in Sources */ = {isa = PBXBuildFile; fileRef = E38708FB1D431FDA004EF478 /* DiagramManager.cpp */; };
		E38709121D431FDA004EF478 /* DiagramManager.h in Headers */ = {isa = PBXBuildFile; fileRef = E38708FC1D431FDA004EF478 /* DiagramManager.h */; };
		E38709131D431FDA004EF478 /* DiamondArrow.cpp in Sources */ = {isa = PBXBuildFile; fileRef = E38708FD1D431FDA004EF478 /* DiamondArrow.cpp */; };
		E38709141D431FDA004EF478 /* DiamondShape.cpp in Sources */ = {isa = PBXBuildFile; fileRef = E38708FE1D431FDA004EF478 /* DiamondShape.cpp */; };
		E38709151D431FDA004EF478 /* EditTextShape.cpp in Sources */ = {isa = PBXBuildFile; fileRef = E38708FF1D431FDA004EF478 /* EditTextShape.cpp */; };
		E38709161D431FDA004EF478 /* EllipseShape.cpp in Sources */ = {isa = PBXBuildFile; fileRef = E38709001D431FDA004EF478 /* EllipseShape.cpp */; };
		E38709171D431FDA004EF478 /* FixedRectShape.cpp in Sources */ = {isa = PBXBuildFile; fileRef = E38709011D431FDA004EF478 /* FixedRectShape.cpp */; };
		E38709181D431FDA004EF478 /* FlexGridShape.cpp in Sources */ = {isa = PBXBuildFile; fileRef = E38709021D431FDA004EF478 /* FlexGridShape.cpp */; };
		E38709191D431FDA004EF478 /* GridShape.cpp in Sources */ = {isa = PBXBuildFile; fileRef = E38709031D431FDA004EF478 /* GridShape.cpp */; };
		E387091A1D431FDA004EF478 /* LineShape.cpp in Sources */ = {isa = PBXBuildFile; fileRef = E38709041D431FDA004EF478 /* LineShape.cpp */; };
		E38709231D43201B004EF478 /* MultiSelRect.cpp in Sources */ = {isa = PBXBuildFile; fileRef = E387091B1D43201B004EF478 /* MultiSelRect.cpp */; };
		E38709241D43201B004EF478 /* OpenArrow.cpp in Sources */ = {isa = PBXBuildFile; fileRef = E387091C1D43201B004EF478 /* OpenArrow.cpp */; };
		E38709251D43201B004EF478 /* OrthoShape.cpp in Sources */ = {isa = PBXBuildFile; fileRef = E387091D1D43201B004EF478 /* OrthoShape.cpp */; };
		E38709261D43201B004EF478 /* PolygonShape.cpp in Sources */ = {isa = PBXBuildFile; fileRef = E387091E1D43201B004EF478 /* PolygonShape.cpp */; };
		E38709271D43201B004EF478 /* PolygonShapeXml.cpp in Sources */ = {isa = PBXBuildFile; fileRef = E387091F1D43201B004EF478 /* PolygonShapeXml.cpp */; };
		E38709281D43201B004EF478 /* Printout.cpp in Sources */ = {isa = PBXBuildFile; fileRef = E38709201D43201B004EF478 /* Printout.cpp */; };
		E38709291D43201B004EF478 /* PropertyIO.h in Headers */ = {isa = PBXBuildFile; fileRef = E38709211D43201B004EF478 /* PropertyIO.h */; };
		E387092A1D43201B004EF478 /* RectShape.cpp in Sources */ = {isa = PBXBuildFile; fileRef = E38709221D43201B004EF478 /* RectShape.cpp */; };
		E38709391D432071004EF478 /* RoundOrthoShape.cpp in Sources */ = {isa = PBXBuildFile; fileRef = E387092B1D432071004EF478 /* RoundOrthoShape.cpp */; };
		E387093A1D432071004EF478 /* RoundRectShape.cpp in Sources */ = {isa = PBXBuildFile; fileRef = E387092C1D432071004EF478 /* RoundRectShape.cpp */; };
		E387093B1D432071004EF478 /* ScaledDC.cpp in Sources */ = {isa = PBXBuildFile; fileRef = E387092D1D432071004EF478 /* ScaledDC.cpp */; };
		E387093C1D432071004EF478 /* SFEvents.cpp in Sources */ = {isa = PBXBuildFile; fileRef = E387092E1D432071004EF478 /* SFEvents.cpp */; };
		E387093D1D432071004EF478 /* ShapeBase.cpp in Sources */ = {isa = PBXBuildFile; fileRef = E387092F1D432071004EF478 /* ShapeBase.cpp */; };
		E387093E1D432071004EF478 /* ShapeBaseXml.cpp in Sources */ = {isa = PBXBuildFile; fileRef = E38709301D432071004EF478 /* ShapeBaseXml.cpp */; };
		E387093F1D432071004EF478 /* ShapeCanvas.cpp in Sources */ = {isa = PBXBuildFile; fileRef = E38709311D432071004EF478 /* ShapeCanvas.cpp */; };
		E38709401D432071004EF478 /* ShapeDataObject.cpp in Sources */ = {isa = PBXBuildFile; fileRef = E38709321D432071004EF478 /* ShapeDataObject.cpp */; };
		E38709411D432071004EF478 /* ShapeDockpoint.cpp in Sources */ = {isa = PBXBuildFile; fileRef = E38709331D432071004EF478 /* ShapeDockpoint.cpp */; };
		E38709421D432071004EF478 /* ShapeHandle.cpp in Sources */ = {isa = PBXBuildFile; fileRef = E38709341D432071004EF478 /* ShapeHandle.cpp */; };
		E38709431D432071004EF478 /* SolidArrow.cpp in Sources */ = {isa = PBXBuildFile; fileRef = E38709351D432071004EF478 /* SolidArrow.cpp */; };
		E38709441D432071004EF478 /* TextShape.cpp in Sources */ = {isa = PBXBuildFile; fileRef = E38709361D432071004EF478 /* TextShape.cpp */; };
		E38709451D432071004EF478 /* TextShapeXml.cpp in Sources */ = {isa = PBXBuildFile; fileRef = E38709371D432071004EF478 /* TextShapeXml.cpp */; };
		E38709461D432071004EF478 /* Thumbnail.cpp in Sources */ = {isa = PBXBuildFile; fileRef = E38709381D432071004EF478 /* Thumbnail.cpp */; };
		E387096F1D4320AA004EF478 /* ArrowBase.h in Headers */ = {isa = PBXBuildFile; fileRef = E38709481D4320A9004EF478 /* ArrowBase.h */; };
		E38709701D4320AA004EF478 /* AutoLayout.h in Headers */ = {isa = PBXBuildFile; fileRef = E38709491D4320A9004EF478 /* AutoLayout.h */; };
		E38709711D4320AA004EF478 /* BitmapShape.h in Headers */ = {isa = PBXBuildFile; fileRef = E387094A1D4320A9004EF478 /* BitmapShape.h */; };
		E38709721D4320AA004EF478 /* CanvasHistory.h in Headers */ = {isa = PBXBuildFile; fileRef = E387094B1D4320A9004EF478 /* CanvasHistory.h */; };
		E38709731D4320AA004EF478 /* CanvasState.h in Headers */ = {isa = PBXBuildFile; fileRef = E387094C1D4320A9004EF478 /* CanvasState.h */; };
		E38709741D4320AA004EF478 /* CircleArrow.h in Headers */ = {isa = PBXBuildFile; fileRef = E387094D1D4320AA004EF478 /* CircleArrow.h */; };
		E38709751D4320AA004EF478 /* CircleShape.h in Headers */ = {isa = PBXBuildFile; fileRef = E387094E1D4320AA004EF478 /* CircleShape.h */; };
		E38709761D4320AA004EF478 /* CommonFcn.h in Headers */ = {isa = PBXBuildFile; fileRef = E387094F1D4320AA004EF478 /* CommonFcn.h */; };
		E38709771D4320AA004EF478 /* ControlShape.h in Headers */ = {isa = PBXBuildFile; fileRef = E38709501D4320AA004EF478 /* ControlShape.h */; };
		E38709781D4320AA004EF478 /* CurveShape.h in Headers */ = {isa = PBXBuildFile; fileRef = E38709511D4320AA004EF478 /* CurveShape.h */; };
		E38709791D4320AA004EF478 /* Defs.h in Headers */ = {isa = PBXBuildFile; fileRef = E38709521D4320AA004EF478 /* Defs.h */; };
		E387097A1D4320AA004EF478 /* DiagramManager.h in Headers */ = {isa = PBXBuildFile; fileRef = E38709531D4320AA004EF478 /* DiagramManager.h */; };
		E387097B1D4320AA004EF478 /* DiamondArrow.h in Headers */ = {isa = PBXBuildFile; fileRef = E38709541D4320AA004EF478 /* DiamondArrow.h */; };
		E387097C1D4320AA004EF478 /* DiamondShape.h in Headers */ = {isa = PBXBuildFile; fileRef = E38709551D4320AA004EF478 /* DiamondShape.h */; };
		E387097D1D4320AA004EF478 /* EditTextShape.h in Headers */ = {isa = PBXBuildFile; fileRef = E38709561D4320AA004EF478 /* EditTextShape.h */; };
		E387097E1D4320AA004EF478 /* EllipseShape.h in Headers */ = {isa = PBXBuildFile; fileRef = E38709571D4320AA004EF478 /* EllipseShape.h */; };
		E387097F1D4320AA004EF478 /* FixedRectShape.h in Headers */ = {isa = PBXBuildFile; fileRef = E38709581D4320AA004EF478 /* FixedRectShape.h */; };
		E38709801D4320AA004EF478 /* FlexGridShape.h in Headers */ = {isa = PBXBuildFile; fileRef = E38709591D4320AA004EF478 /* FlexGridShape.h */; };
		E38709811D4320AA004EF478 /* GridShape.h in Headers */ = {isa = PBXBuildFile; fileRef = E387095A1D4320AA004EF478 /* GridShape.h */; };
		E38709821D4320AA004EF478 /* LineShape.h in Headers */ = {isa = PBXBuildFile; fileRef = E387095B1D4320AA004EF478 /* LineShape.h */; };
		E38709831D4320AA004EF478 /* MultiSelRect.h in Headers */ = {isa = PBXBuildFile; fileRef = E387095C1D4320AA004EF478 /* MultiSelRect.h */; };
		E38709841D4320AA004EF478 /* OpenArrow.h in Headers */ = {isa = PBXBuildFile; fileRef = E387095D1D4320AA004EF478 /* OpenArrow.h */; };
		E38709851D4320AA004EF478 /* OrthoShape.h in Headers */ = {isa = PBXBuildFile; fileRef = E387095E1D4320AA004EF478 /* OrthoShape.h */; };
		E38709861D4320AA004EF478 /* PolygonShape.h in Headers */ = {isa = PBXBuildFile; fileRef = E387095F1D4320AA004EF478 /* PolygonShape.h */; };
		E38709871D4320AA004EF478 /* Printout.h in Headers */ = {isa = PBXBuildFile; fileRef = E38709601D4320AA004EF478 /* Printout.h */; };
		E38709881D4320AA004EF478 /* RectShape.h in Headers */ = {isa = PBXBuildFile; fileRef = E38709611D4320AA004EF478 /* RectShape.h */; };
		E38709891D4320AA004EF478 /* RoundOrthoShape.h in Headers */ = {isa = PBXBuildFile; fileRef = E38709621D4320AA004EF478 /* RoundOrthoShape.h */; };
		E387098A1D4320AA004EF478 /* RoundRectShape.h in Headers */ = {isa = PBXBuildFile; fileRef = E38709631D4320AA004EF478 /* RoundRectShape.h */; };
		E387098B1D4320AA004EF478 /* ScaledDC.h in Headers */ = {isa = PBXBuildFile; fileRef = E38709641D4320AA004EF478 /* ScaledDC.h */; };
		E387098C1D4320AA004EF478 /* SFEvents.h in Headers */ = {isa = PBXBuildFile; fileRef = E38709651D4320AA004EF478 /* SFEvents.h */; };
		E387098D1D4320AA004EF478 /* ShapeBase.h in Headers */ = {isa = PBXBuildFile; fileRef = E38709661D4320AA004EF478 /* ShapeBase.h */; };
		E387098E1D4320AA004EF478 /* ShapeCanvas.h in Headers */ = {isa = PBXBuildFile; fileRef = E38709671D4320AA004EF478 /* ShapeCanvas.h */; };
		E387098F1D4320AA004EF478 /* ShapeDataObject.h in Headers */ = {isa = PBXBuildFile; fileRef = E38709681D4320AA004EF478 /* ShapeDataObject.h */; };
		E38709901D4320AA004EF478 /* ShapeDockpoint.h in Headers */ = {isa = PBXBuildFile; fileRef = E38709691D4320AA004EF478 /* ShapeDockpoint.h */; };
		E38709911D4320AA004EF478 /* ShapeHandle.h in Headers */ = {isa = PBXBuildFile; fileRef = E387096A1D4320AA004EF478 /* ShapeHandle.h */; };
		E38709921D4320AA004EF478 /* SolidArrow.h in Headers */ = {isa = PBXBuildFile; fileRef = E387096B1D4320AA004EF478 /* SolidArrow.h */; };
		E38709931D4320AA004EF478 /* TextShape.h in Headers */ = {isa = PBXBuildFile; fileRef = E387096C1D4320AA004EF478 /* TextShape.h */; };
		E38709941D4320AA004EF478 /* Thumbnail.h in Headers */ = {isa = PBXBuildFile; fileRef = E387096D1D4320AA004EF478 /* Thumbnail.h */; };
		E38709951D4320AA004EF478 /* wxShapeFramework.h in Headers */ = {isa = PBXBuildFile; fileRef = E387096E1D4320AA004EF478 /* wxShapeFramework.h */; };
		E387099C1D4320C8004EF478 /* Defs.h in Headers */ = {isa = PBXBuildFile; fileRef = E38709971D4320C8004EF478 /* Defs.h */; };
		E387099D1D4320C8004EF478 /* PropertyIO.cpp in Sources */ = {isa = PBXBuildFile; fileRef = E38709981D4320C8004EF478 /* PropertyIO.cpp */; };
		E387099E1D4320C8004EF478 /* PropertyIO.h in Headers */ = {isa = PBXBuildFile; fileRef = E38709991D4320C8004EF478 /* PropertyIO.h */; };
		E387099F1D4320C8004EF478 /* XmlSerializer.cpp in Sources */ = {isa = PBXBuildFile; fileRef = E387099A1D4320C8004EF478 /* XmlSerializer.cpp */; };
		E38709A01D4320C8004EF478 /* XmlSerializer.h in Headers */ = {isa = PBXBuildFile; fileRef = E387099B1D4320C8004EF478 /* XmlSerializer.h */; };
		E38709A21D4320E0004EF478 /* XmlSerializer.h in Headers */ = {isa = PBXBuildFile; fileRef = E38709A11D4320E0004EF478 /* XmlSerializer.h */; };
/* End PBXBuildFile section */

/* Begin PBXFileReference section */
		E38708E11D431E9B004EF478 /* liblibshapeframework.dylib */ = {isa = PBXFileReference; explicitFileType = "compiled.mach-o.dylib"; includeInIndex = 0; path = liblibshapeframework.dylib; sourceTree = BUILT_PRODUCTS_DIR; };
		E38708EF1D431FDA004EF478 /* ArrowBase.cpp */ = {isa = PBXFileReference; fileEncoding = 4; lastKnownFileType = sourcecode.cpp.cpp; path = ArrowBase.cpp; sourceTree = "<group>"; };
		E38708F01D431FDA004EF478 /* AutoLayout.cpp */ = {isa = PBXFileReference; fileEncoding = 4; lastKnownFileType = sourcecode.cpp.cpp; path = AutoLayout.cpp; sourceTree = "<group>"; };
		E38708F11D431FDA004EF478 /* BitmapShape.cpp */ = {isa = PBXFileReference; fileEncoding = 4; lastKnownFileType = sourcecode.cpp.cpp; path = BitmapShape.cpp; sourceTree = "<group>"; };
		E38708F21D431FDA004EF478 /* BitmapShapeXml.cpp */ = {isa = PBXFileReference; fileEncoding = 4; lastKnownFileType = sourcecode.cpp.cpp; path = BitmapShapeXml.cpp; sourceTree = "<group>"; };
		E38708F31D431FDA004EF478 /* CanvasHistory.cpp */ = {isa = PBXFileReference; fileEncoding = 4; lastKnownFileType = sourcecode.cpp.cpp; path = CanvasHistory.cpp; sourceTree = "<group>"; };
		E38708F41D431FDA004EF478 /* CanvasState.cpp */ = {isa = PBXFileReference; fileEncoding = 4; lastKnownFileType = sourcecode.cpp.cpp; path = CanvasState.cpp; sourceTree = "<group>"; };
		E38708F51D431FDA004EF478 /* CircleArrow.cpp */ = {isa = PBXFileReference; fileEncoding = 4; lastKnownFileType = sourcecode.cpp.cpp; path = CircleArrow.cpp; sourceTree = "<group>"; };
		E38708F61D431FDA004EF478 /* CircleShape.cpp */ = {isa = PBXFileReference; fileEncoding = 4; lastKnownFileType = sourcecode.cpp.cpp; path = CircleShape.cpp; sourceTree = "<group>"; };
		E38708F71D431FDA004EF478 /* CommonFcn.cpp */ = {isa = PBXFileReference; fileEncoding = 4; lastKnownFileType = sourcecode.cpp.cpp; path = CommonFcn.cpp; sourceTree = "<group>"; };
		E38708F81D431FDA004EF478 /* ControlShape.cpp */ = {isa = PBXFileReference; fileEncoding = 4; lastKnownFileType = sourcecode.cpp.cpp; path = ControlShape.cpp; sourceTree = "<group>"; };
		E38708F91D431FDA004EF478 /* CurveShape.cpp */ = {isa = PBXFileReference; fileEncoding = 4; lastKnownFileType = sourcecode.cpp.cpp; path = CurveShape.cpp; sourceTree = "<group>"; };
		E38708FA1D431FDA004EF478 /* Defs.h */ = {isa = PBXFileReference; fileEncoding = 4; lastKnownFileType = sourcecode.c.h; path = Defs.h; sourceTree = "<group>"; };
		E38708FB1D431FDA004EF478 /* DiagramManager.cpp */ = {isa = PBXFileReference; fileEncoding = 4; lastKnownFileType = sourcecode.cpp.cpp; path = DiagramManager.cpp; sourceTree = "<group>"; };
		E38708FC1D431FDA004EF478 /* DiagramManager.h */ = {isa = PBXFileReference; fileEncoding = 4; lastKnownFileType = sourcecode.c.h; path = DiagramManager.h; sourceTree = "<group>"; };
		E38708FD1D431FDA004EF478 /* DiamondArrow.cpp */ = {isa = PBXFileReference; fileEncoding = 4; lastKnownFileType = sourcecode.cpp.cpp; path = DiamondArrow.cpp; sourceTree = "<group>"; };
		E38708FE1D431FDA004EF478 /* DiamondShape.cpp */ = {isa = PBXFileReference; fileEncoding = 4; lastKnownFileType = sourcecode.cpp.cpp; path = DiamondShape.cpp; sourceTree = "<group>"; };
		E38708FF1D431FDA004EF478 /* EditTextShape.cpp */ = {isa = PBXFileReference; fileEncoding = 4; lastKnownFileType = sourcecode.cpp.cpp; path = EditTextShape.cpp; sourceTree = "<group>"; };
		E38709001D431FDA004EF478 /* EllipseShape.cpp */ = {isa = PBXFileReference; fileEncoding = 4; lastKnownFileType = sourcecode.cpp.cpp; path = EllipseShape.cpp; sourceTree = "<group>"; };
		E38709011D431FDA004EF478 /* FixedRectShape.cpp */ = {isa = PBXFileReference; fileEncoding = 4; lastKnownFileType = sourcecode.cpp.cpp; path = FixedRectShape.cpp; sourceTree = "<group>"; };
		E38709021D431FDA004EF478 /* FlexGridShape.cpp */ = {isa = PBXFileReference; fileEncoding = 4; lastKnownFileType = sourcecode.cpp.cpp; path = FlexGridShape.cpp; sourceTree = "<group>"; };
		E38709031D431FDA004EF478 /* GridShape.cpp */ = {isa = PBXFileReference; fileEncoding = 4; lastKnownFileType = sourcecode.cpp.cpp; path = GridShape.cpp; sourceTree = "<group>"; };
		E38709041D431FDA004EF478 /* LineShape.cpp */ = {isa = PBXFileReference; fileEncoding = 4; lastKnownFileType = sourcecode.cpp.cpp; path = LineShape.cpp; sourceTree = "<group>"; };
		E387091B1D43201B004EF478 /* MultiSelRect.cpp */ = {isa = PBXFileReference; fileEncoding = 4; lastKnownFileType = sourcecode.cpp.cpp; path = MultiSelRect.cpp; sourceTree = "<group>"; };
		E387091C1D43201B004EF478 /* OpenArrow.cpp */ = {isa = PBXFileReference; fileEncoding = 4; lastKnownFileType = sourcecode.cpp.cpp; path = OpenArrow.cpp; sourceTree = "<group>"; };
		E387091D1D43201B004EF478 /* OrthoShape.cpp */ = {isa = PBXFileReference; fileEncoding = 4; lastKnownFileType = sourcecode.cpp.cpp; path = OrthoShape.cpp; sourceTree = "<group>"; };
		E387091E1D43201B004EF478 /* PolygonShape.cpp */ = {isa = PBXFileReference; fileEncoding = 4; lastKnownFileType = sourcecode.cpp.cpp; path = PolygonShape.cpp; sourceTree = "<group>"; };
		E387091F1D43201B004EF478 /* PolygonShapeXml.cpp */ = {isa = PBXFileReference; fileEncoding = 4; lastKnownFileType = sourcecode.cpp.cpp; path = PolygonShapeXml.cpp; sourceTree = "<group>"; };
		E38709201D43201B004EF478 /* Printout.cpp */ = {isa = PBXFileReference; fileEncoding = 4; lastKnownFileType = sourcecode.cpp.cpp; path = Printout.cpp; sourceTree = "<group>"; };
		E38709211D43201B004EF478 /* PropertyIO.h */ = {isa = PBXFileReference; fileEncoding = 4; lastKnownFileType = sourcecode.c.h; path = PropertyIO.h; sourceTree = "<group>"; };
		E38709221D43201B004EF478 /* RectShape.cpp */ = {isa = PBXFileReference; fileEncoding = 4; lastKnownFileType = sourcecode.cpp.cpp; path = RectShape.cpp; sourceTree = "<group>"; };
		E387092B1D432071004EF478 /* RoundOrthoShape.cpp */ = {isa = PBXFileReference; fileEncoding = 4; lastKnownFileType = sourcecode.cpp.cpp; path = RoundOrthoShape.cpp; sourceTree = "<group>"; };
		E387092C1D432071004EF478 /* RoundRectShape.cpp */ = {isa = PBXFileReference; fileEncoding = 4; lastKnownFileType = sourcecode.cpp.cpp; path = RoundRectShape.cpp; sourceTree = "<group>"; };
		E387092D1D432071004EF478 /* ScaledDC.cpp */ = {isa = PBXFileReference; fileEncoding = 4; lastKnownFileType = sourcecode.cpp.cpp; path = ScaledDC.cpp; sourceTree = "<group>"; };
		E387092E1D432071004EF478 /* SFEvents.cpp */ = {isa = PBXFileReference; fileEncoding = 4; lastKnownFileType = sourcecode.cpp.cpp; path = SFEvents.cpp; sourceTree = "<group>"; };
		E387092F1D432071004EF478 /* ShapeBase.cpp */ = {isa = PBXFileReference; fileEncoding = 4; lastKnownFileType = sourcecode.cpp.cpp; path = ShapeBase.cpp; sourceTree = "<group>"; };
		E38709301D432071004EF478 /* ShapeBaseXml.cpp */ = {isa = PBXFileReference; fileEncoding = 4; lastKnownFileType = sourcecode.cpp.cpp; path = ShapeBaseXml.cpp; sourceTree = "<group>"; };
		E38709311D432071004EF478 /* ShapeCanvas.cpp */ = {isa = PBXFileReference; fileEncoding = 4; lastKnownFileType = sourcecode.cpp.cpp; path = ShapeCanvas.cpp; sourceTree = "<group>"; };
		E38709321D432071004EF478 /* ShapeDataObject.cpp */ = {isa = PBXFileReference; fileEncoding = 4; lastKnownFileType = sourcecode.cpp.cpp; path = ShapeDataObject.cpp; sourceTree = "<group>"; };
		E38709331D432071004EF478 /* ShapeDockpoint.cpp */ = {isa = PBXFileReference; fileEncoding = 4; lastKnownFileType = sourcecode.cpp.cpp; path = ShapeDockpoint.cpp; sourceTree = "<group>"; };
		E38709341D432071004EF478 /* ShapeHandle.cpp */ = {isa = PBXFileReference; fileEncoding = 4; lastKnownFileType = sourcecode.cpp.cpp; path = ShapeHandle.cpp; sourceTree = "<group>"; };
		E38709351D432071004EF478 /* SolidArrow.cpp */ = {isa = PBXFileReference; fileEncoding = 4; lastKnownFileType = sourcecode.cpp.cpp; path = SolidArrow.cpp; sourceTree = "<group>"; };
		E38709361D432071004EF478 /* TextShape.cpp */ = {isa = PBXFileReference; fileEncoding = 4; lastKnownFileType = sourcecode.cpp.cpp; path = TextShape.cpp; sourceTree = "<group>"; };
		E38709371D432071004EF478 /* TextShapeXml.cpp */ = {isa = PBXFileReference; fileEncoding = 4; lastKnownFileType = sourcecode.cpp.cpp; path = TextShapeXml.cpp; sourceTree = "<group>"; };
		E38709381D432071004EF478 /* Thumbnail.cpp */ = {isa = PBXFileReference; fileEncoding = 4; lastKnownFileType = sourcecode.cpp.cpp; path = Thumbnail.cpp; sourceTree = "<group>"; };
		E38709481D4320A9004EF478 /* ArrowBase.h */ = {isa = PBXFileReference; fileEncoding = 4; lastKnownFileType = sourcecode.c.h; path = ArrowBase.h; sourceTree = "<group>"; };
		E38709491D4320A9004EF478 /* AutoLayout.h */ = {isa = PBXFileReference; fileEncoding = 4; lastKnownFileType = sourcecode.c.h; path = AutoLayout.h; sourceTree = "<group>"; };
		E387094A1D4320A9004EF478 /* BitmapShape.h */ = {isa = PBXFileReference; fileEncoding = 4; lastKnownFileType = sourcecode.c.h; path = BitmapShape.h; sourceTree = "<group>"; };
		E387094B1D4320A9004EF478 /* CanvasHistory.h */ = {isa = PBXFileReference; fileEncoding = 4; lastKnownFileType = sourcecode.c.h; path = CanvasHistory.h; sourceTree = "<group>"; };
		E387094C1D4320A9004EF478 /* CanvasState.h */ = {isa = PBXFileReference; fileEncoding = 4; lastKnownFileType = sourcecode.c.h; path = CanvasState.h; sourceTree = "<group>"; };
		E387094D1D4320AA004EF478 /* CircleArrow.h */ = {isa = PBXFileReference; fileEncoding = 4; lastKnownFileType = sourcecode.c.h; path = CircleArrow.h; sourceTree = "<group>"; };
		E387094E1D4320AA004EF478 /* CircleShape.h */ = {isa = PBXFileReference; fileEncoding = 4; lastKnownFileType = sourcecode.c.h; path = CircleShape.h; sourceTree = "<group>"; };
		E387094F1D4320AA004EF478 /* CommonFcn.h */ = {isa = PBXFileReference; fileEncoding = 4; lastKnownFileType = sourcecode.c.h; path = CommonFcn.h; sourceTree = "<group>"; };
		E38709501D4320AA004EF478 /* ControlShape.h */ = {isa = PBXFileReference; fileEncoding = 4; lastKnownFileType = sourcecode.c.h; path = ControlShape.h; sourceTree = "<group>"; };
		E38709511D4320AA004EF478 /* CurveShape.h */ = {isa = PBXFileReference; fileEncoding = 4; lastKnownFileType = sourcecode.c.h; path = CurveShape.h; sourceTree = "<group>"; };
		E38709521D4320AA004EF478 /* Defs.h */ = {isa = PBXFileReference; fileEncoding = 4; lastKnownFileType = sourcecode.c.h; path = Defs.h; sourceTree = "<group>"; };
		E38709531D4320AA004EF478 /* DiagramManager.h */ = {isa = PBXFileReference; fileEncoding = 4; lastKnownFileType = sourcecode.c.h; path = DiagramManager.h; sourceTree = "<group>"; };
		E38709541D4320AA004EF478 /* DiamondArrow.h */ = {isa = PBXFileReference; fileEncoding = 4; lastKnownFileType = sourcecode.c.h; path = DiamondArrow.h; sourceTree = "<group>"; };
		E38709551D4320AA004EF478 /* DiamondShape.h */ = {isa = PBXFileReference; fileEncoding = 4; lastKnownFileType = sourcecode.c.h; path = DiamondShape.h; sourceTree = "<group>"; };
		E38709561D4320AA004EF478 /* EditTextShape.h */ = {isa = PBXFileReference; fileEncoding = 4; lastKnownFileType = sourcecode.c.h; path = EditTextShape.h; sourceTree = "<group>"; };
		E38709571D4320AA004EF478 /* EllipseShape.h */ = {isa = PBXFileReference; fileEncoding = 4; lastKnownFileType = sourcecode.c.h; path = EllipseShape.h; sourceTree = "<group>"; };
		E38709581D4320AA004EF478 /* FixedRectShape.h */ = {isa = PBXFileReference; fileEncoding = 4; lastKnownFileType = sourcecode.c.h; path = FixedRectShape.h; sourceTree = "<group>"; };
		E38709591D4320AA004EF478 /* FlexGridShape.h */ = {isa = PBXFileReference; fileEncoding = 4; lastKnownFileType = sourcecode.c.h; path = FlexGridShape.h; sourceTree = "<group>"; };
		E387095A1D4320AA004EF478 /* GridShape.h */ = {isa = PBXFileReference; fileEncoding = 4; lastKnownFileType = sourcecode.c.h; path = GridShape.h; sourceTree = "<group>"; };
		E387095B1D4320AA004EF478 /* LineShape.h */ = {isa = PBXFileReference; fileEncoding = 4; lastKnownFileType = sourcecode.c.h; path = LineShape.h; sourceTree = "<group>"; };
		E387095C1D4320AA004EF478 /* MultiSelRect.h */ = {isa = PBXFileReference; fileEncoding = 4; lastKnownFileType = sourcecode.c.h; path = MultiSelRect.h; sourceTree = "<group>"; };
		E387095D1D4320AA004EF478 /* OpenArrow.h */ = {isa = PBXFileReference; fileEncoding = 4; lastKnownFileType = sourcecode.c.h; path = OpenArrow.h; sourceTree = "<group>"; };
		E387095E1D4320AA004EF478 /* OrthoShape.h */ = {isa = PBXFileReference; fileEncoding = 4; lastKnownFileType = sourcecode.c.h; path = OrthoShape.h; sourceTree = "<group>"; };
		E387095F1D4320AA004EF478 /* PolygonShape.h */ = {isa = PBXFileReference; fileEncoding = 4; lastKnownFileType = sourcecode.c.h; path = PolygonShape.h; sourceTree = "<group>"; };
		E38709601D4320AA004EF478 /* Printout.h */ = {isa = PBXFileReference; fileEncoding = 4; lastKnownFileType = sourcecode.c.h; path = Printout.h; sourceTree = "<group>"; };
		E38709611D4320AA004EF478 /* RectShape.h */ = {isa = PBXFileReference; fileEncoding = 4; lastKnownFileType = sourcecode.c.h; path = RectShape.h; sourceTree = "<group>"; };
		E38709621D4320AA004EF478 /* RoundOrthoShape.h */ = {isa = PBXFileReference; fileEncoding = 4; lastKnownFileType = sourcecode.c.h; path = RoundOrthoShape.h; sourceTree = "<group>"; };
		E38709631D4320AA004EF478 /* RoundRectShape.h */ = {isa = PBXFileReference; fileEncoding = 4; lastKnownFileType = sourcecode.c.h; path = RoundRectShape.h; sourceTree = "<group>"; };
		E38709641D4320AA004EF478 /* ScaledDC.h */ = {isa = PBXFileReference; fileEncoding = 4; lastKnownFileType = sourcecode.c.h; path = ScaledDC.h; sourceTree = "<group>"; };
		E38709651D4320AA004EF478 /* SFEvents.h */ = {isa = PBXFileReference; fileEncoding = 4; lastKnownFileType = sourcecode.c.h; path = SFEvents.h; sourceTree = "<group>"; };
		E38709661D4320AA004EF478 /* ShapeBase.h */ = {isa = PBXFileReference; fileEncoding = 4; lastKnownFileType = sourcecode.c.h; path = ShapeBase.h; sourceTree = "<group>"; };
		E38709671D4320AA004EF478 /* ShapeCanvas.h */ = {isa = PBXFileReference; fileEncoding = 4; lastKnownFileType = sourcecode.c.h; path = ShapeCanvas.h; sourceTree = "<group>"; };
		E38709681D4320AA004EF478 /* ShapeDataObject.h */ = {isa = PBXFileReference; fileEncoding = 4; lastKnownFileType = sourcecode.c.h; path = ShapeDataObject.h; sourceTree = "<group>"; };
		E38709691D4320AA004EF478 /* ShapeDockpoint.h */ = {isa = PBXFileReference; fileEncoding = 4; lastKnownFileType = sourcecode.c.h; path = ShapeDockpoint.h; sourceTree = "<group>"; };
		E387096A1D4320AA004EF478 /* ShapeHandle.h */ = {isa = PBXFileReference; fileEncoding = 4; lastKnownFileType = sourcecode.c.h; path = ShapeHandle.h; sourceTree = "<group>"; };
		E387096B1D4320AA004EF478 /* SolidArrow.h */ = {isa = PBXFileReference; fileEncoding = 4; lastKnownFileType = sourcecode.c.h; path = SolidArrow.h; sourceTree = "<group>"; };
		E387096C1D4320AA004EF478 /* TextShape.h */ = {isa = PBXFileReference; fileEncoding = 4; lastKnownFileType = sourcecode.c.h; path = TextShape.h; sourceTree = "<group>"; };
		E387096D1D4320AA004EF478 /* Thumbnail.h */ = {isa = PBXFileReference; fileEncoding = 4; lastKnownFileType = sourcecode.c.h; path = Thumbnail.h; sourceTree = "<group>"; };
		E387096E1D4320AA004EF478 /* wxShapeFramework.h */ = {isa = PBXFileReference; fileEncoding = 4; lastKnownFileType = sourcecode.c.h; path = wxShapeFramework.h; sourceTree = "<group>"; };
		E38709971D4320C8004EF478 /* Defs.h */ = {isa = PBXFileReference; fileEncoding = 4; lastKnownFileType = sourcecode.c.h; path = Defs.h; sourceTree = "<group>"; };
		E38709981D4320C8004EF478 /* PropertyIO.cpp */ = {isa = PBXFileReference; fileEncoding = 4; lastKnownFileType = sourcecode.cpp.cpp; path = PropertyIO.cpp; sourceTree = "<group>"; };
		E38709991D4320C8004EF478 /* PropertyIO.h */ = {isa = PBXFileReference; fileEncoding = 4; lastKnownFileType = sourcecode.c.h; path = PropertyIO.h; sourceTree = "<group>"; };
		E387099A1D4320C8004EF478 /* XmlSerializer.cpp */ = {isa = PBXFileReference; fileEncoding = 4; lastKnownFileType = sourcecode.cpp.cpp; path = XmlSerializer.cpp; sourceTree = "<group>"; };
		E387099B1D4320C8004EF478 /* XmlSerializer.h */ = {isa = PBXFileReference; fileEncoding = 4; lastKnownFileType = sourcecode.c.h; path = XmlSerializer.h; sourceTree = "<group>"; };
		E38709A11D4320E0004EF478 /* XmlSerializer.h */ = {isa = PBXFileReference; fileEncoding = 4; lastKnownFileType = sourcecode.c.h; path = XmlSerializer.h; sourceTree = "<group>"; };
/* End PBXFileReference section */

/* Begin PBXFrameworksBuildPhase section */
		E38708DE1D431E9B004EF478 /* Frameworks */ = {
			isa = PBXFrameworksBuildPhase;
			buildActionMask = 2147483647;
			files = (
			);
			runOnlyForDeploymentPostprocessing = 0;
		};
/* End PBXFrameworksBuildPhase section */

/* Begin PBXGroup section */
		E38708D81D431E9B004EF478 = {
			isa = PBXGroup;
			children = (
				E38708EE1D431F16004EF478 /* libshapeframework */,
				E38708E21D431E9B004EF478 /* Products */,
			);
			sourceTree = "<group>";
		};
		E38708E21D431E9B004EF478 /* Products */ = {
			isa = PBXGroup;
			children = (
				E38708E11D431E9B004EF478 /* liblibshapeframework.dylib */,
			);
			name = Products;
			sourceTree = "<group>";
		};
		E38708EE1D431F16004EF478 /* libshapeframework */ = {
			isa = PBXGroup;
			children = (
				E38709A11D4320E0004EF478 /* XmlSerializer.h */,
				E38709961D4320C8004EF478 /* wxxmlserializer */,
				E38709471D4320A9004EF478 /* wxsf */,
				E387092B1D432071004EF478 /* RoundOrthoShape.cpp */,
				E387092C1D432071004EF478 /* RoundRectShape.cpp */,
				E387092D1D432071004EF478 /* ScaledDC.cpp */,
				E387092E1D432071004EF478 /* SFEvents.cpp */,
				E387092F1D432071004EF478 /* ShapeBase.cpp */,
				E38709301D432071004EF478 /* ShapeBaseXml.cpp */,
				E38709311D432071004EF478 /* ShapeCanvas.cpp */,
				E38709321D432071004EF478 /* ShapeDataObject.cpp */,
				E38709331D432071004EF478 /* ShapeDockpoint.cpp */,
				E38709341D432071004EF478 /* ShapeHandle.cpp */,
				E38709351D432071004EF478 /* SolidArrow.cpp */,
				E38709361D432071004EF478 /* TextShape.cpp */,
				E38709371D432071004EF478 /* TextShapeXml.cpp */,
				E38709381D432071004EF478 /* Thumbnail.cpp */,
				E387091B1D43201B004EF478 /* MultiSelRect.cpp */,
				E387091C1D43201B004EF478 /* OpenArrow.cpp */,
				E387091D1D43201B004EF478 /* OrthoShape.cpp */,
				E387091E1D43201B004EF478 /* PolygonShape.cpp */,
				E387091F1D43201B004EF478 /* PolygonShapeXml.cpp */,
				E38709201D43201B004EF478 /* Printout.cpp */,
				E38709211D43201B004EF478 /* PropertyIO.h */,
				E38709221D43201B004EF478 /* RectShape.cpp */,
				E38708EF1D431FDA004EF478 /* ArrowBase.cpp */,
				E38708F01D431FDA004EF478 /* AutoLayout.cpp */,
				E38708F11D431FDA004EF478 /* BitmapShape.cpp */,
				E38708F21D431FDA004EF478 /* BitmapShapeXml.cpp */,
				E38708F31D431FDA004EF478 /* CanvasHistory.cpp */,
				E38708F41D431FDA004EF478 /* CanvasState.cpp */,
				E38708F51D431FDA004EF478 /* CircleArrow.cpp */,
				E38708F61D431FDA004EF478 /* CircleShape.cpp */,
				E38708F71D431FDA004EF478 /* CommonFcn.cpp */,
				E38708F81D431FDA004EF478 /* ControlShape.cpp */,
				E38708F91D431FDA004EF478 /* CurveShape.cpp */,
				E38708FA1D431FDA004EF478 /* Defs.h */,
				E38708FB1D431FDA004EF478 /* DiagramManager.cpp */,
				E38708FC1D431FDA004EF478 /* DiagramManager.h */,
				E38708FD1D431FDA004EF478 /* DiamondArrow.cpp */,
				E38708FE1D431FDA004EF478 /* DiamondShape.cpp */,
				E38708FF1D431FDA004EF478 /* EditTextShape.cpp */,
				E38709001D431FDA004EF478 /* EllipseShape.cpp */,
				E38709011D431FDA004EF478 /* FixedRectShape.cpp */,
				E38709021D431FDA004EF478 /* FlexGridShape.cpp */,
				E38709031D431FDA004EF478 /* GridShape.cpp */,
				E38709041D431FDA004EF478 /* LineShape.cpp */,
			);
			name = libshapeframework;
			sourceTree = "<group>";
		};
		E38709471D4320A9004EF478 /* wxsf */ = {
			isa = PBXGroup;
			children = (
				E38709481D4320A9004EF478 /* ArrowBase.h */,
				E38709491D4320A9004EF478 /* AutoLayout.h */,
				E387094A1D4320A9004EF478 /* BitmapShape.h */,
				E387094B1D4320A9004EF478 /* CanvasHistory.h */,
				E387094C1D4320A9004EF478 /* CanvasState.h */,
				E387094D1D4320AA004EF478 /* CircleArrow.h */,
				E387094E1D4320AA004EF478 /* CircleShape.h */,
				E387094F1D4320AA004EF478 /* CommonFcn.h */,
				E38709501D4320AA004EF478 /* ControlShape.h */,
				E38709511D4320AA004EF478 /* CurveShape.h */,
				E38709521D4320AA004EF478 /* Defs.h */,
				E38709531D4320AA004EF478 /* DiagramManager.h */,
				E38709541D4320AA004EF478 /* DiamondArrow.h */,
				E38709551D4320AA004EF478 /* DiamondShape.h */,
				E38709561D4320AA004EF478 /* EditTextShape.h */,
				E38709571D4320AA004EF478 /* EllipseShape.h */,
				E38709581D4320AA004EF478 /* FixedRectShape.h */,
				E38709591D4320AA004EF478 /* FlexGridShape.h */,
				E387095A1D4320AA004EF478 /* GridShape.h */,
				E387095B1D4320AA004EF478 /* LineShape.h */,
				E387095C1D4320AA004EF478 /* MultiSelRect.h */,
				E387095D1D4320AA004EF478 /* OpenArrow.h */,
				E387095E1D4320AA004EF478 /* OrthoShape.h */,
				E387095F1D4320AA004EF478 /* PolygonShape.h */,
				E38709601D4320AA004EF478 /* Printout.h */,
				E38709611D4320AA004EF478 /* RectShape.h */,
				E38709621D4320AA004EF478 /* RoundOrthoShape.h */,
				E38709631D4320AA004EF478 /* RoundRectShape.h */,
				E38709641D4320AA004EF478 /* ScaledDC.h */,
				E38709651D4320AA004EF478 /* SFEvents.h */,
				E38709661D4320AA004EF478 /* ShapeBase.h */,
				E38709671D4320AA004EF478 /* ShapeCanvas.h */,
				E38709681D4320AA004EF478 /* ShapeDataObject.h */,
				E38709691D4320AA004EF478 /* ShapeDockpoint.h */,
				E387096A1D4320AA004EF478 /* ShapeHandle.h */,
				E387096B1D4320AA004EF478 /* SolidArrow.h */,
				E387096C1D4320AA004EF478 /* TextShape.h */,
				E387096D1D4320AA004EF478 /* Thumbnail.h */,
				E387096E1D4320AA004EF478 /* wxShapeFramework.h */,
			);
			path = wxsf;
			sourceTree = "<group>";
		};
		E38709961D4320C8004EF478 /* wxxmlserializer */ = {
			isa = PBXGroup;
			children = (
				E38709971D4320C8004EF478 /* Defs.h */,
				E38709981D4320C8004EF478 /* PropertyIO.cpp */,
				E38709991D4320C8004EF478 /* PropertyIO.h */,
				E387099A1D4320C8004EF478 /* XmlSerializer.cpp */,
				E387099B1D4320C8004EF478 /* XmlSerializer.h */,
			);
			path = wxxmlserializer;
			sourceTree = "<group>";
		};
/* End PBXGroup section */

/* Begin PBXHeadersBuildPhase section */
		E38708DF1D431E9B004EF478 /* Headers */ = {
			isa = PBXHeadersBuildPhase;
			buildActionMask = 2147483647;
			files = (
				E38709811D4320AA004EF478 /* GridShape.h in Headers */,
				E38709791D4320AA004EF478 /* Defs.h in Headers */,
				E38709731D4320AA004EF478 /* CanvasState.h in Headers */,
				E387097E1D4320AA004EF478 /* EllipseShape.h in Headers */,
				E38709861D4320AA004EF478 /* PolygonShape.h in Headers */,
				E38709291D43201B004EF478 /* PropertyIO.h in Headers */,
				E38709751D4320AA004EF478 /* CircleShape.h in Headers */,
				E387099E1D4320C8004EF478 /* PropertyIO.h in Headers */,
				E387099C1D4320C8004EF478 /* Defs.h in Headers */,
				E38709711D4320AA004EF478 /* BitmapShape.h in Headers */,
				E38709741D4320AA004EF478 /* CircleArrow.h in Headers */,
				E38709761D4320AA004EF478 /* CommonFcn.h in Headers */,
				E387097D1D4320AA004EF478 /* EditTextShape.h in Headers */,
				E38709841D4320AA004EF478 /* OpenArrow.h in Headers */,
				E38709891D4320AA004EF478 /* RoundOrthoShape.h in Headers */,
				E38709771D4320AA004EF478 /* ControlShape.h in Headers */,
				E38709A21D4320E0004EF478 /* XmlSerializer.h in Headers */,
				E38709A01D4320C8004EF478 /* XmlSerializer.h in Headers */,
				E38709121D431FDA004EF478 /* DiagramManager.h in Headers */,
				E38709931D4320AA004EF478 /* TextShape.h in Headers */,
				E38709721D4320AA004EF478 /* CanvasHistory.h in Headers */,
				E38709781D4320AA004EF478 /* CurveShape.h in Headers */,
				E38709821D4320AA004EF478 /* LineShape.h in Headers */,
				E387098E1D4320AA004EF478 /* ShapeCanvas.h in Headers */,
				E387097F1D4320AA004EF478 /* FixedRectShape.h in Headers */,
				E38709911D4320AA004EF478 /* ShapeHandle.h in Headers */,
				E38709951D4320AA004EF478 /* wxShapeFramework.h in Headers */,
				E387098C1D4320AA004EF478 /* SFEvents.h in Headers */,
				E387098B1D4320AA004EF478 /* ScaledDC.h in Headers */,
				E387097B1D4320AA004EF478 /* DiamondArrow.h in Headers */,
				E38709831D4320AA004EF478 /* MultiSelRect.h in Headers */,
				E38709901D4320AA004EF478 /* ShapeDockpoint.h in Headers */,
				E387097C1D4320AA004EF478 /* DiamondShape.h in Headers */,
				E38709871D4320AA004EF478 /* Printout.h in Headers */,
				E387098D1D4320AA004EF478 /* ShapeBase.h in Headers */,
				E38709941D4320AA004EF478 /* Thumbnail.h in Headers */,
				E38709101D431FDA004EF478 /* Defs.h in Headers */,
				E387098A1D4320AA004EF478 /* RoundRectShape.h in Headers */,
				E387097A1D4320AA004EF478 /* DiagramManager.h in Headers */,
				E387096F1D4320AA004EF478 /* ArrowBase.h in Headers */,
				E38709701D4320AA004EF478 /* AutoLayout.h in Headers */,
				E38709801D4320AA004EF478 /* FlexGridShape.h in Headers */,
				E387098F1D4320AA004EF478 /* ShapeDataObject.h in Headers */,
				E38709921D4320AA004EF478 /* SolidArrow.h in Headers */,
				E38709851D4320AA004EF478 /* OrthoShape.h in Headers */,
				E38709881D4320AA004EF478 /* RectShape.h in Headers */,
			);
			runOnlyForDeploymentPostprocessing = 0;
		};
/* End PBXHeadersBuildPhase section */

/* Begin PBXNativeTarget section */
		E38708E01D431E9B004EF478 /* libshapeframework */ = {
			isa = PBXNativeTarget;
			buildConfigurationList = E38708E51D431E9B004EF478 /* Build configuration list for PBXNativeTarget "libshapeframework" */;
			buildPhases = (
				E38708DD1D431E9B004EF478 /* Sources */,
				E38708DE1D431E9B004EF478 /* Frameworks */,
				E38708DF1D431E9B004EF478 /* Headers */,
			);
			buildRules = (
			);
			dependencies = (
			);
			name = libshapeframework;
			productName = libshapeframework;
			productReference = E38708E11D431E9B004EF478 /* liblibshapeframework.dylib */;
			productType = "com.apple.product-type.library.dynamic";
		};
/* End PBXNativeTarget section */

/* Begin PBXProject section */
		E38708D91D431E9B004EF478 /* Project object */ = {
			isa = PBXProject;
			attributes = {
				LastUpgradeCheck = 0510;
				ORGANIZATIONNAME = "Igor Korot";
			};
			buildConfigurationList = E38708DC1D431E9B004EF478 /* Build configuration list for PBXProject "libshapeframework" */;
			compatibilityVersion = "Xcode 3.2";
			developmentRegion = English;
			hasScannedForEncodings = 0;
			knownRegions = (
				en,
			);
			mainGroup = E38708D81D431E9B004EF478;
			productRefGroup = E38708E21D431E9B004EF478 /* Products */;
			projectDirPath = "";
			projectRoot = "";
			targets = (
				E38708E01D431E9B004EF478 /* libshapeframework */,
			);
		};
/* End PBXProject section */

/* Begin PBXSourcesBuildPhase section */
		E38708DD1D431E9B004EF478 /* Sources */ = {
			isa = PBXSourcesBuildPhase;
			buildActionMask = 2147483647;
			files = (
				E38709451D432071004EF478 /* TextShapeXml.cpp in Sources */,
				E38709161D431FDA004EF478 /* EllipseShape.cpp in Sources */,
				E38709061D431FDA004EF478 /* AutoLayout.cpp in Sources */,
				E38709171D431FDA004EF478 /* FixedRectShape.cpp in Sources */,
				E38709131D431FDA004EF478 /* DiamondArrow.cpp in Sources */,
				E387090B1D431FDA004EF478 /* CircleArrow.cpp in Sources */,
				E38709391D432071004EF478 /* RoundOrthoShape.cpp in Sources */,
				E387090A1D431FDA004EF478 /* CanvasState.cpp in Sources */,
				E38709251D43201B004EF478 /* OrthoShape.cpp in Sources */,
				E387090C1D431FDA004EF478 /* CircleShape.cpp in Sources */,
				E38709281D43201B004EF478 /* Printout.cpp in Sources */,
				E387093D1D432071004EF478 /* ShapeBase.cpp in Sources */,
				E38709411D432071004EF478 /* ShapeDockpoint.cpp in Sources */,
				E387093B1D432071004EF478 /* ScaledDC.cpp in Sources */,
				E387093C1D432071004EF478 /* SFEvents.cpp in Sources */,
				E38709421D432071004EF478 /* ShapeHandle.cpp in Sources */,
				E387099D1D4320C8004EF478 /* PropertyIO.cpp in Sources */,
				E387090D1D431FDA004EF478 /* CommonFcn.cpp in Sources */,
				E387093A1D432071004EF478 /* RoundRectShape.cpp in Sources */,
				E38709181D431FDA004EF478 /* FlexGridShape.cpp in Sources */,
				E38709241D43201B004EF478 /* OpenArrow.cpp in Sources */,
				E38709441D432071004EF478 /* TextShape.cpp in Sources */,
				E38709071D431FDA004EF478 /* BitmapShape.cpp in Sources */,
				E38709081D431FDA004EF478 /* BitmapShapeXml.cpp in Sources */,
				E387093F1D432071004EF478 /* ShapeCanvas.cpp in Sources */,
				E387091A1D431FDA004EF478 /* LineShape.cpp in Sources */,
				E38709461D432071004EF478 /* Thumbnail.cpp in Sources */,
				E38709111D431FDA004EF478 /* DiagramManager.cpp in Sources */,
				E38709401D432071004EF478 /* ShapeDataObject.cpp in Sources */,
				E387099F1D4320C8004EF478 /* XmlSerializer.cpp in Sources */,
				E38709051D431FDA004EF478 /* ArrowBase.cpp in Sources */,
				E38709151D431FDA004EF478 /* EditTextShape.cpp in Sources */,
				E38709271D43201B004EF478 /* PolygonShapeXml.cpp in Sources */,
				E38709141D431FDA004EF478 /* DiamondShape.cpp in Sources */,
				E38709261D43201B004EF478 /* PolygonShape.cpp in Sources */,
				E38709091D431FDA004EF478 /* CanvasHistory.cpp in Sources */,
				E387090E1D431FDA004EF478 /* ControlShape.cpp in Sources */,
				E38709231D43201B004EF478 /* MultiSelRect.cpp in Sources */,
				E38709431D432071004EF478 /* SolidArrow.cpp in Sources */,
				E387092A1D43201B004EF478 /* RectShape.cpp in Sources */,
				E38709191D431FDA004EF478 /* GridShape.cpp in Sources */,
				E387090F1D431FDA004EF478 /* CurveShape.cpp in Sources */,
				E387093E1D432071004EF478 /* ShapeBaseXml.cpp in Sources */,
			);
			runOnlyForDeploymentPostprocessing = 0;
		};
/* End PBXSourcesBuildPhase section */

/* Begin XCBuildConfiguration section */
		E38708E31D431E9B004EF478 /* Debug */ = {
			isa = XCBuildConfiguration;
			buildSettings = {
				ALWAYS_SEARCH_USER_PATHS = NO;
				CLANG_CXX_LANGUAGE_STANDARD = "gnu++0x";
				CLANG_CXX_LIBRARY = "libc++";
				CLANG_ENABLE_MODULES = YES;
				CLANG_ENABLE_OBJC_ARC = YES;
				CLANG_WARN_BOOL_CONVERSION = YES;
				CLANG_WARN_CONSTANT_CONVERSION = YES;
				CLANG_WARN_DIRECT_OBJC_ISA_USAGE = YES_ERROR;
				CLANG_WARN_EMPTY_BODY = YES;
				CLANG_WARN_ENUM_CONVERSION = YES;
				CLANG_WARN_INT_CONVERSION = YES;
				CLANG_WARN_OBJC_ROOT_CLASS = YES_ERROR;
				CLANG_WARN__DUPLICATE_METHOD_MATCH = YES;
				COPY_PHASE_STRIP = NO;
				GCC_C_LANGUAGE_STANDARD = gnu99;
				GCC_DYNAMIC_NO_PIC = NO;
				GCC_ENABLE_OBJC_EXCEPTIONS = YES;
				GCC_OPTIMIZATION_LEVEL = 0;
				GCC_PREPROCESSOR_DEFINITIONS = (
					"DEBUG=1",
					"$(inherited)",
				);
				GCC_SYMBOLS_PRIVATE_EXTERN = NO;
				GCC_WARN_64_TO_32_BIT_CONVERSION = YES;
				GCC_WARN_ABOUT_RETURN_TYPE = YES_ERROR;
				GCC_WARN_UNDECLARED_SELECTOR = YES;
				GCC_WARN_UNINITIALIZED_AUTOS = YES_AGGRESSIVE;
				GCC_WARN_UNUSED_FUNCTION = YES;
				GCC_WARN_UNUSED_VARIABLE = YES;
				MACOSX_DEPLOYMENT_TARGET = 10.8;
				ONLY_ACTIVE_ARCH = YES;
				SDKROOT = macosx;
			};
			name = Debug;
		};
		E38708E41D431E9B004EF478 /* Release */ = {
			isa = XCBuildConfiguration;
			buildSettings = {
				ALWAYS_SEARCH_USER_PATHS = NO;
				CLANG_CXX_LANGUAGE_STANDARD = "gnu++0x";
				CLANG_CXX_LIBRARY = "libc++";
				CLANG_ENABLE_MODULES = YES;
				CLANG_ENABLE_OBJC_ARC = YES;
				CLANG_WARN_BOOL_CONVERSION = YES;
				CLANG_WARN_CONSTANT_CONVERSION = YES;
				CLANG_WARN_DIRECT_OBJC_ISA_USAGE = YES_ERROR;
				CLANG_WARN_EMPTY_BODY = YES;
				CLANG_WARN_ENUM_CONVERSION = YES;
				CLANG_WARN_INT_CONVERSION = YES;
				CLANG_WARN_OBJC_ROOT_CLASS = YES_ERROR;
				CLANG_WARN__DUPLICATE_METHOD_MATCH = YES;
				COPY_PHASE_STRIP = YES;
				DEBUG_INFORMATION_FORMAT = "dwarf-with-dsym";
				ENABLE_NS_ASSERTIONS = NO;
				GCC_C_LANGUAGE_STANDARD = gnu99;
				GCC_ENABLE_OBJC_EXCEPTIONS = YES;
				GCC_WARN_64_TO_32_BIT_CONVERSION = YES;
				GCC_WARN_ABOUT_RETURN_TYPE = YES_ERROR;
				GCC_WARN_UNDECLARED_SELECTOR = YES;
				GCC_WARN_UNINITIALIZED_AUTOS = YES_AGGRESSIVE;
				GCC_WARN_UNUSED_FUNCTION = YES;
				GCC_WARN_UNUSED_VARIABLE = YES;
				MACOSX_DEPLOYMENT_TARGET = 10.8;
				SDKROOT = macosx;
			};
			name = Release;
		};
		E38708E61D431E9B004EF478 /* Debug */ = {
			isa = XCBuildConfiguration;
			buildSettings = {
				CLANG_CXX_LANGUAGE_STANDARD = "c++0x";
				EXECUTABLE_PREFIX = lib;
				GCC_PREPROCESSOR_DEFINITIONS = (
					"DEBUG=1",
					"$(inherited)",
					"_FILE_OFFSET_BITS=64",
					WXUSINGDLL,
					__WXMAC__,
					__WXOSX__,
					__WXOSX_COCOA__,
					WXUSINGDLL_CL,
					WXUSINGDLL_SDK,
				);
				HEADER_SEARCH_PATHS = (
					"$(inherited)",
					/Applications/Xcode.app/Contents/Developer/Toolchains/XcodeDefault.xctoolchain/usr/include,
					"/Users/igorkorot/wxWidgets/buildC11/lib/wx/include/osx_cocoa-unicode-3.2",
					/Users/igorkorot/wxWidgets/include,
					/Users/igorkorot/dbhandler/dbhandler/libshapeframework,
				);
				OTHER_LDFLAGS = (
					"-L/Users/igorkorot/wxWidgets/buildC11/lib",
					"-framework",
					IOKit,
					"-framework",
					Carbon,
					"-framework",
					Cocoa,
					"-framework",
					AudioToolbox,
					"-framework",
					System,
					"-framework",
					OpenGL,
					"-lwx_osx_cocoau_xrc-3.2",
					"-lwx_osx_cocoau_html-3.2",
					"-lwx_osx_cocoau_qa-3.2",
					"-lwx_osx_cocoau_adv-3.2",
					"-lwx_osx_cocoau_core-3.2",
					"-lwx_baseu_xml-3.2",
					"-lwx_baseu_net-3.2",
					"-lwx_baseu-3.2",
				);
				PRODUCT_NAME = "$(TARGET_NAME)";
			};
			name = Debug;
		};
		E38708E71D431E9B004EF478 /* Release */ = {
			isa = XCBuildConfiguration;
			buildSettings = {
				CLANG_CXX_LANGUAGE_STANDARD = "c++0x";
				EXECUTABLE_PREFIX = lib;
				GCC_SYMBOLS_PRIVATE_EXTERN = YES;
				PRODUCT_NAME = "$(TARGET_NAME)";
			};
			name = Release;
		};
/* End XCBuildConfiguration section */

/* Begin XCConfigurationList section */
		E38708DC1D431E9B004EF478 /* Build configuration list for PBXProject "libshapeframework" */ = {
			isa = XCConfigurationList;
			buildConfigurations = (
				E38708E31D431E9B004EF478 /* Debug */,
				E38708E41D431E9B004EF478 /* Release */,
			);
			defaultConfigurationIsVisible = 0;
			defaultConfigurationName = Release;
		};
		E38708E51D431E9B004EF478 /* Build configuration list for PBXNativeTarget "libshapeframework" */ = {
			isa = XCConfigurationList;
			buildConfigurations = (
				E38708E61D431E9B004EF478 /* Debug */,
				E38708E71D431E9B004EF478 /* Release */,
			);
			defaultConfigurationIsVisible = 0;
			defaultConfigurationName = Release;
		};
/* End XCConfigurationList section */
	};
	rootObject = E38708D91D431E9B004EF478 /* Project object */;
}
