<?xml version="1.0" encoding="utf-8"?>
<Project ToolsVersion="15.0" xmlns="http://schemas.microsoft.com/developer/msbuild/2003">
  <ItemGroup>
    <ClCompile Include="C:\Users\Igor\OneDrive\Documents\dbhandler_app\freetds\src\utils\dlist.c">
      <Filter>Source Files</Filter>
    </ClCompile>
    <ClCompile Include="C:\Users\Igor\OneDrive\Documents\dbhandler_app\freetds\src\utils\getpassarg.c">
      <Filter>Source Files</Filter>
    </ClCompile>
    <ClCompile Include="C:\Users\Igor\OneDrive\Documents\dbhandler_app\freetds\src\utils\sleep.c">
      <Filter>Source Files</Filter>
    </ClCompile>
    <ClCompile Include="C:\Users\Igor\OneDrive\Documents\dbhandler_app\freetds\src\utils\tds_cond.c">
      <Filter>Source Files</Filter>
    </ClCompile>
    <ClCompile Include="C:\Users\Igor\OneDrive\Documents\dbhandler_app\freetds\src\utils\win_mutex.c">
      <Filter>Source Files</Filter>
    </ClCompile>
    <ClCompile Include="C:\Users\Igor\OneDrive\Documents\dbhandler_app\freetds\src\utils\threadsafe.c">
      <Filter>Source Files</Filter>
    </ClCompile>
    <ClCompile Include="C:\Users\Igor\OneDrive\Documents\dbhandler_app\freetds\src\utils\bjoern-utf8.c">
      <Filter>Source Files</Filter>
    </ClCompile>
    <ClCompile Include="C:\Users\Igor\OneDrive\Documents\dbhandler_app\freetds\src\utils\tdsstring.c">
      <Filter>Source Files</Filter>
    </ClCompile>
    <ClCompile Include="C:\Users\Igor\OneDrive\Documents\dbhandler_app\freetds\src\utils\strndup.c">
      <Filter>Source Files</Filter>
    </ClCompile>
    <ClCompile Include="C:\Users\Igor\OneDrive\Documents\dbhandler_app\freetds\src\utils\net.c">
      <Filter>Source Files</Filter>
    </ClCompile>
    <ClCompile Include="C:\Users\Igor\OneDrive\Documents\dbhandler_app\freetds\src\utils\smp.c">
      <Filter>Source Files</Filter>
    </ClCompile>
    <ClCompile Include="C:\Users\Igor\OneDrive\Documents\dbhandler_app\freetds\src\utils\path.c">
      <Filter>Source Files</Filter>
    </ClCompile>
    <ClCompile Include="C:\Users\Igor\OneDrive\Documents\dbhandler_app\freetds\src\utils\md5.c">
      <Filter>Source Files</Filter>
    </ClCompile>
  </ItemGroup>
  <ItemGroup>
    <CustomBuild Include="C:\Users\Igor\OneDrive\Documents\dbhandler_app\freetds\src\utils\CMakeLists.txt" />
  </ItemGroup>
  <ItemGroup>
    <Filter Include="Source Files">
      <UniqueIdentifier>{7D068009-A477-35E9-90F9-8648504E8CD5}</UniqueIdentifier>
    </Filter>
  </ItemGroup>
</Project>
