// !$*UTF8*$!
{
	archiveVersion = 1;
	classes = {
	};
	objectVersion = 50;
	objects = {

/* Begin PBXBuildFile section */
		E322AACD2B3871D700ECD88D /* liblibhelpers.a in Frameworks */ = {isa = PBXBuildFile; fileRef = E322AACC2B3871D700ECD88D /* liblibhelpers.a */; };
		E3B8E3B524E2EAED00346516 /* propertieshandler.cpp in Sources */ = {isa = PBXBuildFile; fileRef = E3B8E3B324E2EAEC00346516 /* propertieshandler.cpp */; };
		E3B8E3B624E2EAED00346516 /* propertieshandler.h in Headers */ = {isa = PBXBuildFile; fileRef = E3B8E3B424E2EAEC00346516 /* propertieshandler.h */; };
		E3B8E3BB24E2FB9C00346516 /* liblibpropertypages.dylib in Frameworks */ = {isa = PBXBuildFile; fileRef = E3B8E3BA24E2FB9C00346516 /* liblibpropertypages.dylib */; };
		E3B8E3C424EC50A400346516 /* fieldpropertieshandler.cpp in Sources */ = {isa = PBXBuildFile; fileRef = E3B8E3C124EC50A300346516 /* fieldpropertieshandler.cpp */; };
		E3B8E3C524EC50A400346516 /* fieldpropertieshandler.h in Headers */ = {isa = PBXBuildFile; fileRef = E3B8E3C224EC50A400346516 /* fieldpropertieshandler.h */; };
		E3B8E3C624EC50A400346516 /* propertieshandlerbase.h in Headers */ = {isa = PBXBuildFile; fileRef = E3B8E3C324EC50A400346516 /* propertieshandlerbase.h */; };
		E3B8E3D72515284200346516 /* designpropertieshandler.cpp in Sources */ = {isa = PBXBuildFile; fileRef = E3B8E3D52515284200346516 /* designpropertieshandler.cpp */; };
		E3B8E3D82515284200346516 /* designpropertieshandler.h in Headers */ = {isa = PBXBuildFile; fileRef = E3B8E3D62515284200346516 /* designpropertieshandler.h */; };
		E3B8E3E02518E71400346516 /* dividerpropertieshandler.h in Headers */ = {isa = PBXBuildFile; fileRef = E3B8E3DE2518E71300346516 /* dividerpropertieshandler.h */; };
		E3B8E3E2251E349600346516 /* dividerpropertieshandler.cpp in Sources */ = {isa = PBXBuildFile; fileRef = E3B8E3E1251E349600346516 /* dividerpropertieshandler.cpp */; };
/* End PBXBuildFile section */

/* Begin PBXFileReference section */
		E322AACC2B3871D700ECD88D /* liblibhelpers.a */ = {isa = PBXFileReference; explicitFileType = archive.ar; path = liblibhelpers.a; sourceTree = BUILT_PRODUCTS_DIR; };
		E3B8E39424E2821600346516 /* liblibpropertieshandlers.dylib */ = {isa = PBXFileReference; explicitFileType = "compiled.mach-o.dylib"; includeInIndex = 0; path = liblibpropertieshandlers.dylib; sourceTree = BUILT_PRODUCTS_DIR; };
		E3B8E3B324E2EAEC00346516 /* propertieshandler.cpp */ = {isa = PBXFileReference; fileEncoding = 4; lastKnownFileType = sourcecode.cpp.cpp; path = propertieshandler.cpp; sourceTree = SOURCE_ROOT; };
		E3B8E3B424E2EAEC00346516 /* propertieshandler.h */ = {isa = PBXFileReference; fileEncoding = 4; lastKnownFileType = sourcecode.c.h; path = propertieshandler.h; sourceTree = SOURCE_ROOT; };
		E3B8E3BA24E2FB9C00346516 /* liblibpropertypages.dylib */ = {isa = PBXFileReference; explicitFileType = "compiled.mach-o.dylib"; path = liblibpropertypages.dylib; sourceTree = BUILT_PRODUCTS_DIR; };
		E3B8E3C124EC50A300346516 /* fieldpropertieshandler.cpp */ = {isa = PBXFileReference; fileEncoding = 4; lastKnownFileType = sourcecode.cpp.cpp; path = fieldpropertieshandler.cpp; sourceTree = SOURCE_ROOT; };
		E3B8E3C224EC50A400346516 /* fieldpropertieshandler.h */ = {isa = PBXFileReference; fileEncoding = 4; lastKnownFileType = sourcecode.c.h; path = fieldpropertieshandler.h; sourceTree = SOURCE_ROOT; };
		E3B8E3C324EC50A400346516 /* propertieshandlerbase.h */ = {isa = PBXFileReference; fileEncoding = 4; lastKnownFileType = sourcecode.c.h; path = propertieshandlerbase.h; sourceTree = SOURCE_ROOT; };
		E3B8E3D52515284200346516 /* designpropertieshandler.cpp */ = {isa = PBXFileReference; fileEncoding = 4; lastKnownFileType = sourcecode.cpp.cpp; path = designpropertieshandler.cpp; sourceTree = SOURCE_ROOT; };
		E3B8E3D62515284200346516 /* designpropertieshandler.h */ = {isa = PBXFileReference; fileEncoding = 4; lastKnownFileType = sourcecode.c.h; path = designpropertieshandler.h; sourceTree = SOURCE_ROOT; };
		E3B8E3DE2518E71300346516 /* dividerpropertieshandler.h */ = {isa = PBXFileReference; fileEncoding = 4; lastKnownFileType = sourcecode.c.h; path = dividerpropertieshandler.h; sourceTree = SOURCE_ROOT; };
		E3B8E3E1251E349600346516 /* dividerpropertieshandler.cpp */ = {isa = PBXFileReference; fileEncoding = 4; lastKnownFileType = sourcecode.cpp.cpp; path = dividerpropertieshandler.cpp; sourceTree = SOURCE_ROOT; };
/* End PBXFileReference section */

/* Begin PBXFrameworksBuildPhase section */
		E3B8E39124E2821600346516 /* Frameworks */ = {
			isa = PBXFrameworksBuildPhase;
			buildActionMask = 2147483647;
			files = (
				E322AACD2B3871D700ECD88D /* liblibhelpers.a in Frameworks */,
				E3B8E3BB24E2FB9C00346516 /* liblibpropertypages.dylib in Frameworks */,
			);
			runOnlyForDeploymentPostprocessing = 0;
		};
/* End PBXFrameworksBuildPhase section */

/* Begin PBXGroup section */
		E3B8E38B24E2821600346516 = {
			isa = PBXGroup;
			children = (
				E3B8E3B224E2832200346516 /* libpropertieshandlers */,
				E3B8E39524E2821600346516 /* Products */,
				E3B8E3B924E2FB9C00346516 /* Frameworks */,
			);
			sourceTree = "<group>";
		};
		E3B8E39524E2821600346516 /* Products */ = {
			isa = PBXGroup;
			children = (
				E3B8E39424E2821600346516 /* liblibpropertieshandlers.dylib */,
			);
			name = Products;
			sourceTree = "<group>";
		};
		E3B8E3B224E2832200346516 /* libpropertieshandlers */ = {
			isa = PBXGroup;
			children = (
				E3B8E3E1251E349600346516 /* dividerpropertieshandler.cpp */,
				E3B8E3DE2518E71300346516 /* dividerpropertieshandler.h */,
				E3B8E3D52515284200346516 /* designpropertieshandler.cpp */,
				E3B8E3D62515284200346516 /* designpropertieshandler.h */,
				E3B8E3C124EC50A300346516 /* fieldpropertieshandler.cpp */,
				E3B8E3C224EC50A400346516 /* fieldpropertieshandler.h */,
				E3B8E3C324EC50A400346516 /* propertieshandlerbase.h */,
				E3B8E3B324E2EAEC00346516 /* propertieshandler.cpp */,
				E3B8E3B424E2EAEC00346516 /* propertieshandler.h */,
			);
			path = libpropertieshandlers;
			sourceTree = "<group>";
		};
		E3B8E3B924E2FB9C00346516 /* Frameworks */ = {
			isa = PBXGroup;
			children = (
				E322AACC2B3871D700ECD88D /* liblibhelpers.a */,
				E3B8E3BA24E2FB9C00346516 /* liblibpropertypages.dylib */,
			);
			name = Frameworks;
			sourceTree = "<group>";
		};
/* End PBXGroup section */

/* Begin PBXHeadersBuildPhase section */
		E3B8E39224E2821600346516 /* Headers */ = {
			isa = PBXHeadersBuildPhase;
			buildActionMask = 2147483647;
			files = (
				E3B8E3D82515284200346516 /* designpropertieshandler.h in Headers */,
				E3B8E3B624E2EAED00346516 /* propertieshandler.h in Headers */,
				E3B8E3C624EC50A400346516 /* propertieshandlerbase.h in Headers */,
				E3B8E3C524EC50A400346516 /* fieldpropertieshandler.h in Headers */,
				E3B8E3E02518E71400346516 /* dividerpropertieshandler.h in Headers */,
			);
			runOnlyForDeploymentPostprocessing = 0;
		};
/* End PBXHeadersBuildPhase section */

/* Begin PBXNativeTarget section */
		E3B8E39324E2821600346516 /* libpropertieshandlers */ = {
			isa = PBXNativeTarget;
			buildConfigurationList = E3B8E39824E2821600346516 /* Build configuration list for PBXNativeTarget "libpropertieshandlers" */;
			buildPhases = (
				E3B8E39024E2821600346516 /* Sources */,
				E3B8E39124E2821600346516 /* Frameworks */,
				E3B8E39224E2821600346516 /* Headers */,
			);
			buildRules = (
			);
			dependencies = (
			);
			name = libpropertieshandlers;
			productName = libpropertieshandlers;
			productReference = E3B8E39424E2821600346516 /* liblibpropertieshandlers.dylib */;
			productType = "com.apple.product-type.library.dynamic";
		};
/* End PBXNativeTarget section */

/* Begin PBXProject section */
		E3B8E38C24E2821600346516 /* Project object */ = {
			isa = PBXProject;
			attributes = {
				LastUpgradeCheck = 0940;
				ORGANIZATIONNAME = "Igor Korot";
				TargetAttributes = {
					E3B8E39324E2821600346516 = {
						CreatedOnToolsVersion = 9.4.1;
					};
				};
			};
			buildConfigurationList = E3B8E38F24E2821600346516 /* Build configuration list for PBXProject "libpropertieshandlers" */;
			compatibilityVersion = "Xcode 9.3";
			developmentRegion = en;
			hasScannedForEncodings = 0;
			knownRegions = (
				en,
			);
			mainGroup = E3B8E38B24E2821600346516;
			productRefGroup = E3B8E39524E2821600346516 /* Products */;
			projectDirPath = "";
			projectRoot = "";
			targets = (
				E3B8E39324E2821600346516 /* libpropertieshandlers */,
			);
		};
/* End PBXProject section */

/* Begin PBXSourcesBuildPhase section */
		E3B8E39024E2821600346516 /* Sources */ = {
			isa = PBXSourcesBuildPhase;
			buildActionMask = 2147483647;
			files = (
				E3B8E3E2251E349600346516 /* dividerpropertieshandler.cpp in Sources */,
				E3B8E3C424EC50A400346516 /* fieldpropertieshandler.cpp in Sources */,
				E3B8E3B524E2EAED00346516 /* propertieshandler.cpp in Sources */,
				E3B8E3D72515284200346516 /* designpropertieshandler.cpp in Sources */,
			);
			runOnlyForDeploymentPostprocessing = 0;
		};
/* End PBXSourcesBuildPhase section */

/* Begin XCBuildConfiguration section */
		E3B8E39624E2821600346516 /* Debug */ = {
			isa = XCBuildConfiguration;
			buildSettings = {
				ALWAYS_SEARCH_USER_PATHS = NO;
				CLANG_ANALYZER_NONNULL = YES;
				CLANG_ANALYZER_NUMBER_OBJECT_CONVERSION = YES_AGGRESSIVE;
				CLANG_CXX_LANGUAGE_STANDARD = "gnu++14";
				CLANG_CXX_LIBRARY = "libc++";
				CLANG_ENABLE_MODULES = YES;
				CLANG_ENABLE_OBJC_ARC = YES;
				CLANG_ENABLE_OBJC_WEAK = YES;
				CLANG_WARN_BLOCK_CAPTURE_AUTORELEASING = YES;
				CLANG_WARN_BOOL_CONVERSION = YES;
				CLANG_WARN_COMMA = YES;
				CLANG_WARN_CONSTANT_CONVERSION = YES;
				CLANG_WARN_DEPRECATED_OBJC_IMPLEMENTATIONS = YES;
				CLANG_WARN_DIRECT_OBJC_ISA_USAGE = YES_ERROR;
				CLANG_WARN_DOCUMENTATION_COMMENTS = YES;
				CLANG_WARN_EMPTY_BODY = YES;
				CLANG_WARN_ENUM_CONVERSION = YES;
				CLANG_WARN_INFINITE_RECURSION = YES;
				CLANG_WARN_INT_CONVERSION = YES;
				CLANG_WARN_NON_LITERAL_NULL_CONVERSION = YES;
				CLANG_WARN_OBJC_IMPLICIT_RETAIN_SELF = YES;
				CLANG_WARN_OBJC_LITERAL_CONVERSION = YES;
				CLANG_WARN_OBJC_ROOT_CLASS = YES_ERROR;
				CLANG_WARN_RANGE_LOOP_ANALYSIS = YES;
				CLANG_WARN_STRICT_PROTOTYPES = YES;
				CLANG_WARN_SUSPICIOUS_MOVE = YES;
				CLANG_WARN_UNGUARDED_AVAILABILITY = YES_AGGRESSIVE;
				CLANG_WARN_UNREACHABLE_CODE = YES;
				CLANG_WARN__DUPLICATE_METHOD_MATCH = YES;
				CODE_SIGN_IDENTITY = "-";
				COPY_PHASE_STRIP = NO;
				DEBUG_INFORMATION_FORMAT = dwarf;
				ENABLE_STRICT_OBJC_MSGSEND = YES;
				ENABLE_TESTABILITY = YES;
				GCC_C_LANGUAGE_STANDARD = gnu11;
				GCC_DYNAMIC_NO_PIC = NO;
				GCC_NO_COMMON_BLOCKS = YES;
				GCC_OPTIMIZATION_LEVEL = 0;
				GCC_PREPROCESSOR_DEFINITIONS = (
					"DEBUG=1",
					"$(inherited)",
				);
				GCC_WARN_64_TO_32_BIT_CONVERSION = YES;
				GCC_WARN_ABOUT_RETURN_TYPE = YES_ERROR;
				GCC_WARN_UNDECLARED_SELECTOR = YES;
				GCC_WARN_UNINITIALIZED_AUTOS = YES_AGGRESSIVE;
				GCC_WARN_UNUSED_FUNCTION = YES;
				GCC_WARN_UNUSED_VARIABLE = YES;
				MACOSX_DEPLOYMENT_TARGET = 10.13;
				MTL_ENABLE_DEBUG_INFO = YES;
				ONLY_ACTIVE_ARCH = YES;
				SDKROOT = macosx;
			};
			name = Debug;
		};
		E3B8E39724E2821600346516 /* Release */ = {
			isa = XCBuildConfiguration;
			buildSettings = {
				ALWAYS_SEARCH_USER_PATHS = NO;
				CLANG_ANALYZER_NONNULL = YES;
				CLANG_ANALYZER_NUMBER_OBJECT_CONVERSION = YES_AGGRESSIVE;
				CLANG_CXX_LANGUAGE_STANDARD = "gnu++14";
				CLANG_CXX_LIBRARY = "libc++";
				CLANG_ENABLE_MODULES = YES;
				CLANG_ENABLE_OBJC_ARC = YES;
				CLANG_ENABLE_OBJC_WEAK = YES;
				CLANG_WARN_BLOCK_CAPTURE_AUTORELEASING = YES;
				CLANG_WARN_BOOL_CONVERSION = YES;
				CLANG_WARN_COMMA = YES;
				CLANG_WARN_CONSTANT_CONVERSION = YES;
				CLANG_WARN_DEPRECATED_OBJC_IMPLEMENTATIONS = YES;
				CLANG_WARN_DIRECT_OBJC_ISA_USAGE = YES_ERROR;
				CLANG_WARN_DOCUMENTATION_COMMENTS = YES;
				CLANG_WARN_EMPTY_BODY = YES;
				CLANG_WARN_ENUM_CONVERSION = YES;
				CLANG_WARN_INFINITE_RECURSION = YES;
				CLANG_WARN_INT_CONVERSION = YES;
				CLANG_WARN_NON_LITERAL_NULL_CONVERSION = YES;
				CLANG_WARN_OBJC_IMPLICIT_RETAIN_SELF = YES;
				CLANG_WARN_OBJC_LITERAL_CONVERSION = YES;
				CLANG_WARN_OBJC_ROOT_CLASS = YES_ERROR;
				CLANG_WARN_RANGE_LOOP_ANALYSIS = YES;
				CLANG_WARN_STRICT_PROTOTYPES = YES;
				CLANG_WARN_SUSPICIOUS_MOVE = YES;
				CLANG_WARN_UNGUARDED_AVAILABILITY = YES_AGGRESSIVE;
				CLANG_WARN_UNREACHABLE_CODE = YES;
				CLANG_WARN__DUPLICATE_METHOD_MATCH = YES;
				CODE_SIGN_IDENTITY = "-";
				COPY_PHASE_STRIP = NO;
				DEBUG_INFORMATION_FORMAT = "dwarf-with-dsym";
				ENABLE_NS_ASSERTIONS = NO;
				ENABLE_STRICT_OBJC_MSGSEND = YES;
				GCC_C_LANGUAGE_STANDARD = gnu11;
				GCC_NO_COMMON_BLOCKS = YES;
				GCC_WARN_64_TO_32_BIT_CONVERSION = YES;
				GCC_WARN_ABOUT_RETURN_TYPE = YES_ERROR;
				GCC_WARN_UNDECLARED_SELECTOR = YES;
				GCC_WARN_UNINITIALIZED_AUTOS = YES_AGGRESSIVE;
				GCC_WARN_UNUSED_FUNCTION = YES;
				GCC_WARN_UNUSED_VARIABLE = YES;
				MACOSX_DEPLOYMENT_TARGET = 10.13;
				MTL_ENABLE_DEBUG_INFO = NO;
				SDKROOT = macosx;
			};
			name = Release;
		};
		E3B8E39924E2821600346516 /* Debug */ = {
			isa = XCBuildConfiguration;
			buildSettings = {
				CLANG_CXX_LANGUAGE_STANDARD = "c++0x";
				CLANG_WARN_DOCUMENTATION_COMMENTS = NO;
				CODE_SIGN_STYLE = Automatic;
				DYLIB_COMPATIBILITY_VERSION = 1;
				DYLIB_CURRENT_VERSION = 1;
				EXECUTABLE_PREFIX = lib;
				GCC_PREPROCESSOR_DEFINITIONS = (
					"DEBUG=1",
					"$(inherited)",
					"_FILE_OFFSET_BITS=64",
					WXUSINGDLL,
					__WXMAC__,
					__WXOSX__,
					__WXOSX_COCOA__,
				);
				HEADER_SEARCH_PATHS = (
					"/Users/igorkorot/wxWidgets/buildC11/lib/wx/include/osx_cocoa-unicode-3.2",
					/Users/igorkorot/wxWidgets/include,
					../dbinterface,
					../libpropertypages,
					../libshapeframework,
					../libfieldswindow,
					../libhelpers,
				);
				"HEADER_SEARCH_PATHS[arch=*]" = (
					"/Users/igorkorot/wxWidgets/buildC11/lib/wx/include/osx_cocoa-unicode-3.2",
					/Users/igorkorot/wxWidgets/include,
					../dbinterface,
					../libpropertypages,
					../libshapeframework,
					../libfieldswindow,
					../libdbwindow,
				);
				LIBRARY_SEARCH_PATHS = "";
				OTHER_LDFLAGS = (
					"-L/Users/igorkorot/wxWidgets/buildC11/lib",
					"-framework",
					IOKit,
					"-framework",
					Carbon,
					"-framework",
					Cocoa,
					"-framework",
					AudioToolbox,
					"-framework",
					System,
					"-framework",
					OpenGL,
					"-pthread",
					"-lwx_osx_cocoau_xrc-3.2",
					"-lwx_osx_cocoau_html-3.2",
					"-lwx_osx_cocoau_qa-3.2",
					"-lwx_osx_cocoau_core-3.2",
					"-lwx_baseu_xml-3.2",
					"-lwx_baseu_net-3.2",
					"-lwx_baseu-3.2",
				);
				PRODUCT_NAME = "$(TARGET_NAME)";
				SKIP_INSTALL = YES;
			};
			name = Debug;
		};
		E3B8E39A24E2821600346516 /* Release */ = {
			isa = XCBuildConfiguration;
			buildSettings = {
				CLANG_CXX_LANGUAGE_STANDARD = "c++0x";
				CLANG_WARN_DOCUMENTATION_COMMENTS = NO;
				CODE_SIGN_STYLE = Automatic;
				DYLIB_COMPATIBILITY_VERSION = 1;
				DYLIB_CURRENT_VERSION = 1;
				EXECUTABLE_PREFIX = lib;
				GCC_SYMBOLS_PRIVATE_EXTERN = YES;
				PRODUCT_NAME = "$(TARGET_NAME)";
				SKIP_INSTALL = YES;
			};
			name = Release;
		};
/* End XCBuildConfiguration section */

/* Begin XCConfigurationList section */
		E3B8E38F24E2821600346516 /* Build configuration list for PBXProject "libpropertieshandlers" */ = {
			isa = XCConfigurationList;
			buildConfigurations = (
				E3B8E39624E2821600346516 /* Debug */,
				E3B8E39724E2821600346516 /* Release */,
			);
			defaultConfigurationIsVisible = 0;
			defaultConfigurationName = Release;
		};
		E3B8E39824E2821600346516 /* Build configuration list for PBXNativeTarget "libpropertieshandlers" */ = {
			isa = XCConfigurationList;
			buildConfigurations = (
				E3B8E39924E2821600346516 /* Debug */,
				E3B8E39A24E2821600346516 /* Release */,
			);
			defaultConfigurationIsVisible = 0;
			defaultConfigurationName = Release;
		};
/* End XCConfigurationList section */
	};
	rootObject = E3B8E38C24E2821600346516 /* Project object */;
}
