<?xml version="1.0" encoding="utf-8"?>
<Project ToolsVersion="4.0" xmlns="http://schemas.microsoft.com/developer/msbuild/2003">
  <ItemGroup>
    <ClCompile Include="bandgeneral.cpp" />
    <ClCompile Include="databasefielddisplay.cpp" />
    <ClCompile Include="databaseoptiongeneral.cpp" />
    <ClCompile Include="designfieldgeneral.cpp" />
    <ClCompile Include="designgeneral.cpp" />
    <ClCompile Include="designlabelgeneral.cpp" />
    <ClCompile Include="fieldgeneral.cpp" />
    <ClCompile Include="fieldheader.cpp" />
    <ClCompile Include="fontpropertypagebase.cpp" />
    <ClCompile Include="msw\fontpropertypage.cpp" />
    <ClCompile Include="pointerproperty.cpp" />
    <ClCompile Include="printspec.cpp" />
    <ClCompile Include="propertypages.cpp" />
    <ClCompile Include="sortgroupbypage.cpp" />
    <ClCompile Include="syntaxproppage.cpp" />
    <ClCompile Include="tablegeneral.cpp" />
    <ClCompile Include="tableprimarykey.cpp" />
    <ClCompile Include="wherehavingpage.cpp" />
    <ClCompile Include="databaseoptioncolours.cpp" />
    <ClCompile Include="libraryobjectpropertypage.cpp" />
    <ClCompile Include="librarypainteroptionsgeneral.cpp" />
    <ClCompile Include="librarypainteroptionsinclude.cpp" />
    <ClCompile Include="librarypainteroptionsmgmt.cpp" />
    <ClCompile Include="fieldstyles.cpp" />
  </ItemGroup>
  <ItemGroup>
    <ClInclude Include="bandgeneral.h" />
    <ClInclude Include="databasefielddisplay.h" />
    <ClInclude Include="databaseoptioncolours.h" />
    <ClInclude Include="databaseoptionsgeneral.h" />
    <ClInclude Include="designfieldgeneral.h" />
    <ClInclude Include="designgeneral.h" />
    <ClInclude Include="designlabelgeneral.h" />
    <ClInclude Include="fieldgeneral.h" />
    <ClInclude Include="fieldheader.h" />
    <ClInclude Include="fontpropertypagebase.h" />
    <ClInclude Include="msw\fontpropertypage.h" />
    <ClInclude Include="pointerproperty.h" />
    <ClInclude Include="printspec.h" />
    <ClInclude Include="propertypagebase.h" />
    <ClInclude Include="resource.h" />
    <ClInclude Include="sortgroupbypage.h" />
    <ClInclude Include="syntaxproppage.h" />
    <ClInclude Include="tablegeneral.h" />
    <ClInclude Include="tableprimarykey.h" />
    <ClInclude Include="wherehavingpage.h" />
    <ClInclude Include="libraryobjectpropertypage.h" />
    <ClInclude Include="librarypainteroptionsgeneral.h" />
    <ClInclude Include="librarypainteroptionsinclude.h" />
    <ClInclude Include="librarypainteroptionsmgmt.h" />
    <ClInclude Include="fieldstyles.h" />
  </ItemGroup>
  <ItemGroup>
    <ResourceCompile Include="propertypages.rc" />
  </ItemGroup>
</Project>