<?xml version="1.0" encoding="utf-8"?>
<Project ToolsVersion="4.0" xmlns="http://schemas.microsoft.com/developer/msbuild/2003">
  <ItemGroup>
    <Filter Include="Source Files">
      <UniqueIdentifier>{4FC737F1-C7A5-4376-A066-2A32D752A2FF}</UniqueIdentifier>
      <Extensions>cpp;c;cc;cxx;def;odl;idl;hpj;bat;asm;asmx</Extensions>
    </Filter>
    <Filter Include="Header Files">
      <UniqueIdentifier>{22ed181d-cf8e-4031-9b52-8cb3e8b4346b}</UniqueIdentifier>
    </Filter>
  </ItemGroup>
  <ItemGroup>
    <ClInclude Include="propertieshandler.h">
      <Filter>Header Files</Filter>
    </ClInclude>
    <ClInclude Include="fieldpropertieshandler.h">
      <Filter>Header Files</Filter>
    </ClInclude>
    <ClInclude Include="propertieshandlerbase.h">
      <Filter>Header Files</Filter>
    </ClInclude>
    <ClInclude Include="designpropertieshandler.h">
      <Filter>Header Files</Filter>
    </ClInclude>
    <ClInclude Include="dividerpropertieshandler.h">
      <Filter>Header Files</Filter>
    </ClInclude>
    <ClInclude Include="labelpropertieshandler.h">
      <Filter>Header Files</Filter>
    </ClInclude>
  </ItemGroup>
  <ItemGroup>
    <ClCompile Include="propertieshandler.cpp">
      <Filter>Source Files</Filter>
    </ClCompile>
    <ClCompile Include="fieldpropertieshandler.cpp">
      <Filter>Source Files</Filter>
    </ClCompile>
    <ClCompile Include="designpropertieshandler.cpp">
      <Filter>Source Files</Filter>
    </ClCompile>
    <ClCompile Include="dividerpropertieshandler.cpp">
      <Filter>Source Files</Filter>
    </ClCompile>
    <ClCompile Include="labelpropertieshandler.cpp">
      <Filter>Source Files</Filter>
    </ClCompile>
  </ItemGroup>
</Project>